{
  "version": 4,
  "terraform_version": "1.6.6",
  "serial": 988,
  "lineage": "42629546-5e3f-5727-15e1-11531dce8760",
  "outputs": {},
  "resources": [
    {
      "mode": "data",
      "type": "aws_availability_zones",
      "name": "available",
      "provider": "provider[\"registry.terraform.io/hashicorp/aws\"]",
      "instances": [
        {
          "schema_version": 0,
          "attributes": {
            "all_availability_zones": null,
            "exclude_names": null,
            "exclude_zone_ids": null,
            "filter": null,
            "group_names": [
              "eu-west-3"
            ],
            "id": "eu-west-3",
            "names": [
              "eu-west-3a",
              "eu-west-3b",
              "eu-west-3c"
            ],
            "state": null,
            "timeouts": null,
            "zone_ids": [
              "euw3-az1",
              "euw3-az2",
              "euw3-az3"
            ]
          },
          "sensitive_attributes": []
        }
      ]
    },
    {
      "mode": "managed",
      "type": "aws_service_discovery_http_namespace",
      "name": "this",
      "provider": "provider[\"registry.terraform.io/hashicorp/aws\"]",
      "instances": [
        {
          "schema_version": 0,
          "attributes": {
            "arn": "arn:aws:servicediscovery:eu-west-3:337671252064:namespace/ns-ilsb6gsewgahzdp4",
            "description": "CloudMap namespace for test",
            "http_name": "test",
            "id": "ns-ilsb6gsewgahzdp4",
            "name": "test",
            "tags": {
              "Example": "test",
              "Name": "test",
              "Repository": "337671252064.dkr.ecr.eu-west-3.amazonaws.com/central-service:latest"
            },
            "tags_all": {
              "Example": "test",
              "Name": "test",
              "Repository": "337671252064.dkr.ecr.eu-west-3.amazonaws.com/central-service:latest"
            }
          },
          "sensitive_attributes": [],
          "private": "bnVsbA==",
          "create_before_destroy": true
        }
      ]
    },
    {
      "module": "module.alb",
      "mode": "data",
      "type": "aws_partition",
      "name": "current",
      "provider": "provider[\"registry.terraform.io/hashicorp/aws\"]",
      "instances": [
        {
          "schema_version": 0,
          "attributes": {
            "dns_suffix": "amazonaws.com",
            "id": "aws",
            "partition": "aws",
            "reverse_dns_prefix": "com.amazonaws"
          },
          "sensitive_attributes": []
        }
      ]
    },
    {
      "module": "module.alb",
      "mode": "managed",
      "type": "aws_lb",
      "name": "this",
      "provider": "provider[\"registry.terraform.io/hashicorp/aws\"]",
      "instances": [
        {
          "index_key": 0,
          "schema_version": 0,
          "attributes": {
            "access_logs": [
              {
                "bucket": "",
                "enabled": false,
                "prefix": ""
              }
            ],
            "arn": "arn:aws:elasticloadbalancing:eu-west-3:337671252064:loadbalancer/app/test/d0708a024c2ecbf0",
            "arn_suffix": "app/test/d0708a024c2ecbf0",
            "connection_logs": [
              {
                "bucket": "",
                "enabled": false,
                "prefix": ""
              }
            ],
            "customer_owned_ipv4_pool": "",
            "desync_mitigation_mode": "defensive",
            "dns_name": "test-1171043513.eu-west-3.elb.amazonaws.com",
            "dns_record_client_routing_policy": null,
            "drop_invalid_header_fields": true,
            "enable_cross_zone_load_balancing": true,
            "enable_deletion_protection": false,
            "enable_http2": true,
            "enable_tls_version_and_cipher_suite_headers": false,
            "enable_waf_fail_open": false,
            "enable_xff_client_port": false,
            "enforce_security_group_inbound_rules_on_private_link_traffic": "",
            "id": "arn:aws:elasticloadbalancing:eu-west-3:337671252064:loadbalancer/app/test/d0708a024c2ecbf0",
            "idle_timeout": 60,
            "internal": false,
            "ip_address_type": "ipv4",
            "load_balancer_type": "application",
            "name": "test",
            "name_prefix": "",
            "preserve_host_header": false,
            "security_groups": [
              "sg-0c8e5f9d6148bd3fd"
            ],
            "subnet_mapping": [
              {
                "allocation_id": "",
                "ipv6_address": "",
                "outpost_id": "",
                "private_ipv4_address": "",
                "subnet_id": "subnet-04fa3044522cea927"
              },
              {
                "allocation_id": "",
                "ipv6_address": "",
                "outpost_id": "",
                "private_ipv4_address": "",
                "subnet_id": "subnet-09edf0c272b115ce6"
              },
              {
                "allocation_id": "",
                "ipv6_address": "",
                "outpost_id": "",
                "private_ipv4_address": "",
                "subnet_id": "subnet-0a513f6a38ffc9213"
              }
            ],
            "subnets": [
              "subnet-04fa3044522cea927",
              "subnet-09edf0c272b115ce6",
              "subnet-0a513f6a38ffc9213"
            ],
            "tags": {
              "Example": "test",
              "Name": "test",
              "Repository": "337671252064.dkr.ecr.eu-west-3.amazonaws.com/central-service:latest",
              "terraform-aws-modules": "alb"
            },
            "tags_all": {
              "Example": "test",
              "Name": "test",
              "Repository": "337671252064.dkr.ecr.eu-west-3.amazonaws.com/central-service:latest",
              "terraform-aws-modules": "alb"
            },
            "timeouts": {
              "create": null,
              "delete": null,
              "update": null
            },
            "vpc_id": "vpc-0010d4896602f5ae9",
            "xff_header_processing_mode": "append",
            "zone_id": "Z3Q77PNBQS71R4"
          },
          "sensitive_attributes": [],
          "private": "eyJlMmJmYjczMC1lY2FhLTExZTYtOGY4OC0zNDM2M2JjN2M0YzAiOnsiY3JlYXRlIjo2MDAwMDAwMDAwMDAsImRlbGV0ZSI6NjAwMDAwMDAwMDAwLCJ1cGRhdGUiOjYwMDAwMDAwMDAwMH19",
          "dependencies": [
            "data.aws_availability_zones.available",
            "module.alb.aws_security_group.this",
            "module.vpc.aws_subnet.public",
            "module.vpc.aws_vpc.this",
            "module.vpc.aws_vpc_ipv4_cidr_block_association.this"
          ]
        }
      ]
    },
    {
      "module": "module.alb",
      "mode": "managed",
      "type": "aws_lb_listener",
      "name": "this",
      "provider": "provider[\"registry.terraform.io/hashicorp/aws\"]",
      "instances": [
        {
          "index_key": "ex_http",
          "schema_version": 0,
          "attributes": {
            "alpn_policy": null,
            "arn": "arn:aws:elasticloadbalancing:eu-west-3:337671252064:listener/app/test/d0708a024c2ecbf0/e4d2f2b0b8917e91",
            "certificate_arn": null,
            "default_action": [
              {
                "authenticate_cognito": [],
                "authenticate_oidc": [],
                "fixed_response": [],
                "forward": [],
                "order": 1,
                "redirect": [],
                "target_group_arn": "arn:aws:elasticloadbalancing:eu-west-3:337671252064:targetgroup/tf-20240214124430074100000005/0d5de036f72cd677",
                "type": "forward"
              }
            ],
            "id": "arn:aws:elasticloadbalancing:eu-west-3:337671252064:listener/app/test/d0708a024c2ecbf0/e4d2f2b0b8917e91",
            "load_balancer_arn": "arn:aws:elasticloadbalancing:eu-west-3:337671252064:loadbalancer/app/test/d0708a024c2ecbf0",
            "mutual_authentication": [],
            "port": 80,
            "protocol": "HTTP",
            "ssl_policy": "",
            "tags": {
              "Example": "test",
              "Name": "test",
              "Repository": "337671252064.dkr.ecr.eu-west-3.amazonaws.com/central-service:latest",
              "terraform-aws-modules": "alb"
            },
            "tags_all": {
              "Example": "test",
              "Name": "test",
              "Repository": "337671252064.dkr.ecr.eu-west-3.amazonaws.com/central-service:latest",
              "terraform-aws-modules": "alb"
            },
            "timeouts": null
          },
          "sensitive_attributes": [],
          "private": "eyJlMmJmYjczMC1lY2FhLTExZTYtOGY4OC0zNDM2M2JjN2M0YzAiOnsiY3JlYXRlIjozMDAwMDAwMDAwMDAsInVwZGF0ZSI6MzAwMDAwMDAwMDAwfX0=",
          "dependencies": [
            "data.aws_availability_zones.available",
            "module.alb.aws_lb.this",
            "module.alb.aws_lb_target_group.this",
            "module.alb.aws_security_group.this",
            "module.vpc.aws_subnet.public",
            "module.vpc.aws_vpc.this",
            "module.vpc.aws_vpc_ipv4_cidr_block_association.this"
          ]
        }
      ]
    },
    {
      "module": "module.alb",
      "mode": "managed",
      "type": "aws_lb_target_group",
      "name": "this",
      "provider": "provider[\"registry.terraform.io/hashicorp/aws\"]",
      "instances": [
        {
          "index_key": "frontend_ecs",
          "schema_version": 0,
          "attributes": {
            "arn": "arn:aws:elasticloadbalancing:eu-west-3:337671252064:targetgroup/tf-20240214124430074100000005/0d5de036f72cd677",
            "arn_suffix": "targetgroup/tf-20240214124430074100000005/0d5de036f72cd677",
            "connection_termination": null,
            "deregistration_delay": "5",
            "health_check": [
              {
                "enabled": true,
                "healthy_threshold": 5,
                "interval": 30,
                "matcher": "200",
                "path": "/",
                "port": "traffic-port",
                "protocol": "HTTP",
                "timeout": 5,
                "unhealthy_threshold": 2
              }
            ],
            "id": "arn:aws:elasticloadbalancing:eu-west-3:337671252064:targetgroup/tf-20240214124430074100000005/0d5de036f72cd677",
            "ip_address_type": "ipv4",
            "lambda_multi_value_headers_enabled": false,
            "load_balancing_algorithm_type": "round_robin",
            "load_balancing_anomaly_mitigation": "off",
            "load_balancing_cross_zone_enabled": "true",
            "name": "tf-20240214124430074100000005",
            "name_prefix": "tf-",
            "port": 80,
            "preserve_client_ip": null,
            "protocol": "HTTP",
            "protocol_version": "HTTP1",
            "proxy_protocol_v2": false,
            "slow_start": 0,
            "stickiness": [
              {
                "cookie_duration": 86400,
                "cookie_name": "",
                "enabled": false,
                "type": "lb_cookie"
              }
            ],
            "tags": {
              "Example": "test",
              "Name": "test",
              "Repository": "337671252064.dkr.ecr.eu-west-3.amazonaws.com/central-service:latest",
              "terraform-aws-modules": "alb"
            },
            "tags_all": {
              "Example": "test",
              "Name": "test",
              "Repository": "337671252064.dkr.ecr.eu-west-3.amazonaws.com/central-service:latest",
              "terraform-aws-modules": "alb"
            },
            "target_failover": [
              {
                "on_deregistration": null,
                "on_unhealthy": null
              }
            ],
            "target_health_state": [
              {
                "enable_unhealthy_connection_termination": null
              }
            ],
            "target_type": "ip",
            "vpc_id": "vpc-0010d4896602f5ae9"
          },
          "sensitive_attributes": [],
          "private": "bnVsbA==",
          "dependencies": [
            "module.vpc.aws_vpc.this"
          ],
          "create_before_destroy": true
        }
      ]
    },
    {
      "module": "module.alb",
      "mode": "managed",
      "type": "aws_security_group",
      "name": "this",
      "provider": "provider[\"registry.terraform.io/hashicorp/aws\"]",
      "instances": [
        {
          "index_key": 0,
          "schema_version": 1,
          "attributes": {
            "arn": "arn:aws:ec2:eu-west-3:337671252064:security-group/sg-0c8e5f9d6148bd3fd",
            "description": "Security group for test application load balancer",
            "egress": [],
            "id": "sg-0c8e5f9d6148bd3fd",
            "ingress": [],
            "name": "test-20240214124429959600000004",
            "name_prefix": "test-",
            "owner_id": "337671252064",
            "revoke_rules_on_delete": false,
            "tags": {
              "Example": "test",
              "Name": "test",
              "Repository": "337671252064.dkr.ecr.eu-west-3.amazonaws.com/central-service:latest",
              "terraform-aws-modules": "alb"
            },
            "tags_all": {
              "Example": "test",
              "Name": "test",
              "Repository": "337671252064.dkr.ecr.eu-west-3.amazonaws.com/central-service:latest",
              "terraform-aws-modules": "alb"
            },
            "timeouts": null,
            "vpc_id": "vpc-0010d4896602f5ae9"
          },
          "sensitive_attributes": [],
          "private": "eyJlMmJmYjczMC1lY2FhLTExZTYtOGY4OC0zNDM2M2JjN2M0YzAiOnsiY3JlYXRlIjo2MDAwMDAwMDAwMDAsImRlbGV0ZSI6OTAwMDAwMDAwMDAwfSwic2NoZW1hX3ZlcnNpb24iOiIxIn0=",
          "dependencies": [
            "module.vpc.aws_vpc.this"
          ],
          "create_before_destroy": true
        }
      ]
    },
    {
      "module": "module.alb",
      "mode": "managed",
      "type": "aws_vpc_security_group_egress_rule",
      "name": "this",
      "provider": "provider[\"registry.terraform.io/hashicorp/aws\"]",
      "instances": [
        {
          "index_key": "all",
          "schema_version": 0,
          "attributes": {
            "arn": "arn:aws:ec2:eu-west-3:337671252064:security-group-rule/sgr-095d514343c04edf8",
            "cidr_ipv4": "10.0.0.0/16",
            "cidr_ipv6": null,
            "description": null,
            "from_port": null,
            "id": "sgr-095d514343c04edf8",
            "ip_protocol": "-1",
            "prefix_list_id": null,
            "referenced_security_group_id": null,
            "security_group_id": "sg-0c8e5f9d6148bd3fd",
            "security_group_rule_id": "sgr-095d514343c04edf8",
            "tags": {
              "Example": "test",
              "Name": "test",
              "Repository": "337671252064.dkr.ecr.eu-west-3.amazonaws.com/central-service:latest",
              "terraform-aws-modules": "alb"
            },
            "tags_all": {
              "Example": "test",
              "Name": "test",
              "Repository": "337671252064.dkr.ecr.eu-west-3.amazonaws.com/central-service:latest",
              "terraform-aws-modules": "alb"
            },
            "to_port": null
          },
          "sensitive_attributes": [],
          "dependencies": [
            "module.alb.aws_security_group.this",
            "module.vpc.aws_vpc.this"
          ]
        }
      ]
    },
    {
      "module": "module.alb",
      "mode": "managed",
      "type": "aws_vpc_security_group_ingress_rule",
      "name": "this",
      "provider": "provider[\"registry.terraform.io/hashicorp/aws\"]",
      "instances": [
        {
          "index_key": "all_http",
          "schema_version": 0,
          "attributes": {
            "arn": "arn:aws:ec2:eu-west-3:337671252064:security-group-rule/sgr-02ac2da81381051e3",
            "cidr_ipv4": "0.0.0.0/0",
            "cidr_ipv6": null,
            "description": null,
            "from_port": 80,
            "id": "sgr-02ac2da81381051e3",
            "ip_protocol": "tcp",
            "prefix_list_id": null,
            "referenced_security_group_id": null,
            "security_group_id": "sg-0c8e5f9d6148bd3fd",
            "security_group_rule_id": "sgr-02ac2da81381051e3",
            "tags": {
              "Example": "test",
              "Name": "test",
              "Repository": "337671252064.dkr.ecr.eu-west-3.amazonaws.com/central-service:latest",
              "terraform-aws-modules": "alb"
            },
            "tags_all": {
              "Example": "test",
              "Name": "test",
              "Repository": "337671252064.dkr.ecr.eu-west-3.amazonaws.com/central-service:latest",
              "terraform-aws-modules": "alb"
            },
            "to_port": 80
          },
          "sensitive_attributes": [],
          "dependencies": [
            "module.alb.aws_security_group.this",
            "module.vpc.aws_vpc.this"
          ]
        }
      ]
    },
    {
      "module": "module.ecs.module.cluster",
      "mode": "managed",
      "type": "aws_cloudwatch_log_group",
      "name": "this",
      "provider": "provider[\"registry.terraform.io/hashicorp/aws\"]",
      "instances": [
        {
          "index_key": 0,
          "schema_version": 0,
          "attributes": {
            "arn": "arn:aws:logs:eu-west-3:337671252064:log-group:/aws/ecs/test",
            "id": "/aws/ecs/test",
            "kms_key_id": "",
            "log_group_class": "STANDARD",
            "name": "/aws/ecs/test",
            "name_prefix": "",
            "retention_in_days": 90,
            "skip_destroy": false,
            "tags": {
              "Example": "test",
              "Name": "test",
              "Repository": "337671252064.dkr.ecr.eu-west-3.amazonaws.com/central-service:latest"
            },
            "tags_all": {
              "Example": "test",
              "Name": "test",
              "Repository": "337671252064.dkr.ecr.eu-west-3.amazonaws.com/central-service:latest"
            }
          },
          "sensitive_attributes": [],
          "private": "bnVsbA=="
        }
      ]
    },
    {
      "module": "module.ecs.module.cluster",
      "mode": "managed",
      "type": "aws_ecs_cluster",
      "name": "this",
      "provider": "provider[\"registry.terraform.io/hashicorp/aws\"]",
      "instances": [
        {
          "index_key": 0,
          "schema_version": 0,
          "attributes": {
            "arn": "arn:aws:ecs:eu-west-3:337671252064:cluster/test",
            "configuration": [
              {
                "execute_command_configuration": [
                  {
                    "kms_key_id": "",
                    "log_configuration": [],
                    "logging": "DEFAULT"
                  }
                ]
              }
            ],
            "id": "arn:aws:ecs:eu-west-3:337671252064:cluster/test",
            "name": "test",
            "service_connect_defaults": [],
            "setting": [
              {
                "name": "containerInsights",
                "value": "enabled"
              }
            ],
            "tags": {
              "Example": "test",
              "Name": "test",
              "Repository": "337671252064.dkr.ecr.eu-west-3.amazonaws.com/central-service:latest"
            },
            "tags_all": {
              "Example": "test",
              "Name": "test",
              "Repository": "337671252064.dkr.ecr.eu-west-3.amazonaws.com/central-service:latest"
            }
          },
          "sensitive_attributes": [],
          "private": "bnVsbA==",
          "dependencies": [
            "module.ecs.module.cluster.aws_cloudwatch_log_group.this"
          ]
        }
      ]
    },
    {
      "module": "module.ecs.module.cluster",
      "mode": "managed",
      "type": "aws_ecs_cluster_capacity_providers",
      "name": "this",
      "provider": "provider[\"registry.terraform.io/hashicorp/aws\"]",
      "instances": [
        {
          "index_key": 0,
          "schema_version": 0,
          "attributes": {
            "capacity_providers": [
              "FARGATE",
              "FARGATE_SPOT"
            ],
            "cluster_name": "test",
            "default_capacity_provider_strategy": [
              {
                "base": 0,
                "capacity_provider": "FARGATE_SPOT",
                "weight": 50
              },
              {
                "base": 20,
                "capacity_provider": "FARGATE",
                "weight": 50
              }
            ],
            "id": "test"
          },
          "sensitive_attributes": [],
          "private": "bnVsbA==",
          "dependencies": [
            "module.ecs.module.cluster.aws_cloudwatch_log_group.this",
            "module.ecs.module.cluster.aws_ecs_capacity_provider.this",
            "module.ecs.module.cluster.aws_ecs_cluster.this"
          ]
        }
      ]
    },
    {
      "module": "module.ecs.module.service[\"api\"]",
      "mode": "data",
      "type": "aws_caller_identity",
      "name": "current",
      "provider": "provider[\"registry.terraform.io/hashicorp/aws\"]",
      "instances": [
        {
          "schema_version": 0,
          "attributes": {
            "account_id": "337671252064",
            "arn": "arn:aws:iam::337671252064:user/upwork-deployment",
            "id": "337671252064",
            "user_id": "AIDAU5HWGNBQFKXTOANSO"
          },
          "sensitive_attributes": []
        }
      ]
    },
    {
      "module": "module.ecs.module.service[\"api\"]",
      "mode": "data",
      "type": "aws_ecs_task_definition",
      "name": "this",
      "provider": "provider[\"registry.terraform.io/hashicorp/aws\"]",
      "instances": [
        {
          "index_key": 0,
          "schema_version": 0,
          "attributes": {
            "arn": "arn:aws:ecs:eu-west-3:337671252064:task-definition/api:6",
            "arn_without_revision": "arn:aws:ecs:eu-west-3:337671252064:task-definition/api",
            "execution_role_arn": "arn:aws:iam::337671252064:role/api-20240214124500738700000009",
            "family": "api",
            "id": "arn:aws:ecs:eu-west-3:337671252064:task-definition/api:6",
            "network_mode": "awsvpc",
            "revision": 6,
            "status": "ACTIVE",
            "task_definition": "api",
            "task_role_arn": "arn:aws:iam::337671252064:role/api-2024021412450098320000000b"
          },
          "sensitive_attributes": []
        }
      ]
    },
    {
      "module": "module.ecs.module.service[\"api\"]",
      "mode": "data",
      "type": "aws_iam_policy_document",
      "name": "task_exec",
      "provider": "provider[\"registry.terraform.io/hashicorp/aws\"]",
      "instances": [
        {
          "index_key": 0,
          "schema_version": 0,
          "attributes": {
            "id": "1415633931",
            "json": "{\n  \"Version\": \"2012-10-17\",\n  \"Statement\": [\n    {\n      \"Sid\": \"Logs\",\n      \"Effect\": \"Allow\",\n      \"Action\": [\n        \"logs:PutLogEvents\",\n        \"logs:CreateLogStream\"\n      ],\n      \"Resource\": \"*\"\n    },\n    {\n      \"Sid\": \"ECR\",\n      \"Effect\": \"Allow\",\n      \"Action\": [\n        \"ecr:GetDownloadUrlForLayer\",\n        \"ecr:GetAuthorizationToken\",\n        \"ecr:BatchGetImage\",\n        \"ecr:BatchCheckLayerAvailability\"\n      ],\n      \"Resource\": \"*\"\n    },\n    {\n      \"Sid\": \"GetSSMParams\",\n      \"Effect\": \"Allow\",\n      \"Action\": \"ssm:GetParameters\",\n      \"Resource\": \"arn:aws:ssm:*:*:parameter/*\"\n    },\n    {\n      \"Sid\": \"GetSecrets\",\n      \"Effect\": \"Allow\",\n      \"Action\": \"secretsmanager:GetSecretValue\",\n      \"Resource\": \"arn:aws:secretsmanager:*:*:secret:*\"\n    }\n  ]\n}",
            "override_policy_documents": null,
            "policy_id": null,
            "source_policy_documents": null,
            "statement": [
              {
                "actions": [
                  "logs:CreateLogStream",
                  "logs:PutLogEvents"
                ],
                "condition": [],
                "effect": "Allow",
                "not_actions": [],
                "not_principals": [],
                "not_resources": [],
                "principals": [],
                "resources": [
                  "*"
                ],
                "sid": "Logs"
              },
              {
                "actions": [
                  "ecr:BatchCheckLayerAvailability",
                  "ecr:BatchGetImage",
                  "ecr:GetAuthorizationToken",
                  "ecr:GetDownloadUrlForLayer"
                ],
                "condition": [],
                "effect": "Allow",
                "not_actions": [],
                "not_principals": [],
                "not_resources": [],
                "principals": [],
                "resources": [
                  "*"
                ],
                "sid": "ECR"
              },
              {
                "actions": [
                  "ssm:GetParameters"
                ],
                "condition": [],
                "effect": "Allow",
                "not_actions": [],
                "not_principals": [],
                "not_resources": [],
                "principals": [],
                "resources": [
                  "arn:aws:ssm:*:*:parameter/*"
                ],
                "sid": "GetSSMParams"
              },
              {
                "actions": [
                  "secretsmanager:GetSecretValue"
                ],
                "condition": [],
                "effect": "Allow",
                "not_actions": [],
                "not_principals": [],
                "not_resources": [],
                "principals": [],
                "resources": [
                  "arn:aws:secretsmanager:*:*:secret:*"
                ],
                "sid": "GetSecrets"
              }
            ],
            "version": "2012-10-17"
          },
          "sensitive_attributes": []
        }
      ]
    },
    {
      "module": "module.ecs.module.service[\"api\"]",
      "mode": "data",
      "type": "aws_iam_policy_document",
      "name": "task_exec_assume",
      "provider": "provider[\"registry.terraform.io/hashicorp/aws\"]",
      "instances": [
        {
          "index_key": 0,
          "schema_version": 0,
          "attributes": {
            "id": "2291109037",
            "json": "{\n  \"Version\": \"2012-10-17\",\n  \"Statement\": [\n    {\n      \"Sid\": \"ECSTaskExecutionAssumeRole\",\n      \"Effect\": \"Allow\",\n      \"Action\": \"sts:AssumeRole\",\n      \"Principal\": {\n        \"Service\": \"ecs-tasks.amazonaws.com\"\n      }\n    }\n  ]\n}",
            "override_policy_documents": null,
            "policy_id": null,
            "source_policy_documents": null,
            "statement": [
              {
                "actions": [
                  "sts:AssumeRole"
                ],
                "condition": [],
                "effect": "Allow",
                "not_actions": [],
                "not_principals": [],
                "not_resources": [],
                "principals": [
                  {
                    "identifiers": [
                      "ecs-tasks.amazonaws.com"
                    ],
                    "type": "Service"
                  }
                ],
                "resources": [],
                "sid": "ECSTaskExecutionAssumeRole"
              }
            ],
            "version": "2012-10-17"
          },
          "sensitive_attributes": []
        }
      ]
    },
    {
      "module": "module.ecs.module.service[\"api\"]",
      "mode": "data",
      "type": "aws_iam_policy_document",
      "name": "tasks_assume",
      "provider": "provider[\"registry.terraform.io/hashicorp/aws\"]",
      "instances": [
        {
          "index_key": 0,
          "schema_version": 0,
          "attributes": {
            "id": "2820240347",
            "json": "{\n  \"Version\": \"2012-10-17\",\n  \"Statement\": [\n    {\n      \"Sid\": \"ECSTasksAssumeRole\",\n      \"Effect\": \"Allow\",\n      \"Action\": \"sts:AssumeRole\",\n      \"Principal\": {\n        \"Service\": \"ecs-tasks.amazonaws.com\"\n      },\n      \"Condition\": {\n        \"ArnLike\": {\n          \"aws:SourceArn\": \"arn:aws:ecs:eu-west-3:337671252064:*\"\n        },\n        \"StringEquals\": {\n          \"aws:SourceAccount\": \"337671252064\"\n        }\n      }\n    }\n  ]\n}",
            "override_policy_documents": null,
            "policy_id": null,
            "source_policy_documents": null,
            "statement": [
              {
                "actions": [
                  "sts:AssumeRole"
                ],
                "condition": [
                  {
                    "test": "ArnLike",
                    "values": [
                      "arn:aws:ecs:eu-west-3:337671252064:*"
                    ],
                    "variable": "aws:SourceArn"
                  },
                  {
                    "test": "StringEquals",
                    "values": [
                      "337671252064"
                    ],
                    "variable": "aws:SourceAccount"
                  }
                ],
                "effect": "Allow",
                "not_actions": [],
                "not_principals": [],
                "not_resources": [],
                "principals": [
                  {
                    "identifiers": [
                      "ecs-tasks.amazonaws.com"
                    ],
                    "type": "Service"
                  }
                ],
                "resources": [],
                "sid": "ECSTasksAssumeRole"
              }
            ],
            "version": "2012-10-17"
          },
          "sensitive_attributes": []
        }
      ]
    },
    {
      "module": "module.ecs.module.service[\"api\"]",
      "mode": "data",
      "type": "aws_partition",
      "name": "current",
      "provider": "provider[\"registry.terraform.io/hashicorp/aws\"]",
      "instances": [
        {
          "schema_version": 0,
          "attributes": {
            "dns_suffix": "amazonaws.com",
            "id": "aws",
            "partition": "aws",
            "reverse_dns_prefix": "com.amazonaws"
          },
          "sensitive_attributes": []
        }
      ]
    },
    {
      "module": "module.ecs.module.service[\"api\"]",
      "mode": "data",
      "type": "aws_region",
      "name": "current",
      "provider": "provider[\"registry.terraform.io/hashicorp/aws\"]",
      "instances": [
        {
          "schema_version": 0,
          "attributes": {
            "description": "Europe (Paris)",
            "endpoint": "ec2.eu-west-3.amazonaws.com",
            "id": "eu-west-3",
            "name": "eu-west-3"
          },
          "sensitive_attributes": []
        }
      ]
    },
    {
      "module": "module.ecs.module.service[\"api\"]",
      "mode": "data",
      "type": "aws_subnet",
      "name": "this",
      "provider": "provider[\"registry.terraform.io/hashicorp/aws\"]",
      "instances": [
        {
          "index_key": 0,
          "schema_version": 0,
          "attributes": {
            "arn": "arn:aws:ec2:eu-west-3:337671252064:subnet/subnet-04fa3044522cea927",
            "assign_ipv6_address_on_creation": false,
            "availability_zone": "eu-west-3a",
            "availability_zone_id": "euw3-az1",
            "available_ip_address_count": 250,
            "cidr_block": "10.0.48.0/24",
            "customer_owned_ipv4_pool": "",
            "default_for_az": false,
            "enable_dns64": false,
            "enable_lni_at_device_index": 0,
            "enable_resource_name_dns_a_record_on_launch": false,
            "enable_resource_name_dns_aaaa_record_on_launch": false,
            "filter": null,
            "id": "subnet-04fa3044522cea927",
            "ipv6_cidr_block": "",
            "ipv6_cidr_block_association_id": "",
            "ipv6_native": false,
            "map_customer_owned_ip_on_launch": false,
            "map_public_ip_on_launch": false,
            "outpost_arn": "",
            "owner_id": "337671252064",
            "private_dns_hostname_type_on_launch": "ip-name",
            "state": "available",
            "tags": {
              "Example": "test",
              "Name": "test",
              "Repository": "337671252064.dkr.ecr.eu-west-3.amazonaws.com/central-service:latest"
            },
            "timeouts": null,
            "vpc_id": "vpc-0010d4896602f5ae9"
          },
          "sensitive_attributes": []
        }
      ]
    },
    {
      "module": "module.ecs.module.service[\"api\"]",
      "mode": "managed",
      "type": "aws_appautoscaling_policy",
      "name": "this",
      "provider": "provider[\"registry.terraform.io/hashicorp/aws\"]",
      "instances": [
        {
          "index_key": "cpu",
          "schema_version": 0,
          "attributes": {
            "alarm_arns": [
              "arn:aws:cloudwatch:eu-west-3:337671252064:alarm:TargetTracking-service/test/api-AlarmHigh-fa7a54b6-bc70-4f4f-8e52-e7eac3febf9e",
              "arn:aws:cloudwatch:eu-west-3:337671252064:alarm:TargetTracking-service/test/api-AlarmLow-9815d225-1581-4161-93db-1a6c459c3c21"
            ],
            "arn": "arn:aws:autoscaling:eu-west-3:337671252064:scalingPolicy:d5a41455-4871-4a99-883c-c7e25393d439:resource/ecs/service/test/api:policyName/cpu",
            "id": "cpu",
            "name": "cpu",
            "policy_type": "TargetTrackingScaling",
            "resource_id": "service/test/api",
            "scalable_dimension": "ecs:service:DesiredCount",
            "service_namespace": "ecs",
            "step_scaling_policy_configuration": [],
            "target_tracking_scaling_policy_configuration": [
              {
                "customized_metric_specification": [],
                "disable_scale_in": false,
                "predefined_metric_specification": [
                  {
                    "predefined_metric_type": "ECSServiceAverageCPUUtilization",
                    "resource_label": ""
                  }
                ],
                "scale_in_cooldown": 300,
                "scale_out_cooldown": 60,
                "target_value": 75
              }
            ]
          },
          "sensitive_attributes": [],
          "private": "bnVsbA==",
          "dependencies": [
            "aws_service_discovery_http_namespace.this",
            "data.aws_availability_zones.available",
            "module.alb.aws_lb_target_group.this",
            "module.alb.aws_security_group.this",
            "module.ecs.module.cluster.aws_cloudwatch_log_group.this",
            "module.ecs.module.cluster.aws_ecs_cluster.this",
            "module.ecs.module.service.aws_appautoscaling_target.this",
            "module.ecs.module.service.aws_ecs_service.ignore_task_definition",
            "module.ecs.module.service.aws_ecs_service.this",
            "module.ecs.module.service.aws_ecs_task_definition.this",
            "module.ecs.module.service.aws_iam_policy.service",
            "module.ecs.module.service.aws_iam_role.service",
            "module.ecs.module.service.aws_iam_role.task_exec",
            "module.ecs.module.service.aws_iam_role.tasks",
            "module.ecs.module.service.aws_iam_role_policy_attachment.service",
            "module.ecs.module.service.aws_security_group.this",
            "module.ecs.module.service.data.aws_caller_identity.current",
            "module.ecs.module.service.data.aws_ecs_task_definition.this",
            "module.ecs.module.service.data.aws_iam_policy_document.service",
            "module.ecs.module.service.data.aws_iam_policy_document.service_assume",
            "module.ecs.module.service.data.aws_iam_policy_document.task_exec_assume",
            "module.ecs.module.service.data.aws_iam_policy_document.tasks_assume",
            "module.ecs.module.service.data.aws_partition.current",
            "module.ecs.module.service.data.aws_region.current",
            "module.ecs.module.service.data.aws_subnet.this",
            "module.ecs.module.service.module.container_definition.aws_cloudwatch_log_group.this",
            "module.ecs.module.service.module.container_definition.data.aws_region.current",
            "module.vpc.aws_subnet.public",
            "module.vpc.aws_vpc.this",
            "module.vpc.aws_vpc_ipv4_cidr_block_association.this"
          ]
        },
        {
          "index_key": "memory",
          "schema_version": 0,
          "attributes": {
            "alarm_arns": [
              "arn:aws:cloudwatch:eu-west-3:337671252064:alarm:TargetTracking-service/test/api-AlarmHigh-cf0e7766-dbf1-4b7d-80ff-0fb5ea0bfae4",
              "arn:aws:cloudwatch:eu-west-3:337671252064:alarm:TargetTracking-service/test/api-AlarmLow-b66e0d99-9e00-40de-8e3e-5d57b6694f0e"
            ],
            "arn": "arn:aws:autoscaling:eu-west-3:337671252064:scalingPolicy:d5a41455-4871-4a99-883c-c7e25393d439:resource/ecs/service/test/api:policyName/memory",
            "id": "memory",
            "name": "memory",
            "policy_type": "TargetTrackingScaling",
            "resource_id": "service/test/api",
            "scalable_dimension": "ecs:service:DesiredCount",
            "service_namespace": "ecs",
            "step_scaling_policy_configuration": [],
            "target_tracking_scaling_policy_configuration": [
              {
                "customized_metric_specification": [],
                "disable_scale_in": false,
                "predefined_metric_specification": [
                  {
                    "predefined_metric_type": "ECSServiceAverageMemoryUtilization",
                    "resource_label": ""
                  }
                ],
                "scale_in_cooldown": 300,
                "scale_out_cooldown": 60,
                "target_value": 75
              }
            ]
          },
          "sensitive_attributes": [],
          "private": "bnVsbA==",
          "dependencies": [
            "aws_service_discovery_http_namespace.this",
            "data.aws_availability_zones.available",
            "module.alb.aws_lb_target_group.this",
            "module.alb.aws_security_group.this",
            "module.ecs.module.cluster.aws_cloudwatch_log_group.this",
            "module.ecs.module.cluster.aws_ecs_cluster.this",
            "module.ecs.module.service.aws_appautoscaling_target.this",
            "module.ecs.module.service.aws_ecs_service.ignore_task_definition",
            "module.ecs.module.service.aws_ecs_service.this",
            "module.ecs.module.service.aws_ecs_task_definition.this",
            "module.ecs.module.service.aws_iam_policy.service",
            "module.ecs.module.service.aws_iam_role.service",
            "module.ecs.module.service.aws_iam_role.task_exec",
            "module.ecs.module.service.aws_iam_role.tasks",
            "module.ecs.module.service.aws_iam_role_policy_attachment.service",
            "module.ecs.module.service.aws_security_group.this",
            "module.ecs.module.service.data.aws_caller_identity.current",
            "module.ecs.module.service.data.aws_ecs_task_definition.this",
            "module.ecs.module.service.data.aws_iam_policy_document.service",
            "module.ecs.module.service.data.aws_iam_policy_document.service_assume",
            "module.ecs.module.service.data.aws_iam_policy_document.task_exec_assume",
            "module.ecs.module.service.data.aws_iam_policy_document.tasks_assume",
            "module.ecs.module.service.data.aws_partition.current",
            "module.ecs.module.service.data.aws_region.current",
            "module.ecs.module.service.data.aws_subnet.this",
            "module.ecs.module.service.module.container_definition.aws_cloudwatch_log_group.this",
            "module.ecs.module.service.module.container_definition.data.aws_region.current",
            "module.vpc.aws_subnet.public",
            "module.vpc.aws_vpc.this",
            "module.vpc.aws_vpc_ipv4_cidr_block_association.this"
          ]
        }
      ]
    },
    {
      "module": "module.ecs.module.service[\"api\"]",
      "mode": "managed",
      "type": "aws_appautoscaling_target",
      "name": "this",
      "provider": "provider[\"registry.terraform.io/hashicorp/aws\"]",
      "instances": [
        {
          "index_key": 0,
          "schema_version": 0,
          "attributes": {
            "arn": "arn:aws:application-autoscaling:eu-west-3:337671252064:scalable-target/0ec5d5a4145548714a99883cc7e25393d439",
            "id": "service/test/api",
            "max_capacity": 10,
            "min_capacity": 1,
            "resource_id": "service/test/api",
            "role_arn": "arn:aws:iam::337671252064:role/aws-service-role/ecs.application-autoscaling.amazonaws.com/AWSServiceRoleForApplicationAutoScaling_ECSService",
            "scalable_dimension": "ecs:service:DesiredCount",
            "service_namespace": "ecs",
            "tags": {
              "Example": "test",
              "Name": "test",
              "Repository": "337671252064.dkr.ecr.eu-west-3.amazonaws.com/central-service:latest"
            },
            "tags_all": {
              "Example": "test",
              "Name": "test",
              "Repository": "337671252064.dkr.ecr.eu-west-3.amazonaws.com/central-service:latest"
            }
          },
          "sensitive_attributes": [],
          "private": "bnVsbA==",
          "dependencies": [
            "aws_service_discovery_http_namespace.this",
            "data.aws_availability_zones.available",
            "module.alb.aws_lb_target_group.this",
            "module.alb.aws_security_group.this",
            "module.ecs.module.cluster.aws_cloudwatch_log_group.this",
            "module.ecs.module.cluster.aws_ecs_cluster.this",
            "module.ecs.module.service.aws_ecs_service.ignore_task_definition",
            "module.ecs.module.service.aws_ecs_service.this",
            "module.ecs.module.service.aws_ecs_task_definition.this",
            "module.ecs.module.service.aws_iam_policy.service",
            "module.ecs.module.service.aws_iam_role.service",
            "module.ecs.module.service.aws_iam_role.task_exec",
            "module.ecs.module.service.aws_iam_role.tasks",
            "module.ecs.module.service.aws_iam_role_policy_attachment.service",
            "module.ecs.module.service.aws_security_group.this",
            "module.ecs.module.service.data.aws_caller_identity.current",
            "module.ecs.module.service.data.aws_ecs_task_definition.this",
            "module.ecs.module.service.data.aws_iam_policy_document.service",
            "module.ecs.module.service.data.aws_iam_policy_document.service_assume",
            "module.ecs.module.service.data.aws_iam_policy_document.task_exec_assume",
            "module.ecs.module.service.data.aws_iam_policy_document.tasks_assume",
            "module.ecs.module.service.data.aws_partition.current",
            "module.ecs.module.service.data.aws_region.current",
            "module.ecs.module.service.data.aws_subnet.this",
            "module.ecs.module.service.module.container_definition.aws_cloudwatch_log_group.this",
            "module.ecs.module.service.module.container_definition.data.aws_region.current",
            "module.vpc.aws_subnet.public",
            "module.vpc.aws_vpc.this",
            "module.vpc.aws_vpc_ipv4_cidr_block_association.this"
          ]
        }
      ]
    },
    {
      "module": "module.ecs.module.service[\"api\"]",
      "mode": "managed",
      "type": "aws_ecs_service",
      "name": "this",
      "provider": "provider[\"registry.terraform.io/hashicorp/aws\"]",
      "instances": [
        {
          "index_key": 0,
          "schema_version": 0,
          "attributes": {
            "alarms": [],
            "capacity_provider_strategy": [],
            "cluster": "arn:aws:ecs:eu-west-3:337671252064:cluster/test",
            "deployment_circuit_breaker": [
              {
                "enable": false,
                "rollback": false
              }
            ],
            "deployment_controller": [
              {
                "type": "ECS"
              }
            ],
            "deployment_maximum_percent": 200,
            "deployment_minimum_healthy_percent": 66,
            "desired_count": 1,
            "enable_ecs_managed_tags": true,
            "enable_execute_command": false,
            "force_new_deployment": true,
            "health_check_grace_period_seconds": 0,
            "iam_role": "/aws-service-role/ecs.amazonaws.com/AWSServiceRoleForECS",
            "id": "arn:aws:ecs:eu-west-3:337671252064:service/test/api",
            "launch_type": "FARGATE",
            "load_balancer": [],
            "name": "api",
            "network_configuration": [
              {
                "assign_public_ip": true,
                "security_groups": [
                  "sg-0809d2f730018af86"
                ],
                "subnets": [
                  "subnet-04fa3044522cea927",
                  "subnet-09edf0c272b115ce6",
                  "subnet-0a513f6a38ffc9213"
                ]
              }
            ],
            "ordered_placement_strategy": [],
            "placement_constraints": [],
            "platform_version": "LATEST",
            "propagate_tags": "NONE",
            "scheduling_strategy": "REPLICA",
            "service_connect_configuration": [
              {
                "enabled": true,
                "log_configuration": [],
                "namespace": "arn:aws:servicediscovery:eu-west-3:337671252064:namespace/ns-ilsb6gsewgahzdp4",
                "service": [
                  {
                    "client_alias": [
                      {
                        "dns_name": "api",
                        "port": 3001
                      }
                    ],
                    "discovery_name": "api",
                    "ingress_port_override": 0,
                    "port_name": "api"
                  }
                ]
              }
            ],
            "service_registries": [],
            "tags": {
              "Example": "test",
              "Name": "test",
              "Repository": "337671252064.dkr.ecr.eu-west-3.amazonaws.com/central-service:latest"
            },
            "tags_all": {
              "Example": "test",
              "Name": "test",
              "Repository": "337671252064.dkr.ecr.eu-west-3.amazonaws.com/central-service:latest"
            },
            "task_definition": "api:6",
            "timeouts": {
              "create": null,
              "delete": null,
              "update": null
            },
            "triggers": {},
            "wait_for_steady_state": false
          },
          "sensitive_attributes": [],
          "private": "eyJlMmJmYjczMC1lY2FhLTExZTYtOGY4OC0zNDM2M2JjN2M0YzAiOnsiY3JlYXRlIjoxMjAwMDAwMDAwMDAwLCJkZWxldGUiOjEyMDAwMDAwMDAwMDAsInVwZGF0ZSI6MTIwMDAwMDAwMDAwMH19",
          "dependencies": [
            "aws_service_discovery_http_namespace.this",
            "data.aws_availability_zones.available",
            "module.alb.aws_lb_target_group.this",
            "module.alb.aws_security_group.this",
            "module.ecs.module.cluster.aws_cloudwatch_log_group.this",
            "module.ecs.module.cluster.aws_ecs_cluster.this",
            "module.ecs.module.service.aws_ecs_task_definition.this",
            "module.ecs.module.service.aws_iam_policy.service",
            "module.ecs.module.service.aws_iam_role.service",
            "module.ecs.module.service.aws_iam_role.task_exec",
            "module.ecs.module.service.aws_iam_role.tasks",
            "module.ecs.module.service.aws_iam_role_policy_attachment.service",
            "module.ecs.module.service.aws_security_group.this",
            "module.ecs.module.service.data.aws_caller_identity.current",
            "module.ecs.module.service.data.aws_ecs_task_definition.this",
            "module.ecs.module.service.data.aws_iam_policy_document.service",
            "module.ecs.module.service.data.aws_iam_policy_document.service_assume",
            "module.ecs.module.service.data.aws_iam_policy_document.task_exec_assume",
            "module.ecs.module.service.data.aws_iam_policy_document.tasks_assume",
            "module.ecs.module.service.data.aws_partition.current",
            "module.ecs.module.service.data.aws_region.current",
            "module.ecs.module.service.data.aws_subnet.this",
            "module.ecs.module.service.module.container_definition.aws_cloudwatch_log_group.this",
            "module.ecs.module.service.module.container_definition.data.aws_region.current",
            "module.vpc.aws_subnet.public",
            "module.vpc.aws_vpc.this",
            "module.vpc.aws_vpc_ipv4_cidr_block_association.this"
          ]
        }
      ]
    },
    {
      "module": "module.ecs.module.service[\"api\"]",
      "mode": "managed",
      "type": "aws_ecs_task_definition",
      "name": "this",
      "provider": "provider[\"registry.terraform.io/hashicorp/aws\"]",
      "instances": [
        {
          "index_key": 0,
          "schema_version": 1,
          "attributes": {
            "arn": "arn:aws:ecs:eu-west-3:337671252064:task-definition/api:6",
            "arn_without_revision": "arn:aws:ecs:eu-west-3:337671252064:task-definition/api",
            "container_definitions": "[{\"cpu\":512,\"environment\":[],\"essential\":true,\"image\":\"337671252064.dkr.ecr.eu-west-3.amazonaws.com/fastapi-api:latest\",\"interactive\":false,\"linuxParameters\":{\"initProcessEnabled\":false},\"logConfiguration\":{\"logDriver\":\"awslogs\",\"options\":{\"awslogs-group\":\"/aws/ecs/api/api\",\"awslogs-region\":\"eu-west-3\",\"awslogs-stream-prefix\":\"ecs\"}},\"memory\":1024,\"memoryReservation\":100,\"mountPoints\":[],\"name\":\"api\",\"portMappings\":[{\"containerPort\":3001,\"hostPort\":3001,\"name\":\"api\",\"protocol\":\"tcp\"}],\"privileged\":false,\"pseudoTerminal\":false,\"readonlyRootFilesystem\":false,\"startTimeout\":30,\"stopTimeout\":120,\"user\":\"0\",\"volumesFrom\":[]}]",
            "cpu": "1024",
            "ephemeral_storage": [],
            "execution_role_arn": "arn:aws:iam::337671252064:role/api-20240214124500738700000009",
            "family": "api",
            "id": "api",
            "inference_accelerator": [],
            "ipc_mode": "",
            "memory": "4096",
            "network_mode": "awsvpc",
            "pid_mode": "",
            "placement_constraints": [],
            "proxy_configuration": [],
            "requires_compatibilities": [
              "FARGATE"
            ],
            "revision": 6,
            "runtime_platform": [
              {
                "cpu_architecture": "X86_64",
                "operating_system_family": "LINUX"
              }
            ],
            "skip_destroy": false,
            "tags": {
              "Example": "test",
              "Name": "test",
              "Repository": "337671252064.dkr.ecr.eu-west-3.amazonaws.com/central-service:latest"
            },
            "tags_all": {
              "Example": "test",
              "Name": "test",
              "Repository": "337671252064.dkr.ecr.eu-west-3.amazonaws.com/central-service:latest"
            },
            "task_role_arn": "arn:aws:iam::337671252064:role/api-2024021412450098320000000b",
            "volume": []
          },
          "sensitive_attributes": [],
          "private": "eyJzY2hlbWFfdmVyc2lvbiI6IjEifQ==",
          "dependencies": [
            "aws_service_discovery_http_namespace.this",
            "data.aws_availability_zones.available",
            "module.alb.aws_lb_target_group.this",
            "module.alb.aws_security_group.this",
            "module.ecs.module.service.aws_iam_role.task_exec",
            "module.ecs.module.service.aws_iam_role.tasks",
            "module.ecs.module.service.data.aws_caller_identity.current",
            "module.ecs.module.service.data.aws_iam_policy_document.task_exec_assume",
            "module.ecs.module.service.data.aws_iam_policy_document.tasks_assume",
            "module.ecs.module.service.data.aws_partition.current",
            "module.ecs.module.service.data.aws_region.current",
            "module.ecs.module.service.module.container_definition.aws_cloudwatch_log_group.this",
            "module.ecs.module.service.module.container_definition.data.aws_region.current",
            "module.vpc.aws_subnet.public",
            "module.vpc.aws_vpc.this",
            "module.vpc.aws_vpc_ipv4_cidr_block_association.this"
          ],
          "create_before_destroy": true
        }
      ]
    },
    {
      "module": "module.ecs.module.service[\"api\"]",
      "mode": "managed",
      "type": "aws_iam_policy",
      "name": "task_exec",
      "provider": "provider[\"registry.terraform.io/hashicorp/aws\"]",
      "instances": [
        {
          "index_key": 0,
          "schema_version": 0,
          "attributes": {
            "arn": "arn:aws:iam::337671252064:policy/api-20240214124502149500000015",
            "description": "Task execution role IAM policy",
            "id": "arn:aws:iam::337671252064:policy/api-20240214124502149500000015",
            "name": "api-20240214124502149500000015",
            "name_prefix": "api-",
            "path": "/",
            "policy": "{\"Statement\":[{\"Action\":[\"logs:PutLogEvents\",\"logs:CreateLogStream\"],\"Effect\":\"Allow\",\"Resource\":\"*\",\"Sid\":\"Logs\"},{\"Action\":[\"ecr:GetDownloadUrlForLayer\",\"ecr:GetAuthorizationToken\",\"ecr:BatchGetImage\",\"ecr:BatchCheckLayerAvailability\"],\"Effect\":\"Allow\",\"Resource\":\"*\",\"Sid\":\"ECR\"},{\"Action\":\"ssm:GetParameters\",\"Effect\":\"Allow\",\"Resource\":\"arn:aws:ssm:*:*:parameter/*\",\"Sid\":\"GetSSMParams\"},{\"Action\":\"secretsmanager:GetSecretValue\",\"Effect\":\"Allow\",\"Resource\":\"arn:aws:secretsmanager:*:*:secret:*\",\"Sid\":\"GetSecrets\"}],\"Version\":\"2012-10-17\"}",
            "policy_id": "ANPAU5HWGNBQGMT7XRSAN",
            "tags": {
              "Example": "test",
              "Name": "test",
              "Repository": "337671252064.dkr.ecr.eu-west-3.amazonaws.com/central-service:latest"
            },
            "tags_all": {
              "Example": "test",
              "Name": "test",
              "Repository": "337671252064.dkr.ecr.eu-west-3.amazonaws.com/central-service:latest"
            }
          },
          "sensitive_attributes": [],
          "private": "bnVsbA==",
          "dependencies": [
            "aws_service_discovery_http_namespace.this",
            "data.aws_availability_zones.available",
            "module.alb.aws_lb_target_group.this",
            "module.alb.aws_security_group.this",
            "module.ecs.module.service.data.aws_iam_policy_document.task_exec",
            "module.vpc.aws_subnet.public",
            "module.vpc.aws_vpc.this",
            "module.vpc.aws_vpc_ipv4_cidr_block_association.this"
          ]
        }
      ]
    },
    {
      "module": "module.ecs.module.service[\"api\"]",
      "mode": "managed",
      "type": "aws_iam_role",
      "name": "task_exec",
      "provider": "provider[\"registry.terraform.io/hashicorp/aws\"]",
      "instances": [
        {
          "index_key": 0,
          "schema_version": 0,
          "attributes": {
            "arn": "arn:aws:iam::337671252064:role/api-20240214124500738700000009",
            "assume_role_policy": "{\"Statement\":[{\"Action\":\"sts:AssumeRole\",\"Effect\":\"Allow\",\"Principal\":{\"Service\":\"ecs-tasks.amazonaws.com\"},\"Sid\":\"ECSTaskExecutionAssumeRole\"}],\"Version\":\"2012-10-17\"}",
            "create_date": "2024-02-14T12:45:01Z",
            "description": "Task execution role for api",
            "force_detach_policies": true,
            "id": "api-20240214124500738700000009",
            "inline_policy": [],
            "managed_policy_arns": [],
            "max_session_duration": 3600,
            "name": "api-20240214124500738700000009",
            "name_prefix": "api-",
            "path": "/",
            "permissions_boundary": "",
            "tags": {
              "Example": "test",
              "Name": "test",
              "Repository": "337671252064.dkr.ecr.eu-west-3.amazonaws.com/central-service:latest"
            },
            "tags_all": {
              "Example": "test",
              "Name": "test",
              "Repository": "337671252064.dkr.ecr.eu-west-3.amazonaws.com/central-service:latest"
            },
            "unique_id": "AROAU5HWGNBQEFSWPSZRY"
          },
          "sensitive_attributes": [],
          "private": "bnVsbA==",
          "dependencies": [
            "aws_service_discovery_http_namespace.this",
            "data.aws_availability_zones.available",
            "module.alb.aws_lb_target_group.this",
            "module.alb.aws_security_group.this",
            "module.ecs.module.service.data.aws_iam_policy_document.task_exec_assume",
            "module.vpc.aws_subnet.public",
            "module.vpc.aws_vpc.this",
            "module.vpc.aws_vpc_ipv4_cidr_block_association.this"
          ],
          "create_before_destroy": true
        }
      ]
    },
    {
      "module": "module.ecs.module.service[\"api\"]",
      "mode": "managed",
      "type": "aws_iam_role",
      "name": "tasks",
      "provider": "provider[\"registry.terraform.io/hashicorp/aws\"]",
      "instances": [
        {
          "index_key": 0,
          "schema_version": 0,
          "attributes": {
            "arn": "arn:aws:iam::337671252064:role/api-2024021412450098320000000b",
            "assume_role_policy": "{\"Statement\":[{\"Action\":\"sts:AssumeRole\",\"Condition\":{\"ArnLike\":{\"aws:SourceArn\":\"arn:aws:ecs:eu-west-3:337671252064:*\"},\"StringEquals\":{\"aws:SourceAccount\":\"337671252064\"}},\"Effect\":\"Allow\",\"Principal\":{\"Service\":\"ecs-tasks.amazonaws.com\"},\"Sid\":\"ECSTasksAssumeRole\"}],\"Version\":\"2012-10-17\"}",
            "create_date": "2024-02-14T12:45:01Z",
            "description": "",
            "force_detach_policies": true,
            "id": "api-2024021412450098320000000b",
            "inline_policy": [],
            "managed_policy_arns": [],
            "max_session_duration": 3600,
            "name": "api-2024021412450098320000000b",
            "name_prefix": "api-",
            "path": "/",
            "permissions_boundary": "",
            "tags": {
              "Example": "test",
              "Name": "test",
              "Repository": "337671252064.dkr.ecr.eu-west-3.amazonaws.com/central-service:latest"
            },
            "tags_all": {
              "Example": "test",
              "Name": "test",
              "Repository": "337671252064.dkr.ecr.eu-west-3.amazonaws.com/central-service:latest"
            },
            "unique_id": "AROAU5HWGNBQP3CXCUQRM"
          },
          "sensitive_attributes": [],
          "private": "bnVsbA==",
          "dependencies": [
            "aws_service_discovery_http_namespace.this",
            "data.aws_availability_zones.available",
            "module.alb.aws_lb_target_group.this",
            "module.alb.aws_security_group.this",
            "module.ecs.module.service.data.aws_caller_identity.current",
            "module.ecs.module.service.data.aws_iam_policy_document.tasks_assume",
            "module.ecs.module.service.data.aws_partition.current",
            "module.ecs.module.service.data.aws_region.current",
            "module.vpc.aws_subnet.public",
            "module.vpc.aws_vpc.this",
            "module.vpc.aws_vpc_ipv4_cidr_block_association.this"
          ],
          "create_before_destroy": true
        }
      ]
    },
    {
      "module": "module.ecs.module.service[\"api\"]",
      "mode": "managed",
      "type": "aws_iam_role_policy_attachment",
      "name": "task_exec",
      "provider": "provider[\"registry.terraform.io/hashicorp/aws\"]",
      "instances": [
        {
          "index_key": 0,
          "schema_version": 0,
          "attributes": {
            "id": "api-20240214124500738700000009-2024021412450345520000001a",
            "policy_arn": "arn:aws:iam::337671252064:policy/api-20240214124502149500000015",
            "role": "api-20240214124500738700000009"
          },
          "sensitive_attributes": [],
          "private": "bnVsbA==",
          "dependencies": [
            "aws_service_discovery_http_namespace.this",
            "data.aws_availability_zones.available",
            "module.alb.aws_lb_target_group.this",
            "module.alb.aws_security_group.this",
            "module.ecs.module.service.aws_iam_policy.task_exec",
            "module.ecs.module.service.aws_iam_role.task_exec",
            "module.ecs.module.service.data.aws_iam_policy_document.task_exec",
            "module.ecs.module.service.data.aws_iam_policy_document.task_exec_assume",
            "module.vpc.aws_subnet.public",
            "module.vpc.aws_vpc.this",
            "module.vpc.aws_vpc_ipv4_cidr_block_association.this"
          ]
        }
      ]
    },
    {
      "module": "module.ecs.module.service[\"api\"]",
      "mode": "managed",
      "type": "aws_security_group",
      "name": "this",
      "provider": "provider[\"registry.terraform.io/hashicorp/aws\"]",
      "instances": [
        {
          "index_key": 0,
          "schema_version": 1,
          "attributes": {
            "arn": "arn:aws:ec2:eu-west-3:337671252064:security-group/sg-0809d2f730018af86",
            "description": "Managed by Terraform",
            "egress": [],
            "id": "sg-0809d2f730018af86",
            "ingress": [],
            "name": "api-20240214124501981600000011",
            "name_prefix": "api-",
            "owner_id": "337671252064",
            "revoke_rules_on_delete": false,
            "tags": {
              "Example": "test",
              "Name": "test",
              "Repository": "337671252064.dkr.ecr.eu-west-3.amazonaws.com/central-service:latest"
            },
            "tags_all": {
              "Example": "test",
              "Name": "test",
              "Repository": "337671252064.dkr.ecr.eu-west-3.amazonaws.com/central-service:latest"
            },
            "timeouts": null,
            "vpc_id": "vpc-0010d4896602f5ae9"
          },
          "sensitive_attributes": [],
          "private": "eyJlMmJmYjczMC1lY2FhLTExZTYtOGY4OC0zNDM2M2JjN2M0YzAiOnsiY3JlYXRlIjo2MDAwMDAwMDAwMDAsImRlbGV0ZSI6OTAwMDAwMDAwMDAwfSwic2NoZW1hX3ZlcnNpb24iOiIxIn0=",
          "dependencies": [
            "aws_service_discovery_http_namespace.this",
            "data.aws_availability_zones.available",
            "module.alb.aws_lb_target_group.this",
            "module.alb.aws_security_group.this",
            "module.ecs.module.service.data.aws_subnet.this",
            "module.vpc.aws_subnet.public",
            "module.vpc.aws_vpc.this",
            "module.vpc.aws_vpc_ipv4_cidr_block_association.this"
          ],
          "create_before_destroy": true
        }
      ]
    },
    {
      "module": "module.ecs.module.service[\"api\"]",
      "mode": "managed",
      "type": "aws_security_group_rule",
      "name": "this",
      "provider": "provider[\"registry.terraform.io/hashicorp/aws\"]",
      "instances": [
        {
          "index_key": "alb_ingress_3000",
          "schema_version": 2,
          "attributes": {
            "cidr_blocks": null,
            "description": "Service port",
            "from_port": 3001,
            "id": "sgrule-2386546039",
            "ipv6_cidr_blocks": null,
            "prefix_list_ids": null,
            "protocol": "tcp",
            "security_group_id": "sg-0809d2f730018af86",
            "security_group_rule_id": "sgr-07856616dfe8f0603",
            "self": false,
            "source_security_group_id": "sg-0c8e5f9d6148bd3fd",
            "timeouts": null,
            "to_port": 3001,
            "type": "ingress"
          },
          "sensitive_attributes": [],
          "private": "eyJlMmJmYjczMC1lY2FhLTExZTYtOGY4OC0zNDM2M2JjN2M0YzAiOnsiY3JlYXRlIjozMDAwMDAwMDAwMDB9LCJzY2hlbWFfdmVyc2lvbiI6IjIifQ==",
          "dependencies": [
            "aws_service_discovery_http_namespace.this",
            "data.aws_availability_zones.available",
            "module.alb.aws_lb_target_group.this",
            "module.alb.aws_security_group.this",
            "module.ecs.module.service.aws_security_group.this",
            "module.ecs.module.service.data.aws_subnet.this",
            "module.vpc.aws_subnet.public",
            "module.vpc.aws_vpc.this",
            "module.vpc.aws_vpc_ipv4_cidr_block_association.this"
          ]
        },
        {
          "index_key": "egress_all",
          "schema_version": 2,
          "attributes": {
            "cidr_blocks": [
              "0.0.0.0/0"
            ],
            "description": null,
            "from_port": 0,
            "id": "sgrule-1392196835",
            "ipv6_cidr_blocks": null,
            "prefix_list_ids": null,
            "protocol": "-1",
            "security_group_id": "sg-0809d2f730018af86",
            "security_group_rule_id": "sgr-05e25129edad3b1ff",
            "self": false,
            "source_security_group_id": null,
            "timeouts": null,
            "to_port": 0,
            "type": "egress"
          },
          "sensitive_attributes": [],
          "private": "eyJlMmJmYjczMC1lY2FhLTExZTYtOGY4OC0zNDM2M2JjN2M0YzAiOnsiY3JlYXRlIjozMDAwMDAwMDAwMDB9LCJzY2hlbWFfdmVyc2lvbiI6IjIifQ==",
          "dependencies": [
            "aws_service_discovery_http_namespace.this",
            "data.aws_availability_zones.available",
            "module.alb.aws_lb_target_group.this",
            "module.alb.aws_security_group.this",
            "module.ecs.module.service.aws_security_group.this",
            "module.ecs.module.service.data.aws_subnet.this",
            "module.vpc.aws_subnet.public",
            "module.vpc.aws_vpc.this",
            "module.vpc.aws_vpc_ipv4_cidr_block_association.this"
          ]
        }
      ]
    },
    {
      "module": "module.ecs.module.service[\"api\"].module.container_definition[\"api\"]",
      "mode": "data",
      "type": "aws_region",
      "name": "current",
      "provider": "provider[\"registry.terraform.io/hashicorp/aws\"]",
      "instances": [
        {
          "schema_version": 0,
          "attributes": {
            "description": "Europe (Paris)",
            "endpoint": "ec2.eu-west-3.amazonaws.com",
            "id": "eu-west-3",
            "name": "eu-west-3"
          },
          "sensitive_attributes": []
        }
      ]
    },
    {
      "module": "module.ecs.module.service[\"api\"].module.container_definition[\"api\"]",
      "mode": "managed",
      "type": "aws_cloudwatch_log_group",
      "name": "this",
      "provider": "provider[\"registry.terraform.io/hashicorp/aws\"]",
      "instances": [
        {
          "index_key": 0,
          "schema_version": 0,
          "attributes": {
            "arn": "arn:aws:logs:eu-west-3:337671252064:log-group:/aws/ecs/api/api",
            "id": "/aws/ecs/api/api",
            "kms_key_id": "",
            "log_group_class": "STANDARD",
            "name": "/aws/ecs/api/api",
            "name_prefix": "",
            "retention_in_days": 14,
            "skip_destroy": false,
            "tags": {
              "Example": "test",
              "Name": "test",
              "Repository": "337671252064.dkr.ecr.eu-west-3.amazonaws.com/central-service:latest"
            },
            "tags_all": {
              "Example": "test",
              "Name": "test",
              "Repository": "337671252064.dkr.ecr.eu-west-3.amazonaws.com/central-service:latest"
            }
          },
          "sensitive_attributes": [],
          "private": "bnVsbA==",
          "dependencies": [
            "aws_service_discovery_http_namespace.this",
            "data.aws_availability_zones.available",
            "module.alb.aws_lb_target_group.this",
            "module.alb.aws_security_group.this",
            "module.vpc.aws_subnet.public",
            "module.vpc.aws_vpc.this",
            "module.vpc.aws_vpc_ipv4_cidr_block_association.this"
          ],
          "create_before_destroy": true
        }
      ]
    },
    {
      "module": "module.ecs.module.service[\"frontend\"]",
      "mode": "data",
      "type": "aws_caller_identity",
      "name": "current",
      "provider": "provider[\"registry.terraform.io/hashicorp/aws\"]",
      "instances": [
        {
          "schema_version": 0,
          "attributes": {
            "account_id": "337671252064",
            "arn": "arn:aws:iam::337671252064:user/upwork-deployment",
            "id": "337671252064",
            "user_id": "AIDAU5HWGNBQFKXTOANSO"
          },
          "sensitive_attributes": []
        }
      ]
    },
    {
      "module": "module.ecs.module.service[\"frontend\"]",
      "mode": "data",
      "type": "aws_ecs_task_definition",
      "name": "this",
      "provider": "provider[\"registry.terraform.io/hashicorp/aws\"]",
      "instances": [
        {
          "index_key": 0,
          "schema_version": 0,
          "attributes": {
            "arn": "arn:aws:ecs:eu-west-3:337671252064:task-definition/frontend:5",
            "arn_without_revision": "arn:aws:ecs:eu-west-3:337671252064:task-definition/frontend",
            "execution_role_arn": "arn:aws:iam::337671252064:role/frontend-2024021412450073960000000a",
            "family": "frontend",
            "id": "arn:aws:ecs:eu-west-3:337671252064:task-definition/frontend:5",
            "network_mode": "awsvpc",
            "revision": 5,
            "status": "ACTIVE",
            "task_definition": "frontend",
            "task_role_arn": "arn:aws:iam::337671252064:role/frontend-20240214124500738500000007"
          },
          "sensitive_attributes": []
        }
      ]
    },
    {
      "module": "module.ecs.module.service[\"frontend\"]",
      "mode": "data",
      "type": "aws_iam_policy_document",
      "name": "task_exec",
      "provider": "provider[\"registry.terraform.io/hashicorp/aws\"]",
      "instances": [
        {
          "index_key": 0,
          "schema_version": 0,
          "attributes": {
            "id": "1415633931",
            "json": "{\n  \"Version\": \"2012-10-17\",\n  \"Statement\": [\n    {\n      \"Sid\": \"Logs\",\n      \"Effect\": \"Allow\",\n      \"Action\": [\n        \"logs:PutLogEvents\",\n        \"logs:CreateLogStream\"\n      ],\n      \"Resource\": \"*\"\n    },\n    {\n      \"Sid\": \"ECR\",\n      \"Effect\": \"Allow\",\n      \"Action\": [\n        \"ecr:GetDownloadUrlForLayer\",\n        \"ecr:GetAuthorizationToken\",\n        \"ecr:BatchGetImage\",\n        \"ecr:BatchCheckLayerAvailability\"\n      ],\n      \"Resource\": \"*\"\n    },\n    {\n      \"Sid\": \"GetSSMParams\",\n      \"Effect\": \"Allow\",\n      \"Action\": \"ssm:GetParameters\",\n      \"Resource\": \"arn:aws:ssm:*:*:parameter/*\"\n    },\n    {\n      \"Sid\": \"GetSecrets\",\n      \"Effect\": \"Allow\",\n      \"Action\": \"secretsmanager:GetSecretValue\",\n      \"Resource\": \"arn:aws:secretsmanager:*:*:secret:*\"\n    }\n  ]\n}",
            "override_policy_documents": null,
            "policy_id": null,
            "source_policy_documents": null,
            "statement": [
              {
                "actions": [
                  "logs:CreateLogStream",
                  "logs:PutLogEvents"
                ],
                "condition": [],
                "effect": "Allow",
                "not_actions": [],
                "not_principals": [],
                "not_resources": [],
                "principals": [],
                "resources": [
                  "*"
                ],
                "sid": "Logs"
              },
              {
                "actions": [
                  "ecr:BatchCheckLayerAvailability",
                  "ecr:BatchGetImage",
                  "ecr:GetAuthorizationToken",
                  "ecr:GetDownloadUrlForLayer"
                ],
                "condition": [],
                "effect": "Allow",
                "not_actions": [],
                "not_principals": [],
                "not_resources": [],
                "principals": [],
                "resources": [
                  "*"
                ],
                "sid": "ECR"
              },
              {
                "actions": [
                  "ssm:GetParameters"
                ],
                "condition": [],
                "effect": "Allow",
                "not_actions": [],
                "not_principals": [],
                "not_resources": [],
                "principals": [],
                "resources": [
                  "arn:aws:ssm:*:*:parameter/*"
                ],
                "sid": "GetSSMParams"
              },
              {
                "actions": [
                  "secretsmanager:GetSecretValue"
                ],
                "condition": [],
                "effect": "Allow",
                "not_actions": [],
                "not_principals": [],
                "not_resources": [],
                "principals": [],
                "resources": [
                  "arn:aws:secretsmanager:*:*:secret:*"
                ],
                "sid": "GetSecrets"
              }
            ],
            "version": "2012-10-17"
          },
          "sensitive_attributes": []
        }
      ]
    },
    {
      "module": "module.ecs.module.service[\"frontend\"]",
      "mode": "data",
      "type": "aws_iam_policy_document",
      "name": "task_exec_assume",
      "provider": "provider[\"registry.terraform.io/hashicorp/aws\"]",
      "instances": [
        {
          "index_key": 0,
          "schema_version": 0,
          "attributes": {
            "id": "2291109037",
            "json": "{\n  \"Version\": \"2012-10-17\",\n  \"Statement\": [\n    {\n      \"Sid\": \"ECSTaskExecutionAssumeRole\",\n      \"Effect\": \"Allow\",\n      \"Action\": \"sts:AssumeRole\",\n      \"Principal\": {\n        \"Service\": \"ecs-tasks.amazonaws.com\"\n      }\n    }\n  ]\n}",
            "override_policy_documents": null,
            "policy_id": null,
            "source_policy_documents": null,
            "statement": [
              {
                "actions": [
                  "sts:AssumeRole"
                ],
                "condition": [],
                "effect": "Allow",
                "not_actions": [],
                "not_principals": [],
                "not_resources": [],
                "principals": [
                  {
                    "identifiers": [
                      "ecs-tasks.amazonaws.com"
                    ],
                    "type": "Service"
                  }
                ],
                "resources": [],
                "sid": "ECSTaskExecutionAssumeRole"
              }
            ],
            "version": "2012-10-17"
          },
          "sensitive_attributes": []
        }
      ]
    },
    {
      "module": "module.ecs.module.service[\"frontend\"]",
      "mode": "data",
      "type": "aws_iam_policy_document",
      "name": "tasks_assume",
      "provider": "provider[\"registry.terraform.io/hashicorp/aws\"]",
      "instances": [
        {
          "index_key": 0,
          "schema_version": 0,
          "attributes": {
            "id": "2820240347",
            "json": "{\n  \"Version\": \"2012-10-17\",\n  \"Statement\": [\n    {\n      \"Sid\": \"ECSTasksAssumeRole\",\n      \"Effect\": \"Allow\",\n      \"Action\": \"sts:AssumeRole\",\n      \"Principal\": {\n        \"Service\": \"ecs-tasks.amazonaws.com\"\n      },\n      \"Condition\": {\n        \"ArnLike\": {\n          \"aws:SourceArn\": \"arn:aws:ecs:eu-west-3:337671252064:*\"\n        },\n        \"StringEquals\": {\n          \"aws:SourceAccount\": \"337671252064\"\n        }\n      }\n    }\n  ]\n}",
            "override_policy_documents": null,
            "policy_id": null,
            "source_policy_documents": null,
            "statement": [
              {
                "actions": [
                  "sts:AssumeRole"
                ],
                "condition": [
                  {
                    "test": "ArnLike",
                    "values": [
                      "arn:aws:ecs:eu-west-3:337671252064:*"
                    ],
                    "variable": "aws:SourceArn"
                  },
                  {
                    "test": "StringEquals",
                    "values": [
                      "337671252064"
                    ],
                    "variable": "aws:SourceAccount"
                  }
                ],
                "effect": "Allow",
                "not_actions": [],
                "not_principals": [],
                "not_resources": [],
                "principals": [
                  {
                    "identifiers": [
                      "ecs-tasks.amazonaws.com"
                    ],
                    "type": "Service"
                  }
                ],
                "resources": [],
                "sid": "ECSTasksAssumeRole"
              }
            ],
            "version": "2012-10-17"
          },
          "sensitive_attributes": []
        }
      ]
    },
    {
      "module": "module.ecs.module.service[\"frontend\"]",
      "mode": "data",
      "type": "aws_partition",
      "name": "current",
      "provider": "provider[\"registry.terraform.io/hashicorp/aws\"]",
      "instances": [
        {
          "schema_version": 0,
          "attributes": {
            "dns_suffix": "amazonaws.com",
            "id": "aws",
            "partition": "aws",
            "reverse_dns_prefix": "com.amazonaws"
          },
          "sensitive_attributes": []
        }
      ]
    },
    {
      "module": "module.ecs.module.service[\"frontend\"]",
      "mode": "data",
      "type": "aws_region",
      "name": "current",
      "provider": "provider[\"registry.terraform.io/hashicorp/aws\"]",
      "instances": [
        {
          "schema_version": 0,
          "attributes": {
            "description": "Europe (Paris)",
            "endpoint": "ec2.eu-west-3.amazonaws.com",
            "id": "eu-west-3",
            "name": "eu-west-3"
          },
          "sensitive_attributes": []
        }
      ]
    },
    {
      "module": "module.ecs.module.service[\"frontend\"]",
      "mode": "data",
      "type": "aws_subnet",
      "name": "this",
      "provider": "provider[\"registry.terraform.io/hashicorp/aws\"]",
      "instances": [
        {
          "index_key": 0,
          "schema_version": 0,
          "attributes": {
            "arn": "arn:aws:ec2:eu-west-3:337671252064:subnet/subnet-04fa3044522cea927",
            "assign_ipv6_address_on_creation": false,
            "availability_zone": "eu-west-3a",
            "availability_zone_id": "euw3-az1",
            "available_ip_address_count": 250,
            "cidr_block": "10.0.48.0/24",
            "customer_owned_ipv4_pool": "",
            "default_for_az": false,
            "enable_dns64": false,
            "enable_lni_at_device_index": 0,
            "enable_resource_name_dns_a_record_on_launch": false,
            "enable_resource_name_dns_aaaa_record_on_launch": false,
            "filter": null,
            "id": "subnet-04fa3044522cea927",
            "ipv6_cidr_block": "",
            "ipv6_cidr_block_association_id": "",
            "ipv6_native": false,
            "map_customer_owned_ip_on_launch": false,
            "map_public_ip_on_launch": false,
            "outpost_arn": "",
            "owner_id": "337671252064",
            "private_dns_hostname_type_on_launch": "ip-name",
            "state": "available",
            "tags": {
              "Example": "test",
              "Name": "test",
              "Repository": "337671252064.dkr.ecr.eu-west-3.amazonaws.com/central-service:latest"
            },
            "timeouts": null,
            "vpc_id": "vpc-0010d4896602f5ae9"
          },
          "sensitive_attributes": []
        }
      ]
    },
    {
      "module": "module.ecs.module.service[\"frontend\"]",
      "mode": "managed",
      "type": "aws_appautoscaling_policy",
      "name": "this",
      "provider": "provider[\"registry.terraform.io/hashicorp/aws\"]",
      "instances": [
        {
          "index_key": "cpu",
          "schema_version": 0,
          "attributes": {
            "alarm_arns": [
              "arn:aws:cloudwatch:eu-west-3:337671252064:alarm:TargetTracking-service/test/frontend-AlarmHigh-396035c3-ed48-4096-bd92-2376e7f31115",
              "arn:aws:cloudwatch:eu-west-3:337671252064:alarm:TargetTracking-service/test/frontend-AlarmLow-0f73df23-f938-4f76-84b0-6e59b0e1fe8f"
            ],
            "arn": "arn:aws:autoscaling:eu-west-3:337671252064:scalingPolicy:26ba6076-735c-4f2a-9931-b5da9958266c:resource/ecs/service/test/frontend:policyName/cpu",
            "id": "cpu",
            "name": "cpu",
            "policy_type": "TargetTrackingScaling",
            "resource_id": "service/test/frontend",
            "scalable_dimension": "ecs:service:DesiredCount",
            "service_namespace": "ecs",
            "step_scaling_policy_configuration": [],
            "target_tracking_scaling_policy_configuration": [
              {
                "customized_metric_specification": [],
                "disable_scale_in": false,
                "predefined_metric_specification": [
                  {
                    "predefined_metric_type": "ECSServiceAverageCPUUtilization",
                    "resource_label": ""
                  }
                ],
                "scale_in_cooldown": 300,
                "scale_out_cooldown": 60,
                "target_value": 75
              }
            ]
          },
          "sensitive_attributes": [],
          "private": "bnVsbA==",
          "dependencies": [
            "aws_service_discovery_http_namespace.this",
            "data.aws_availability_zones.available",
            "module.alb.aws_lb_target_group.this",
            "module.alb.aws_security_group.this",
            "module.ecs.module.cluster.aws_cloudwatch_log_group.this",
            "module.ecs.module.cluster.aws_ecs_cluster.this",
            "module.ecs.module.service.aws_appautoscaling_target.this",
            "module.ecs.module.service.aws_ecs_service.ignore_task_definition",
            "module.ecs.module.service.aws_ecs_service.this",
            "module.ecs.module.service.aws_ecs_task_definition.this",
            "module.ecs.module.service.aws_iam_policy.service",
            "module.ecs.module.service.aws_iam_role.service",
            "module.ecs.module.service.aws_iam_role.task_exec",
            "module.ecs.module.service.aws_iam_role.tasks",
            "module.ecs.module.service.aws_iam_role_policy_attachment.service",
            "module.ecs.module.service.aws_security_group.this",
            "module.ecs.module.service.data.aws_caller_identity.current",
            "module.ecs.module.service.data.aws_ecs_task_definition.this",
            "module.ecs.module.service.data.aws_iam_policy_document.service",
            "module.ecs.module.service.data.aws_iam_policy_document.service_assume",
            "module.ecs.module.service.data.aws_iam_policy_document.task_exec_assume",
            "module.ecs.module.service.data.aws_iam_policy_document.tasks_assume",
            "module.ecs.module.service.data.aws_partition.current",
            "module.ecs.module.service.data.aws_region.current",
            "module.ecs.module.service.data.aws_subnet.this",
            "module.ecs.module.service.module.container_definition.aws_cloudwatch_log_group.this",
            "module.ecs.module.service.module.container_definition.data.aws_region.current",
            "module.vpc.aws_subnet.public",
            "module.vpc.aws_vpc.this",
            "module.vpc.aws_vpc_ipv4_cidr_block_association.this"
          ]
        },
        {
          "index_key": "memory",
          "schema_version": 0,
          "attributes": {
            "alarm_arns": [
              "arn:aws:cloudwatch:eu-west-3:337671252064:alarm:TargetTracking-service/test/frontend-AlarmHigh-d218df9f-ddd3-46a4-bdf9-6bf645809d0a",
              "arn:aws:cloudwatch:eu-west-3:337671252064:alarm:TargetTracking-service/test/frontend-AlarmLow-76c88bf2-b052-4758-a626-af93fff572cd"
            ],
            "arn": "arn:aws:autoscaling:eu-west-3:337671252064:scalingPolicy:26ba6076-735c-4f2a-9931-b5da9958266c:resource/ecs/service/test/frontend:policyName/memory",
            "id": "memory",
            "name": "memory",
            "policy_type": "TargetTrackingScaling",
            "resource_id": "service/test/frontend",
            "scalable_dimension": "ecs:service:DesiredCount",
            "service_namespace": "ecs",
            "step_scaling_policy_configuration": [],
            "target_tracking_scaling_policy_configuration": [
              {
                "customized_metric_specification": [],
                "disable_scale_in": false,
                "predefined_metric_specification": [
                  {
                    "predefined_metric_type": "ECSServiceAverageMemoryUtilization",
                    "resource_label": ""
                  }
                ],
                "scale_in_cooldown": 300,
                "scale_out_cooldown": 60,
                "target_value": 75
              }
            ]
          },
          "sensitive_attributes": [],
          "private": "bnVsbA==",
          "dependencies": [
            "aws_service_discovery_http_namespace.this",
            "data.aws_availability_zones.available",
            "module.alb.aws_lb_target_group.this",
            "module.alb.aws_security_group.this",
            "module.ecs.module.cluster.aws_cloudwatch_log_group.this",
            "module.ecs.module.cluster.aws_ecs_cluster.this",
            "module.ecs.module.service.aws_appautoscaling_target.this",
            "module.ecs.module.service.aws_ecs_service.ignore_task_definition",
            "module.ecs.module.service.aws_ecs_service.this",
            "module.ecs.module.service.aws_ecs_task_definition.this",
            "module.ecs.module.service.aws_iam_policy.service",
            "module.ecs.module.service.aws_iam_role.service",
            "module.ecs.module.service.aws_iam_role.task_exec",
            "module.ecs.module.service.aws_iam_role.tasks",
            "module.ecs.module.service.aws_iam_role_policy_attachment.service",
            "module.ecs.module.service.aws_security_group.this",
            "module.ecs.module.service.data.aws_caller_identity.current",
            "module.ecs.module.service.data.aws_ecs_task_definition.this",
            "module.ecs.module.service.data.aws_iam_policy_document.service",
            "module.ecs.module.service.data.aws_iam_policy_document.service_assume",
            "module.ecs.module.service.data.aws_iam_policy_document.task_exec_assume",
            "module.ecs.module.service.data.aws_iam_policy_document.tasks_assume",
            "module.ecs.module.service.data.aws_partition.current",
            "module.ecs.module.service.data.aws_region.current",
            "module.ecs.module.service.data.aws_subnet.this",
            "module.ecs.module.service.module.container_definition.aws_cloudwatch_log_group.this",
            "module.ecs.module.service.module.container_definition.data.aws_region.current",
            "module.vpc.aws_subnet.public",
            "module.vpc.aws_vpc.this",
            "module.vpc.aws_vpc_ipv4_cidr_block_association.this"
          ]
        }
      ]
    },
    {
      "module": "module.ecs.module.service[\"frontend\"]",
      "mode": "managed",
      "type": "aws_appautoscaling_target",
      "name": "this",
      "provider": "provider[\"registry.terraform.io/hashicorp/aws\"]",
      "instances": [
        {
          "index_key": 0,
          "schema_version": 0,
          "attributes": {
            "arn": "arn:aws:application-autoscaling:eu-west-3:337671252064:scalable-target/0ec526ba6076735c4f2a9931b5da9958266c",
            "id": "service/test/frontend",
            "max_capacity": 10,
            "min_capacity": 1,
            "resource_id": "service/test/frontend",
            "role_arn": "arn:aws:iam::337671252064:role/aws-service-role/ecs.application-autoscaling.amazonaws.com/AWSServiceRoleForApplicationAutoScaling_ECSService",
            "scalable_dimension": "ecs:service:DesiredCount",
            "service_namespace": "ecs",
            "tags": {
              "Example": "test",
              "Name": "test",
              "Repository": "337671252064.dkr.ecr.eu-west-3.amazonaws.com/central-service:latest"
            },
            "tags_all": {
              "Example": "test",
              "Name": "test",
              "Repository": "337671252064.dkr.ecr.eu-west-3.amazonaws.com/central-service:latest"
            }
          },
          "sensitive_attributes": [],
          "private": "bnVsbA==",
          "dependencies": [
            "aws_service_discovery_http_namespace.this",
            "data.aws_availability_zones.available",
            "module.alb.aws_lb_target_group.this",
            "module.alb.aws_security_group.this",
            "module.ecs.module.cluster.aws_cloudwatch_log_group.this",
            "module.ecs.module.cluster.aws_ecs_cluster.this",
            "module.ecs.module.service.aws_ecs_service.ignore_task_definition",
            "module.ecs.module.service.aws_ecs_service.this",
            "module.ecs.module.service.aws_ecs_task_definition.this",
            "module.ecs.module.service.aws_iam_policy.service",
            "module.ecs.module.service.aws_iam_role.service",
            "module.ecs.module.service.aws_iam_role.task_exec",
            "module.ecs.module.service.aws_iam_role.tasks",
            "module.ecs.module.service.aws_iam_role_policy_attachment.service",
            "module.ecs.module.service.aws_security_group.this",
            "module.ecs.module.service.data.aws_caller_identity.current",
            "module.ecs.module.service.data.aws_ecs_task_definition.this",
            "module.ecs.module.service.data.aws_iam_policy_document.service",
            "module.ecs.module.service.data.aws_iam_policy_document.service_assume",
            "module.ecs.module.service.data.aws_iam_policy_document.task_exec_assume",
            "module.ecs.module.service.data.aws_iam_policy_document.tasks_assume",
            "module.ecs.module.service.data.aws_partition.current",
            "module.ecs.module.service.data.aws_region.current",
            "module.ecs.module.service.data.aws_subnet.this",
            "module.ecs.module.service.module.container_definition.aws_cloudwatch_log_group.this",
            "module.ecs.module.service.module.container_definition.data.aws_region.current",
            "module.vpc.aws_subnet.public",
            "module.vpc.aws_vpc.this",
            "module.vpc.aws_vpc_ipv4_cidr_block_association.this"
          ]
        }
      ]
    },
    {
      "module": "module.ecs.module.service[\"frontend\"]",
      "mode": "managed",
      "type": "aws_ecs_service",
      "name": "this",
      "provider": "provider[\"registry.terraform.io/hashicorp/aws\"]",
      "instances": [
        {
          "index_key": 0,
          "schema_version": 0,
          "attributes": {
            "alarms": [],
            "capacity_provider_strategy": [],
            "cluster": "arn:aws:ecs:eu-west-3:337671252064:cluster/test",
            "deployment_circuit_breaker": [
              {
                "enable": false,
                "rollback": false
              }
            ],
            "deployment_controller": [
              {
                "type": "ECS"
              }
            ],
            "deployment_maximum_percent": 200,
            "deployment_minimum_healthy_percent": 66,
            "desired_count": 1,
            "enable_ecs_managed_tags": true,
            "enable_execute_command": false,
            "force_new_deployment": true,
            "health_check_grace_period_seconds": 0,
            "iam_role": "/aws-service-role/ecs.amazonaws.com/AWSServiceRoleForECS",
            "id": "arn:aws:ecs:eu-west-3:337671252064:service/test/frontend",
            "launch_type": "FARGATE",
            "load_balancer": [
              {
                "container_name": "frontend",
                "container_port": 3000,
                "elb_name": "",
                "target_group_arn": "arn:aws:elasticloadbalancing:eu-west-3:337671252064:targetgroup/tf-20240214124430074100000005/0d5de036f72cd677"
              }
            ],
            "name": "frontend",
            "network_configuration": [
              {
                "assign_public_ip": true,
                "security_groups": [
                  "sg-05525678f4326a2cd"
                ],
                "subnets": [
                  "subnet-04fa3044522cea927",
                  "subnet-09edf0c272b115ce6",
                  "subnet-0a513f6a38ffc9213"
                ]
              }
            ],
            "ordered_placement_strategy": [],
            "placement_constraints": [],
            "platform_version": "LATEST",
            "propagate_tags": "NONE",
            "scheduling_strategy": "REPLICA",
            "service_connect_configuration": [
              {
                "enabled": true,
                "log_configuration": [],
                "namespace": "arn:aws:servicediscovery:eu-west-3:337671252064:namespace/ns-ilsb6gsewgahzdp4",
                "service": [
                  {
                    "client_alias": [
                      {
                        "dns_name": "frontend",
                        "port": 3000
                      }
                    ],
                    "discovery_name": "frontend",
                    "ingress_port_override": 0,
                    "port_name": "frontend"
                  }
                ]
              }
            ],
            "service_registries": [],
            "tags": {
              "Example": "test",
              "Name": "test",
              "Repository": "337671252064.dkr.ecr.eu-west-3.amazonaws.com/central-service:latest"
            },
            "tags_all": {
              "Example": "test",
              "Name": "test",
              "Repository": "337671252064.dkr.ecr.eu-west-3.amazonaws.com/central-service:latest"
            },
            "task_definition": "frontend:5",
            "timeouts": {
              "create": null,
              "delete": null,
              "update": null
            },
            "triggers": {},
            "wait_for_steady_state": false
          },
          "sensitive_attributes": [],
          "private": "eyJlMmJmYjczMC1lY2FhLTExZTYtOGY4OC0zNDM2M2JjN2M0YzAiOnsiY3JlYXRlIjoxMjAwMDAwMDAwMDAwLCJkZWxldGUiOjEyMDAwMDAwMDAwMDAsInVwZGF0ZSI6MTIwMDAwMDAwMDAwMH19",
          "dependencies": [
            "aws_service_discovery_http_namespace.this",
            "data.aws_availability_zones.available",
            "module.alb.aws_lb_target_group.this",
            "module.alb.aws_security_group.this",
            "module.ecs.module.cluster.aws_cloudwatch_log_group.this",
            "module.ecs.module.cluster.aws_ecs_cluster.this",
            "module.ecs.module.service.aws_ecs_task_definition.this",
            "module.ecs.module.service.aws_iam_policy.service",
            "module.ecs.module.service.aws_iam_role.service",
            "module.ecs.module.service.aws_iam_role.task_exec",
            "module.ecs.module.service.aws_iam_role.tasks",
            "module.ecs.module.service.aws_iam_role_policy_attachment.service",
            "module.ecs.module.service.aws_security_group.this",
            "module.ecs.module.service.data.aws_caller_identity.current",
            "module.ecs.module.service.data.aws_ecs_task_definition.this",
            "module.ecs.module.service.data.aws_iam_policy_document.service",
            "module.ecs.module.service.data.aws_iam_policy_document.service_assume",
            "module.ecs.module.service.data.aws_iam_policy_document.task_exec_assume",
            "module.ecs.module.service.data.aws_iam_policy_document.tasks_assume",
            "module.ecs.module.service.data.aws_partition.current",
            "module.ecs.module.service.data.aws_region.current",
            "module.ecs.module.service.data.aws_subnet.this",
            "module.ecs.module.service.module.container_definition.aws_cloudwatch_log_group.this",
            "module.ecs.module.service.module.container_definition.data.aws_region.current",
            "module.vpc.aws_subnet.public",
            "module.vpc.aws_vpc.this",
            "module.vpc.aws_vpc_ipv4_cidr_block_association.this"
          ]
        }
      ]
    },
    {
      "module": "module.ecs.module.service[\"frontend\"]",
      "mode": "managed",
      "type": "aws_ecs_task_definition",
      "name": "this",
      "provider": "provider[\"registry.terraform.io/hashicorp/aws\"]",
      "instances": [
        {
          "index_key": 0,
          "schema_version": 1,
          "attributes": {
            "arn": "arn:aws:ecs:eu-west-3:337671252064:task-definition/frontend:5",
            "arn_without_revision": "arn:aws:ecs:eu-west-3:337671252064:task-definition/frontend",
            "container_definitions": "[{\"cpu\":512,\"environment\":[],\"essential\":true,\"image\":\"337671252064.dkr.ecr.eu-west-3.amazonaws.com/central-service:latest\",\"interactive\":false,\"linuxParameters\":{\"initProcessEnabled\":false},\"logConfiguration\":{\"logDriver\":\"awslogs\",\"options\":{\"awslogs-group\":\"/aws/ecs/frontend/frontend\",\"awslogs-region\":\"eu-west-3\",\"awslogs-stream-prefix\":\"ecs\"}},\"memory\":1024,\"memoryReservation\":100,\"mountPoints\":[],\"name\":\"frontend\",\"portMappings\":[{\"containerPort\":3000,\"hostPort\":3000,\"name\":\"frontend\",\"protocol\":\"tcp\"}],\"privileged\":false,\"pseudoTerminal\":false,\"readonlyRootFilesystem\":false,\"startTimeout\":30,\"stopTimeout\":120,\"user\":\"0\",\"volumesFrom\":[]}]",
            "cpu": "1024",
            "ephemeral_storage": [],
            "execution_role_arn": "arn:aws:iam::337671252064:role/frontend-2024021412450073960000000a",
            "family": "frontend",
            "id": "frontend",
            "inference_accelerator": [],
            "ipc_mode": "",
            "memory": "4096",
            "network_mode": "awsvpc",
            "pid_mode": "",
            "placement_constraints": [],
            "proxy_configuration": [],
            "requires_compatibilities": [
              "FARGATE"
            ],
            "revision": 5,
            "runtime_platform": [
              {
                "cpu_architecture": "X86_64",
                "operating_system_family": "LINUX"
              }
            ],
            "skip_destroy": false,
            "tags": {
              "Example": "test",
              "Name": "test",
              "Repository": "337671252064.dkr.ecr.eu-west-3.amazonaws.com/central-service:latest"
            },
            "tags_all": {
              "Example": "test",
              "Name": "test",
              "Repository": "337671252064.dkr.ecr.eu-west-3.amazonaws.com/central-service:latest"
            },
            "task_role_arn": "arn:aws:iam::337671252064:role/frontend-20240214124500738500000007",
            "volume": []
          },
          "sensitive_attributes": [],
          "private": "eyJzY2hlbWFfdmVyc2lvbiI6IjEifQ==",
          "dependencies": [
            "aws_service_discovery_http_namespace.this",
            "data.aws_availability_zones.available",
            "module.alb.aws_lb_target_group.this",
            "module.alb.aws_security_group.this",
            "module.ecs.module.service.aws_iam_role.task_exec",
            "module.ecs.module.service.aws_iam_role.tasks",
            "module.ecs.module.service.data.aws_caller_identity.current",
            "module.ecs.module.service.data.aws_iam_policy_document.task_exec_assume",
            "module.ecs.module.service.data.aws_iam_policy_document.tasks_assume",
            "module.ecs.module.service.data.aws_partition.current",
            "module.ecs.module.service.data.aws_region.current",
            "module.ecs.module.service.module.container_definition.aws_cloudwatch_log_group.this",
            "module.ecs.module.service.module.container_definition.data.aws_region.current",
            "module.vpc.aws_subnet.public",
            "module.vpc.aws_vpc.this",
            "module.vpc.aws_vpc_ipv4_cidr_block_association.this"
          ],
          "create_before_destroy": true
        }
      ]
    },
    {
      "module": "module.ecs.module.service[\"frontend\"]",
      "mode": "managed",
      "type": "aws_iam_policy",
      "name": "task_exec",
      "provider": "provider[\"registry.terraform.io/hashicorp/aws\"]",
      "instances": [
        {
          "index_key": 0,
          "schema_version": 0,
          "attributes": {
            "arn": "arn:aws:iam::337671252064:policy/frontend-20240214124502096200000013",
            "description": "Task execution role IAM policy",
            "id": "arn:aws:iam::337671252064:policy/frontend-20240214124502096200000013",
            "name": "frontend-20240214124502096200000013",
            "name_prefix": "frontend-",
            "path": "/",
            "policy": "{\"Statement\":[{\"Action\":[\"logs:PutLogEvents\",\"logs:CreateLogStream\"],\"Effect\":\"Allow\",\"Resource\":\"*\",\"Sid\":\"Logs\"},{\"Action\":[\"ecr:GetDownloadUrlForLayer\",\"ecr:GetAuthorizationToken\",\"ecr:BatchGetImage\",\"ecr:BatchCheckLayerAvailability\"],\"Effect\":\"Allow\",\"Resource\":\"*\",\"Sid\":\"ECR\"},{\"Action\":\"ssm:GetParameters\",\"Effect\":\"Allow\",\"Resource\":\"arn:aws:ssm:*:*:parameter/*\",\"Sid\":\"GetSSMParams\"},{\"Action\":\"secretsmanager:GetSecretValue\",\"Effect\":\"Allow\",\"Resource\":\"arn:aws:secretsmanager:*:*:secret:*\",\"Sid\":\"GetSecrets\"}],\"Version\":\"2012-10-17\"}",
            "policy_id": "ANPAU5HWGNBQHFTULXGJ7",
            "tags": {
              "Example": "test",
              "Name": "test",
              "Repository": "337671252064.dkr.ecr.eu-west-3.amazonaws.com/central-service:latest"
            },
            "tags_all": {
              "Example": "test",
              "Name": "test",
              "Repository": "337671252064.dkr.ecr.eu-west-3.amazonaws.com/central-service:latest"
            }
          },
          "sensitive_attributes": [],
          "private": "bnVsbA==",
          "dependencies": [
            "aws_service_discovery_http_namespace.this",
            "data.aws_availability_zones.available",
            "module.alb.aws_lb_target_group.this",
            "module.alb.aws_security_group.this",
            "module.ecs.module.service.data.aws_iam_policy_document.task_exec",
            "module.vpc.aws_subnet.public",
            "module.vpc.aws_vpc.this",
            "module.vpc.aws_vpc_ipv4_cidr_block_association.this"
          ]
        }
      ]
    },
    {
      "module": "module.ecs.module.service[\"frontend\"]",
      "mode": "managed",
      "type": "aws_iam_role",
      "name": "task_exec",
      "provider": "provider[\"registry.terraform.io/hashicorp/aws\"]",
      "instances": [
        {
          "index_key": 0,
          "schema_version": 0,
          "attributes": {
            "arn": "arn:aws:iam::337671252064:role/frontend-2024021412450073960000000a",
            "assume_role_policy": "{\"Statement\":[{\"Action\":\"sts:AssumeRole\",\"Effect\":\"Allow\",\"Principal\":{\"Service\":\"ecs-tasks.amazonaws.com\"},\"Sid\":\"ECSTaskExecutionAssumeRole\"}],\"Version\":\"2012-10-17\"}",
            "create_date": "2024-02-14T12:45:01Z",
            "description": "Task execution role for frontend",
            "force_detach_policies": true,
            "id": "frontend-2024021412450073960000000a",
            "inline_policy": [],
            "managed_policy_arns": [],
            "max_session_duration": 3600,
            "name": "frontend-2024021412450073960000000a",
            "name_prefix": "frontend-",
            "path": "/",
            "permissions_boundary": "",
            "tags": {
              "Example": "test",
              "Name": "test",
              "Repository": "337671252064.dkr.ecr.eu-west-3.amazonaws.com/central-service:latest"
            },
            "tags_all": {
              "Example": "test",
              "Name": "test",
              "Repository": "337671252064.dkr.ecr.eu-west-3.amazonaws.com/central-service:latest"
            },
            "unique_id": "AROAU5HWGNBQKDY2LTLSC"
          },
          "sensitive_attributes": [],
          "private": "bnVsbA==",
          "dependencies": [
            "aws_service_discovery_http_namespace.this",
            "data.aws_availability_zones.available",
            "module.alb.aws_lb_target_group.this",
            "module.alb.aws_security_group.this",
            "module.ecs.module.service.data.aws_iam_policy_document.task_exec_assume",
            "module.vpc.aws_subnet.public",
            "module.vpc.aws_vpc.this",
            "module.vpc.aws_vpc_ipv4_cidr_block_association.this"
          ],
          "create_before_destroy": true
        }
      ]
    },
    {
      "module": "module.ecs.module.service[\"frontend\"]",
      "mode": "managed",
      "type": "aws_iam_role",
      "name": "tasks",
      "provider": "provider[\"registry.terraform.io/hashicorp/aws\"]",
      "instances": [
        {
          "index_key": 0,
          "schema_version": 0,
          "attributes": {
            "arn": "arn:aws:iam::337671252064:role/frontend-20240214124500738500000007",
            "assume_role_policy": "{\"Statement\":[{\"Action\":\"sts:AssumeRole\",\"Condition\":{\"ArnLike\":{\"aws:SourceArn\":\"arn:aws:ecs:eu-west-3:337671252064:*\"},\"StringEquals\":{\"aws:SourceAccount\":\"337671252064\"}},\"Effect\":\"Allow\",\"Principal\":{\"Service\":\"ecs-tasks.amazonaws.com\"},\"Sid\":\"ECSTasksAssumeRole\"}],\"Version\":\"2012-10-17\"}",
            "create_date": "2024-02-14T12:45:01Z",
            "description": "",
            "force_detach_policies": true,
            "id": "frontend-20240214124500738500000007",
            "inline_policy": [],
            "managed_policy_arns": [],
            "max_session_duration": 3600,
            "name": "frontend-20240214124500738500000007",
            "name_prefix": "frontend-",
            "path": "/",
            "permissions_boundary": "",
            "tags": {
              "Example": "test",
              "Name": "test",
              "Repository": "337671252064.dkr.ecr.eu-west-3.amazonaws.com/central-service:latest"
            },
            "tags_all": {
              "Example": "test",
              "Name": "test",
              "Repository": "337671252064.dkr.ecr.eu-west-3.amazonaws.com/central-service:latest"
            },
            "unique_id": "AROAU5HWGNBQC72WIJL7J"
          },
          "sensitive_attributes": [],
          "private": "bnVsbA==",
          "dependencies": [
            "aws_service_discovery_http_namespace.this",
            "data.aws_availability_zones.available",
            "module.alb.aws_lb_target_group.this",
            "module.alb.aws_security_group.this",
            "module.ecs.module.service.data.aws_caller_identity.current",
            "module.ecs.module.service.data.aws_iam_policy_document.tasks_assume",
            "module.ecs.module.service.data.aws_partition.current",
            "module.ecs.module.service.data.aws_region.current",
            "module.vpc.aws_subnet.public",
            "module.vpc.aws_vpc.this",
            "module.vpc.aws_vpc_ipv4_cidr_block_association.this"
          ],
          "create_before_destroy": true
        }
      ]
    },
    {
      "module": "module.ecs.module.service[\"frontend\"]",
      "mode": "managed",
      "type": "aws_iam_role_policy_attachment",
      "name": "task_exec",
      "provider": "provider[\"registry.terraform.io/hashicorp/aws\"]",
      "instances": [
        {
          "index_key": 0,
          "schema_version": 0,
          "attributes": {
            "id": "frontend-2024021412450073960000000a-20240214124503375100000017",
            "policy_arn": "arn:aws:iam::337671252064:policy/frontend-20240214124502096200000013",
            "role": "frontend-2024021412450073960000000a"
          },
          "sensitive_attributes": [],
          "private": "bnVsbA==",
          "dependencies": [
            "aws_service_discovery_http_namespace.this",
            "data.aws_availability_zones.available",
            "module.alb.aws_lb_target_group.this",
            "module.alb.aws_security_group.this",
            "module.ecs.module.service.aws_iam_policy.task_exec",
            "module.ecs.module.service.aws_iam_role.task_exec",
            "module.ecs.module.service.data.aws_iam_policy_document.task_exec",
            "module.ecs.module.service.data.aws_iam_policy_document.task_exec_assume",
            "module.vpc.aws_subnet.public",
            "module.vpc.aws_vpc.this",
            "module.vpc.aws_vpc_ipv4_cidr_block_association.this"
          ]
        }
      ]
    },
    {
      "module": "module.ecs.module.service[\"frontend\"]",
      "mode": "managed",
      "type": "aws_security_group",
      "name": "this",
      "provider": "provider[\"registry.terraform.io/hashicorp/aws\"]",
      "instances": [
        {
          "index_key": 0,
          "schema_version": 1,
          "attributes": {
            "arn": "arn:aws:ec2:eu-west-3:337671252064:security-group/sg-05525678f4326a2cd",
            "description": "Managed by Terraform",
            "egress": [],
            "id": "sg-05525678f4326a2cd",
            "ingress": [],
            "name": "frontend-20240214124501981500000010",
            "name_prefix": "frontend-",
            "owner_id": "337671252064",
            "revoke_rules_on_delete": false,
            "tags": {
              "Example": "test",
              "Name": "test",
              "Repository": "337671252064.dkr.ecr.eu-west-3.amazonaws.com/central-service:latest"
            },
            "tags_all": {
              "Example": "test",
              "Name": "test",
              "Repository": "337671252064.dkr.ecr.eu-west-3.amazonaws.com/central-service:latest"
            },
            "timeouts": null,
            "vpc_id": "vpc-0010d4896602f5ae9"
          },
          "sensitive_attributes": [],
          "private": "eyJlMmJmYjczMC1lY2FhLTExZTYtOGY4OC0zNDM2M2JjN2M0YzAiOnsiY3JlYXRlIjo2MDAwMDAwMDAwMDAsImRlbGV0ZSI6OTAwMDAwMDAwMDAwfSwic2NoZW1hX3ZlcnNpb24iOiIxIn0=",
          "dependencies": [
            "aws_service_discovery_http_namespace.this",
            "data.aws_availability_zones.available",
            "module.alb.aws_lb_target_group.this",
            "module.alb.aws_security_group.this",
            "module.ecs.module.service.data.aws_subnet.this",
            "module.vpc.aws_subnet.public",
            "module.vpc.aws_vpc.this",
            "module.vpc.aws_vpc_ipv4_cidr_block_association.this"
          ],
          "create_before_destroy": true
        }
      ]
    },
    {
      "module": "module.ecs.module.service[\"frontend\"]",
      "mode": "managed",
      "type": "aws_security_group_rule",
      "name": "this",
      "provider": "provider[\"registry.terraform.io/hashicorp/aws\"]",
      "instances": [
        {
          "index_key": "alb_ingress_3000",
          "schema_version": 2,
          "attributes": {
            "cidr_blocks": null,
            "description": "Service port",
            "from_port": 3000,
            "id": "sgrule-3962493584",
            "ipv6_cidr_blocks": null,
            "prefix_list_ids": null,
            "protocol": "tcp",
            "security_group_id": "sg-05525678f4326a2cd",
            "security_group_rule_id": "sgr-0949c0c9393163707",
            "self": false,
            "source_security_group_id": "sg-0c8e5f9d6148bd3fd",
            "timeouts": null,
            "to_port": 3000,
            "type": "ingress"
          },
          "sensitive_attributes": [],
          "private": "eyJlMmJmYjczMC1lY2FhLTExZTYtOGY4OC0zNDM2M2JjN2M0YzAiOnsiY3JlYXRlIjozMDAwMDAwMDAwMDB9LCJzY2hlbWFfdmVyc2lvbiI6IjIifQ==",
          "dependencies": [
            "aws_service_discovery_http_namespace.this",
            "data.aws_availability_zones.available",
            "module.alb.aws_lb_target_group.this",
            "module.alb.aws_security_group.this",
            "module.ecs.module.service.aws_security_group.this",
            "module.ecs.module.service.data.aws_subnet.this",
            "module.vpc.aws_subnet.public",
            "module.vpc.aws_vpc.this",
            "module.vpc.aws_vpc_ipv4_cidr_block_association.this"
          ]
        },
        {
          "index_key": "egress_all",
          "schema_version": 2,
          "attributes": {
            "cidr_blocks": [
              "0.0.0.0/0"
            ],
            "description": null,
            "from_port": 0,
            "id": "sgrule-547479875",
            "ipv6_cidr_blocks": null,
            "prefix_list_ids": null,
            "protocol": "-1",
            "security_group_id": "sg-05525678f4326a2cd",
            "security_group_rule_id": "sgr-085ef063e342023b8",
            "self": false,
            "source_security_group_id": null,
            "timeouts": null,
            "to_port": 0,
            "type": "egress"
          },
          "sensitive_attributes": [],
          "private": "eyJlMmJmYjczMC1lY2FhLTExZTYtOGY4OC0zNDM2M2JjN2M0YzAiOnsiY3JlYXRlIjozMDAwMDAwMDAwMDB9LCJzY2hlbWFfdmVyc2lvbiI6IjIifQ==",
          "dependencies": [
            "aws_service_discovery_http_namespace.this",
            "data.aws_availability_zones.available",
            "module.alb.aws_lb_target_group.this",
            "module.alb.aws_security_group.this",
            "module.ecs.module.service.aws_security_group.this",
            "module.ecs.module.service.data.aws_subnet.this",
            "module.vpc.aws_subnet.public",
            "module.vpc.aws_vpc.this",
            "module.vpc.aws_vpc_ipv4_cidr_block_association.this"
          ]
        }
      ]
    },
    {
      "module": "module.ecs.module.service[\"frontend\"].module.container_definition[\"frontend\"]",
      "mode": "data",
      "type": "aws_region",
      "name": "current",
      "provider": "provider[\"registry.terraform.io/hashicorp/aws\"]",
      "instances": [
        {
          "schema_version": 0,
          "attributes": {
            "description": "Europe (Paris)",
            "endpoint": "ec2.eu-west-3.amazonaws.com",
            "id": "eu-west-3",
            "name": "eu-west-3"
          },
          "sensitive_attributes": []
        }
      ]
    },
    {
      "module": "module.ecs.module.service[\"frontend\"].module.container_definition[\"frontend\"]",
      "mode": "managed",
      "type": "aws_cloudwatch_log_group",
      "name": "this",
      "provider": "provider[\"registry.terraform.io/hashicorp/aws\"]",
      "instances": [
        {
          "index_key": 0,
          "schema_version": 0,
          "attributes": {
            "arn": "arn:aws:logs:eu-west-3:337671252064:log-group:/aws/ecs/frontend/frontend",
            "id": "/aws/ecs/frontend/frontend",
            "kms_key_id": "",
            "log_group_class": "STANDARD",
            "name": "/aws/ecs/frontend/frontend",
            "name_prefix": "",
            "retention_in_days": 14,
            "skip_destroy": false,
            "tags": {
              "Example": "test",
              "Name": "test",
              "Repository": "337671252064.dkr.ecr.eu-west-3.amazonaws.com/central-service:latest"
            },
            "tags_all": {
              "Example": "test",
              "Name": "test",
              "Repository": "337671252064.dkr.ecr.eu-west-3.amazonaws.com/central-service:latest"
            }
          },
          "sensitive_attributes": [],
          "private": "bnVsbA==",
          "dependencies": [
            "aws_service_discovery_http_namespace.this",
            "data.aws_availability_zones.available",
            "module.alb.aws_lb_target_group.this",
            "module.alb.aws_security_group.this",
            "module.vpc.aws_subnet.public",
            "module.vpc.aws_vpc.this",
            "module.vpc.aws_vpc_ipv4_cidr_block_association.this"
          ],
          "create_before_destroy": true
        }
      ]
    },
    {
      "module": "module.ecs.module.service[\"streamlit_1\"]",
      "mode": "data",
      "type": "aws_caller_identity",
      "name": "current",
      "provider": "provider[\"registry.terraform.io/hashicorp/aws\"]",
      "instances": [
        {
          "schema_version": 0,
          "attributes": {
            "account_id": "337671252064",
            "arn": "arn:aws:iam::337671252064:user/upwork-deployment",
            "id": "337671252064",
            "user_id": "AIDAU5HWGNBQFKXTOANSO"
          },
          "sensitive_attributes": []
        }
      ]
    },
    {
      "module": "module.ecs.module.service[\"streamlit_1\"]",
      "mode": "data",
      "type": "aws_ecs_task_definition",
      "name": "this",
      "provider": "provider[\"registry.terraform.io/hashicorp/aws\"]",
      "instances": [
        {
          "index_key": 0,
          "schema_version": 0,
          "attributes": {
            "arn": "arn:aws:ecs:eu-west-3:337671252064:task-definition/streamlit_1:5",
            "arn_without_revision": "arn:aws:ecs:eu-west-3:337671252064:task-definition/streamlit_1",
            "execution_role_arn": "arn:aws:iam::337671252064:role/streamlit_1-2024021412450098740000000d",
            "family": "streamlit_1",
            "id": "arn:aws:ecs:eu-west-3:337671252064:task-definition/streamlit_1:5",
            "network_mode": "awsvpc",
            "revision": 5,
            "status": "ACTIVE",
            "task_definition": "streamlit_1",
            "task_role_arn": "arn:aws:iam::337671252064:role/streamlit_1-2024021412450099930000000e"
          },
          "sensitive_attributes": []
        }
      ]
    },
    {
      "module": "module.ecs.module.service[\"streamlit_1\"]",
      "mode": "data",
      "type": "aws_iam_policy_document",
      "name": "task_exec",
      "provider": "provider[\"registry.terraform.io/hashicorp/aws\"]",
      "instances": [
        {
          "index_key": 0,
          "schema_version": 0,
          "attributes": {
            "id": "1415633931",
            "json": "{\n  \"Version\": \"2012-10-17\",\n  \"Statement\": [\n    {\n      \"Sid\": \"Logs\",\n      \"Effect\": \"Allow\",\n      \"Action\": [\n        \"logs:PutLogEvents\",\n        \"logs:CreateLogStream\"\n      ],\n      \"Resource\": \"*\"\n    },\n    {\n      \"Sid\": \"ECR\",\n      \"Effect\": \"Allow\",\n      \"Action\": [\n        \"ecr:GetDownloadUrlForLayer\",\n        \"ecr:GetAuthorizationToken\",\n        \"ecr:BatchGetImage\",\n        \"ecr:BatchCheckLayerAvailability\"\n      ],\n      \"Resource\": \"*\"\n    },\n    {\n      \"Sid\": \"GetSSMParams\",\n      \"Effect\": \"Allow\",\n      \"Action\": \"ssm:GetParameters\",\n      \"Resource\": \"arn:aws:ssm:*:*:parameter/*\"\n    },\n    {\n      \"Sid\": \"GetSecrets\",\n      \"Effect\": \"Allow\",\n      \"Action\": \"secretsmanager:GetSecretValue\",\n      \"Resource\": \"arn:aws:secretsmanager:*:*:secret:*\"\n    }\n  ]\n}",
            "override_policy_documents": null,
            "policy_id": null,
            "source_policy_documents": null,
            "statement": [
              {
                "actions": [
                  "logs:CreateLogStream",
                  "logs:PutLogEvents"
                ],
                "condition": [],
                "effect": "Allow",
                "not_actions": [],
                "not_principals": [],
                "not_resources": [],
                "principals": [],
                "resources": [
                  "*"
                ],
                "sid": "Logs"
              },
              {
                "actions": [
                  "ecr:BatchCheckLayerAvailability",
                  "ecr:BatchGetImage",
                  "ecr:GetAuthorizationToken",
                  "ecr:GetDownloadUrlForLayer"
                ],
                "condition": [],
                "effect": "Allow",
                "not_actions": [],
                "not_principals": [],
                "not_resources": [],
                "principals": [],
                "resources": [
                  "*"
                ],
                "sid": "ECR"
              },
              {
                "actions": [
                  "ssm:GetParameters"
                ],
                "condition": [],
                "effect": "Allow",
                "not_actions": [],
                "not_principals": [],
                "not_resources": [],
                "principals": [],
                "resources": [
                  "arn:aws:ssm:*:*:parameter/*"
                ],
                "sid": "GetSSMParams"
              },
              {
                "actions": [
                  "secretsmanager:GetSecretValue"
                ],
                "condition": [],
                "effect": "Allow",
                "not_actions": [],
                "not_principals": [],
                "not_resources": [],
                "principals": [],
                "resources": [
                  "arn:aws:secretsmanager:*:*:secret:*"
                ],
                "sid": "GetSecrets"
              }
            ],
            "version": "2012-10-17"
          },
          "sensitive_attributes": []
        }
      ]
    },
    {
      "module": "module.ecs.module.service[\"streamlit_1\"]",
      "mode": "data",
      "type": "aws_iam_policy_document",
      "name": "task_exec_assume",
      "provider": "provider[\"registry.terraform.io/hashicorp/aws\"]",
      "instances": [
        {
          "index_key": 0,
          "schema_version": 0,
          "attributes": {
            "id": "2291109037",
            "json": "{\n  \"Version\": \"2012-10-17\",\n  \"Statement\": [\n    {\n      \"Sid\": \"ECSTaskExecutionAssumeRole\",\n      \"Effect\": \"Allow\",\n      \"Action\": \"sts:AssumeRole\",\n      \"Principal\": {\n        \"Service\": \"ecs-tasks.amazonaws.com\"\n      }\n    }\n  ]\n}",
            "override_policy_documents": null,
            "policy_id": null,
            "source_policy_documents": null,
            "statement": [
              {
                "actions": [
                  "sts:AssumeRole"
                ],
                "condition": [],
                "effect": "Allow",
                "not_actions": [],
                "not_principals": [],
                "not_resources": [],
                "principals": [
                  {
                    "identifiers": [
                      "ecs-tasks.amazonaws.com"
                    ],
                    "type": "Service"
                  }
                ],
                "resources": [],
                "sid": "ECSTaskExecutionAssumeRole"
              }
            ],
            "version": "2012-10-17"
          },
          "sensitive_attributes": []
        }
      ]
    },
    {
      "module": "module.ecs.module.service[\"streamlit_1\"]",
      "mode": "data",
      "type": "aws_iam_policy_document",
      "name": "tasks_assume",
      "provider": "provider[\"registry.terraform.io/hashicorp/aws\"]",
      "instances": [
        {
          "index_key": 0,
          "schema_version": 0,
          "attributes": {
            "id": "2820240347",
            "json": "{\n  \"Version\": \"2012-10-17\",\n  \"Statement\": [\n    {\n      \"Sid\": \"ECSTasksAssumeRole\",\n      \"Effect\": \"Allow\",\n      \"Action\": \"sts:AssumeRole\",\n      \"Principal\": {\n        \"Service\": \"ecs-tasks.amazonaws.com\"\n      },\n      \"Condition\": {\n        \"ArnLike\": {\n          \"aws:SourceArn\": \"arn:aws:ecs:eu-west-3:337671252064:*\"\n        },\n        \"StringEquals\": {\n          \"aws:SourceAccount\": \"337671252064\"\n        }\n      }\n    }\n  ]\n}",
            "override_policy_documents": null,
            "policy_id": null,
            "source_policy_documents": null,
            "statement": [
              {
                "actions": [
                  "sts:AssumeRole"
                ],
                "condition": [
                  {
                    "test": "ArnLike",
                    "values": [
                      "arn:aws:ecs:eu-west-3:337671252064:*"
                    ],
                    "variable": "aws:SourceArn"
                  },
                  {
                    "test": "StringEquals",
                    "values": [
                      "337671252064"
                    ],
                    "variable": "aws:SourceAccount"
                  }
                ],
                "effect": "Allow",
                "not_actions": [],
                "not_principals": [],
                "not_resources": [],
                "principals": [
                  {
                    "identifiers": [
                      "ecs-tasks.amazonaws.com"
                    ],
                    "type": "Service"
                  }
                ],
                "resources": [],
                "sid": "ECSTasksAssumeRole"
              }
            ],
            "version": "2012-10-17"
          },
          "sensitive_attributes": []
        }
      ]
    },
    {
      "module": "module.ecs.module.service[\"streamlit_1\"]",
      "mode": "data",
      "type": "aws_partition",
      "name": "current",
      "provider": "provider[\"registry.terraform.io/hashicorp/aws\"]",
      "instances": [
        {
          "schema_version": 0,
          "attributes": {
            "dns_suffix": "amazonaws.com",
            "id": "aws",
            "partition": "aws",
            "reverse_dns_prefix": "com.amazonaws"
          },
          "sensitive_attributes": []
        }
      ]
    },
    {
      "module": "module.ecs.module.service[\"streamlit_1\"]",
      "mode": "data",
      "type": "aws_region",
      "name": "current",
      "provider": "provider[\"registry.terraform.io/hashicorp/aws\"]",
      "instances": [
        {
          "schema_version": 0,
          "attributes": {
            "description": "Europe (Paris)",
            "endpoint": "ec2.eu-west-3.amazonaws.com",
            "id": "eu-west-3",
            "name": "eu-west-3"
          },
          "sensitive_attributes": []
        }
      ]
    },
    {
      "module": "module.ecs.module.service[\"streamlit_1\"]",
      "mode": "data",
      "type": "aws_subnet",
      "name": "this",
      "provider": "provider[\"registry.terraform.io/hashicorp/aws\"]",
      "instances": [
        {
          "index_key": 0,
          "schema_version": 0,
          "attributes": {
            "arn": "arn:aws:ec2:eu-west-3:337671252064:subnet/subnet-04fa3044522cea927",
            "assign_ipv6_address_on_creation": false,
            "availability_zone": "eu-west-3a",
            "availability_zone_id": "euw3-az1",
            "available_ip_address_count": 250,
            "cidr_block": "10.0.48.0/24",
            "customer_owned_ipv4_pool": "",
            "default_for_az": false,
            "enable_dns64": false,
            "enable_lni_at_device_index": 0,
            "enable_resource_name_dns_a_record_on_launch": false,
            "enable_resource_name_dns_aaaa_record_on_launch": false,
            "filter": null,
            "id": "subnet-04fa3044522cea927",
            "ipv6_cidr_block": "",
            "ipv6_cidr_block_association_id": "",
            "ipv6_native": false,
            "map_customer_owned_ip_on_launch": false,
            "map_public_ip_on_launch": false,
            "outpost_arn": "",
            "owner_id": "337671252064",
            "private_dns_hostname_type_on_launch": "ip-name",
            "state": "available",
            "tags": {
              "Example": "test",
              "Name": "test",
              "Repository": "337671252064.dkr.ecr.eu-west-3.amazonaws.com/central-service:latest"
            },
            "timeouts": null,
            "vpc_id": "vpc-0010d4896602f5ae9"
          },
          "sensitive_attributes": []
        }
      ]
    },
    {
      "module": "module.ecs.module.service[\"streamlit_1\"]",
      "mode": "managed",
      "type": "aws_appautoscaling_policy",
      "name": "this",
      "provider": "provider[\"registry.terraform.io/hashicorp/aws\"]",
      "instances": [
        {
          "index_key": "cpu",
          "schema_version": 0,
          "attributes": {
            "alarm_arns": [
              "arn:aws:cloudwatch:eu-west-3:337671252064:alarm:TargetTracking-service/test/streamlit_1-AlarmHigh-74fe766e-c8cd-4c83-9857-b2ee9eaa6b86",
              "arn:aws:cloudwatch:eu-west-3:337671252064:alarm:TargetTracking-service/test/streamlit_1-AlarmLow-b332c6ef-0eac-482a-ae95-be92d7fa4b5b"
            ],
            "arn": "arn:aws:autoscaling:eu-west-3:337671252064:scalingPolicy:5d30b711-22f9-4933-aa07-609ce2090de7:resource/ecs/service/test/streamlit_1:policyName/cpu",
            "id": "cpu",
            "name": "cpu",
            "policy_type": "TargetTrackingScaling",
            "resource_id": "service/test/streamlit_1",
            "scalable_dimension": "ecs:service:DesiredCount",
            "service_namespace": "ecs",
            "step_scaling_policy_configuration": [],
            "target_tracking_scaling_policy_configuration": [
              {
                "customized_metric_specification": [],
                "disable_scale_in": false,
                "predefined_metric_specification": [
                  {
                    "predefined_metric_type": "ECSServiceAverageCPUUtilization",
                    "resource_label": ""
                  }
                ],
                "scale_in_cooldown": 300,
                "scale_out_cooldown": 60,
                "target_value": 75
              }
            ]
          },
          "sensitive_attributes": [],
          "private": "bnVsbA==",
          "dependencies": [
            "aws_service_discovery_http_namespace.this",
            "data.aws_availability_zones.available",
            "module.alb.aws_lb_target_group.this",
            "module.alb.aws_security_group.this",
            "module.ecs.module.cluster.aws_cloudwatch_log_group.this",
            "module.ecs.module.cluster.aws_ecs_cluster.this",
            "module.ecs.module.service.aws_appautoscaling_target.this",
            "module.ecs.module.service.aws_ecs_service.ignore_task_definition",
            "module.ecs.module.service.aws_ecs_service.this",
            "module.ecs.module.service.aws_ecs_task_definition.this",
            "module.ecs.module.service.aws_iam_policy.service",
            "module.ecs.module.service.aws_iam_role.service",
            "module.ecs.module.service.aws_iam_role.task_exec",
            "module.ecs.module.service.aws_iam_role.tasks",
            "module.ecs.module.service.aws_iam_role_policy_attachment.service",
            "module.ecs.module.service.aws_security_group.this",
            "module.ecs.module.service.data.aws_caller_identity.current",
            "module.ecs.module.service.data.aws_ecs_task_definition.this",
            "module.ecs.module.service.data.aws_iam_policy_document.service",
            "module.ecs.module.service.data.aws_iam_policy_document.service_assume",
            "module.ecs.module.service.data.aws_iam_policy_document.task_exec_assume",
            "module.ecs.module.service.data.aws_iam_policy_document.tasks_assume",
            "module.ecs.module.service.data.aws_partition.current",
            "module.ecs.module.service.data.aws_region.current",
            "module.ecs.module.service.data.aws_subnet.this",
            "module.ecs.module.service.module.container_definition.aws_cloudwatch_log_group.this",
            "module.ecs.module.service.module.container_definition.data.aws_region.current",
            "module.vpc.aws_subnet.public",
            "module.vpc.aws_vpc.this",
            "module.vpc.aws_vpc_ipv4_cidr_block_association.this"
          ]
        },
        {
          "index_key": "memory",
          "schema_version": 0,
          "attributes": {
            "alarm_arns": [
              "arn:aws:cloudwatch:eu-west-3:337671252064:alarm:TargetTracking-service/test/streamlit_1-AlarmHigh-eea86e79-eee2-4cd9-99cf-8a3d8cfe72e0",
              "arn:aws:cloudwatch:eu-west-3:337671252064:alarm:TargetTracking-service/test/streamlit_1-AlarmLow-aa858fa1-9c5e-43f6-8f2a-eb17daf94852"
            ],
            "arn": "arn:aws:autoscaling:eu-west-3:337671252064:scalingPolicy:5d30b711-22f9-4933-aa07-609ce2090de7:resource/ecs/service/test/streamlit_1:policyName/memory",
            "id": "memory",
            "name": "memory",
            "policy_type": "TargetTrackingScaling",
            "resource_id": "service/test/streamlit_1",
            "scalable_dimension": "ecs:service:DesiredCount",
            "service_namespace": "ecs",
            "step_scaling_policy_configuration": [],
            "target_tracking_scaling_policy_configuration": [
              {
                "customized_metric_specification": [],
                "disable_scale_in": false,
                "predefined_metric_specification": [
                  {
                    "predefined_metric_type": "ECSServiceAverageMemoryUtilization",
                    "resource_label": ""
                  }
                ],
                "scale_in_cooldown": 300,
                "scale_out_cooldown": 60,
                "target_value": 75
              }
            ]
          },
          "sensitive_attributes": [],
          "private": "bnVsbA==",
          "dependencies": [
            "aws_service_discovery_http_namespace.this",
            "data.aws_availability_zones.available",
            "module.alb.aws_lb_target_group.this",
            "module.alb.aws_security_group.this",
            "module.ecs.module.cluster.aws_cloudwatch_log_group.this",
            "module.ecs.module.cluster.aws_ecs_cluster.this",
            "module.ecs.module.service.aws_appautoscaling_target.this",
            "module.ecs.module.service.aws_ecs_service.ignore_task_definition",
            "module.ecs.module.service.aws_ecs_service.this",
            "module.ecs.module.service.aws_ecs_task_definition.this",
            "module.ecs.module.service.aws_iam_policy.service",
            "module.ecs.module.service.aws_iam_role.service",
            "module.ecs.module.service.aws_iam_role.task_exec",
            "module.ecs.module.service.aws_iam_role.tasks",
            "module.ecs.module.service.aws_iam_role_policy_attachment.service",
            "module.ecs.module.service.aws_security_group.this",
            "module.ecs.module.service.data.aws_caller_identity.current",
            "module.ecs.module.service.data.aws_ecs_task_definition.this",
            "module.ecs.module.service.data.aws_iam_policy_document.service",
            "module.ecs.module.service.data.aws_iam_policy_document.service_assume",
            "module.ecs.module.service.data.aws_iam_policy_document.task_exec_assume",
            "module.ecs.module.service.data.aws_iam_policy_document.tasks_assume",
            "module.ecs.module.service.data.aws_partition.current",
            "module.ecs.module.service.data.aws_region.current",
            "module.ecs.module.service.data.aws_subnet.this",
            "module.ecs.module.service.module.container_definition.aws_cloudwatch_log_group.this",
            "module.ecs.module.service.module.container_definition.data.aws_region.current",
            "module.vpc.aws_subnet.public",
            "module.vpc.aws_vpc.this",
            "module.vpc.aws_vpc_ipv4_cidr_block_association.this"
          ]
        }
      ]
    },
    {
      "module": "module.ecs.module.service[\"streamlit_1\"]",
      "mode": "managed",
      "type": "aws_appautoscaling_target",
      "name": "this",
      "provider": "provider[\"registry.terraform.io/hashicorp/aws\"]",
      "instances": [
        {
          "index_key": 0,
          "schema_version": 0,
          "attributes": {
            "arn": "arn:aws:application-autoscaling:eu-west-3:337671252064:scalable-target/0ec55d30b71122f94933aa07609ce2090de7",
            "id": "service/test/streamlit_1",
            "max_capacity": 10,
            "min_capacity": 1,
            "resource_id": "service/test/streamlit_1",
            "role_arn": "arn:aws:iam::337671252064:role/aws-service-role/ecs.application-autoscaling.amazonaws.com/AWSServiceRoleForApplicationAutoScaling_ECSService",
            "scalable_dimension": "ecs:service:DesiredCount",
            "service_namespace": "ecs",
            "tags": {
              "Example": "test",
              "Name": "test",
              "Repository": "337671252064.dkr.ecr.eu-west-3.amazonaws.com/central-service:latest"
            },
            "tags_all": {
              "Example": "test",
              "Name": "test",
              "Repository": "337671252064.dkr.ecr.eu-west-3.amazonaws.com/central-service:latest"
            }
          },
          "sensitive_attributes": [],
          "private": "bnVsbA==",
          "dependencies": [
            "aws_service_discovery_http_namespace.this",
            "data.aws_availability_zones.available",
            "module.alb.aws_lb_target_group.this",
            "module.alb.aws_security_group.this",
            "module.ecs.module.cluster.aws_cloudwatch_log_group.this",
            "module.ecs.module.cluster.aws_ecs_cluster.this",
            "module.ecs.module.service.aws_ecs_service.ignore_task_definition",
            "module.ecs.module.service.aws_ecs_service.this",
            "module.ecs.module.service.aws_ecs_task_definition.this",
            "module.ecs.module.service.aws_iam_policy.service",
            "module.ecs.module.service.aws_iam_role.service",
            "module.ecs.module.service.aws_iam_role.task_exec",
            "module.ecs.module.service.aws_iam_role.tasks",
            "module.ecs.module.service.aws_iam_role_policy_attachment.service",
            "module.ecs.module.service.aws_security_group.this",
            "module.ecs.module.service.data.aws_caller_identity.current",
            "module.ecs.module.service.data.aws_ecs_task_definition.this",
            "module.ecs.module.service.data.aws_iam_policy_document.service",
            "module.ecs.module.service.data.aws_iam_policy_document.service_assume",
            "module.ecs.module.service.data.aws_iam_policy_document.task_exec_assume",
            "module.ecs.module.service.data.aws_iam_policy_document.tasks_assume",
            "module.ecs.module.service.data.aws_partition.current",
            "module.ecs.module.service.data.aws_region.current",
            "module.ecs.module.service.data.aws_subnet.this",
            "module.ecs.module.service.module.container_definition.aws_cloudwatch_log_group.this",
            "module.ecs.module.service.module.container_definition.data.aws_region.current",
            "module.vpc.aws_subnet.public",
            "module.vpc.aws_vpc.this",
            "module.vpc.aws_vpc_ipv4_cidr_block_association.this"
          ]
        }
      ]
    },
    {
      "module": "module.ecs.module.service[\"streamlit_1\"]",
      "mode": "managed",
      "type": "aws_ecs_service",
      "name": "this",
      "provider": "provider[\"registry.terraform.io/hashicorp/aws\"]",
      "instances": [
        {
          "index_key": 0,
          "schema_version": 0,
          "attributes": {
            "alarms": [],
            "capacity_provider_strategy": [],
            "cluster": "arn:aws:ecs:eu-west-3:337671252064:cluster/test",
            "deployment_circuit_breaker": [
              {
                "enable": false,
                "rollback": false
              }
            ],
            "deployment_controller": [
              {
                "type": "ECS"
              }
            ],
            "deployment_maximum_percent": 200,
            "deployment_minimum_healthy_percent": 66,
            "desired_count": 1,
            "enable_ecs_managed_tags": true,
            "enable_execute_command": false,
            "force_new_deployment": true,
            "health_check_grace_period_seconds": 0,
            "iam_role": "/aws-service-role/ecs.amazonaws.com/AWSServiceRoleForECS",
            "id": "arn:aws:ecs:eu-west-3:337671252064:service/test/streamlit_1",
            "launch_type": "FARGATE",
            "load_balancer": [],
            "name": "streamlit_1",
            "network_configuration": [
              {
                "assign_public_ip": true,
                "security_groups": [
                  "sg-052fdd2c46a2015ec"
                ],
                "subnets": [
                  "subnet-04fa3044522cea927",
                  "subnet-09edf0c272b115ce6",
                  "subnet-0a513f6a38ffc9213"
                ]
              }
            ],
            "ordered_placement_strategy": [],
            "placement_constraints": [],
            "platform_version": "LATEST",
            "propagate_tags": "NONE",
            "scheduling_strategy": "REPLICA",
            "service_connect_configuration": [
              {
                "enabled": true,
                "log_configuration": [],
                "namespace": "arn:aws:servicediscovery:eu-west-3:337671252064:namespace/ns-ilsb6gsewgahzdp4",
                "service": [
                  {
                    "client_alias": [
                      {
                        "dns_name": "streamlit_1",
                        "port": 3001
                      }
                    ],
                    "discovery_name": "streamlit_1",
                    "ingress_port_override": 0,
                    "port_name": "streamlit_1"
                  }
                ]
              }
            ],
            "service_registries": [],
            "tags": {
              "Example": "test",
              "Name": "test",
              "Repository": "337671252064.dkr.ecr.eu-west-3.amazonaws.com/central-service:latest"
            },
            "tags_all": {
              "Example": "test",
              "Name": "test",
              "Repository": "337671252064.dkr.ecr.eu-west-3.amazonaws.com/central-service:latest"
            },
            "task_definition": "streamlit_1:5",
            "timeouts": {
              "create": null,
              "delete": null,
              "update": null
            },
            "triggers": {},
            "wait_for_steady_state": false
          },
          "sensitive_attributes": [],
          "private": "eyJlMmJmYjczMC1lY2FhLTExZTYtOGY4OC0zNDM2M2JjN2M0YzAiOnsiY3JlYXRlIjoxMjAwMDAwMDAwMDAwLCJkZWxldGUiOjEyMDAwMDAwMDAwMDAsInVwZGF0ZSI6MTIwMDAwMDAwMDAwMH19",
          "dependencies": [
            "aws_service_discovery_http_namespace.this",
            "data.aws_availability_zones.available",
            "module.alb.aws_lb_target_group.this",
            "module.alb.aws_security_group.this",
            "module.ecs.module.cluster.aws_cloudwatch_log_group.this",
            "module.ecs.module.cluster.aws_ecs_cluster.this",
            "module.ecs.module.service.aws_ecs_task_definition.this",
            "module.ecs.module.service.aws_iam_policy.service",
            "module.ecs.module.service.aws_iam_role.service",
            "module.ecs.module.service.aws_iam_role.task_exec",
            "module.ecs.module.service.aws_iam_role.tasks",
            "module.ecs.module.service.aws_iam_role_policy_attachment.service",
            "module.ecs.module.service.aws_security_group.this",
            "module.ecs.module.service.data.aws_caller_identity.current",
            "module.ecs.module.service.data.aws_ecs_task_definition.this",
            "module.ecs.module.service.data.aws_iam_policy_document.service",
            "module.ecs.module.service.data.aws_iam_policy_document.service_assume",
            "module.ecs.module.service.data.aws_iam_policy_document.task_exec_assume",
            "module.ecs.module.service.data.aws_iam_policy_document.tasks_assume",
            "module.ecs.module.service.data.aws_partition.current",
            "module.ecs.module.service.data.aws_region.current",
            "module.ecs.module.service.data.aws_subnet.this",
            "module.ecs.module.service.module.container_definition.aws_cloudwatch_log_group.this",
            "module.ecs.module.service.module.container_definition.data.aws_region.current",
            "module.vpc.aws_subnet.public",
            "module.vpc.aws_vpc.this",
            "module.vpc.aws_vpc_ipv4_cidr_block_association.this"
          ]
        }
      ]
    },
    {
      "module": "module.ecs.module.service[\"streamlit_1\"]",
      "mode": "managed",
      "type": "aws_ecs_task_definition",
      "name": "this",
      "provider": "provider[\"registry.terraform.io/hashicorp/aws\"]",
      "instances": [
        {
          "index_key": 0,
          "schema_version": 1,
          "attributes": {
            "arn": "arn:aws:ecs:eu-west-3:337671252064:task-definition/streamlit_1:5",
            "arn_without_revision": "arn:aws:ecs:eu-west-3:337671252064:task-definition/streamlit_1",
            "container_definitions": "[{\"cpu\":512,\"environment\":[],\"essential\":true,\"image\":\"337671252064.dkr.ecr.eu-west-3.amazonaws.com/streamlit_1:latest\",\"interactive\":false,\"linuxParameters\":{\"initProcessEnabled\":false},\"logConfiguration\":{\"logDriver\":\"awslogs\",\"options\":{\"awslogs-group\":\"/aws/ecs/streamlit_1/streamlit_1\",\"awslogs-region\":\"eu-west-3\",\"awslogs-stream-prefix\":\"ecs\"}},\"memory\":1024,\"memoryReservation\":100,\"mountPoints\":[],\"name\":\"streamlit_1\",\"portMappings\":[{\"containerPort\":3001,\"hostPort\":3001,\"name\":\"streamlit_1\",\"protocol\":\"tcp\"}],\"privileged\":false,\"pseudoTerminal\":false,\"readonlyRootFilesystem\":false,\"startTimeout\":30,\"stopTimeout\":120,\"user\":\"0\",\"volumesFrom\":[]}]",
            "cpu": "1024",
            "ephemeral_storage": [],
            "execution_role_arn": "arn:aws:iam::337671252064:role/streamlit_1-2024021412450098740000000d",
            "family": "streamlit_1",
            "id": "streamlit_1",
            "inference_accelerator": [],
            "ipc_mode": "",
            "memory": "4096",
            "network_mode": "awsvpc",
            "pid_mode": "",
            "placement_constraints": [],
            "proxy_configuration": [],
            "requires_compatibilities": [
              "FARGATE"
            ],
            "revision": 5,
            "runtime_platform": [
              {
                "cpu_architecture": "X86_64",
                "operating_system_family": "LINUX"
              }
            ],
            "skip_destroy": false,
            "tags": {
              "Example": "test",
              "Name": "test",
              "Repository": "337671252064.dkr.ecr.eu-west-3.amazonaws.com/central-service:latest"
            },
            "tags_all": {
              "Example": "test",
              "Name": "test",
              "Repository": "337671252064.dkr.ecr.eu-west-3.amazonaws.com/central-service:latest"
            },
            "task_role_arn": "arn:aws:iam::337671252064:role/streamlit_1-2024021412450099930000000e",
            "volume": []
          },
          "sensitive_attributes": [],
          "private": "eyJzY2hlbWFfdmVyc2lvbiI6IjEifQ==",
          "dependencies": [
            "aws_service_discovery_http_namespace.this",
            "data.aws_availability_zones.available",
            "module.alb.aws_lb_target_group.this",
            "module.alb.aws_security_group.this",
            "module.ecs.module.service.aws_iam_role.task_exec",
            "module.ecs.module.service.aws_iam_role.tasks",
            "module.ecs.module.service.data.aws_caller_identity.current",
            "module.ecs.module.service.data.aws_iam_policy_document.task_exec_assume",
            "module.ecs.module.service.data.aws_iam_policy_document.tasks_assume",
            "module.ecs.module.service.data.aws_partition.current",
            "module.ecs.module.service.data.aws_region.current",
            "module.ecs.module.service.module.container_definition.aws_cloudwatch_log_group.this",
            "module.ecs.module.service.module.container_definition.data.aws_region.current",
            "module.vpc.aws_subnet.public",
            "module.vpc.aws_vpc.this",
            "module.vpc.aws_vpc_ipv4_cidr_block_association.this"
          ],
          "create_before_destroy": true
        }
      ]
    },
    {
      "module": "module.ecs.module.service[\"streamlit_1\"]",
      "mode": "managed",
      "type": "aws_iam_policy",
      "name": "task_exec",
      "provider": "provider[\"registry.terraform.io/hashicorp/aws\"]",
      "instances": [
        {
          "index_key": 0,
          "schema_version": 0,
          "attributes": {
            "arn": "arn:aws:iam::337671252064:policy/streamlit_1-20240214124502114200000014",
            "description": "Task execution role IAM policy",
            "id": "arn:aws:iam::337671252064:policy/streamlit_1-20240214124502114200000014",
            "name": "streamlit_1-20240214124502114200000014",
            "name_prefix": "streamlit_1-",
            "path": "/",
            "policy": "{\"Statement\":[{\"Action\":[\"logs:PutLogEvents\",\"logs:CreateLogStream\"],\"Effect\":\"Allow\",\"Resource\":\"*\",\"Sid\":\"Logs\"},{\"Action\":[\"ecr:GetDownloadUrlForLayer\",\"ecr:GetAuthorizationToken\",\"ecr:BatchGetImage\",\"ecr:BatchCheckLayerAvailability\"],\"Effect\":\"Allow\",\"Resource\":\"*\",\"Sid\":\"ECR\"},{\"Action\":\"ssm:GetParameters\",\"Effect\":\"Allow\",\"Resource\":\"arn:aws:ssm:*:*:parameter/*\",\"Sid\":\"GetSSMParams\"},{\"Action\":\"secretsmanager:GetSecretValue\",\"Effect\":\"Allow\",\"Resource\":\"arn:aws:secretsmanager:*:*:secret:*\",\"Sid\":\"GetSecrets\"}],\"Version\":\"2012-10-17\"}",
            "policy_id": "ANPAU5HWGNBQHJ25KCE7F",
            "tags": {
              "Example": "test",
              "Name": "test",
              "Repository": "337671252064.dkr.ecr.eu-west-3.amazonaws.com/central-service:latest"
            },
            "tags_all": {
              "Example": "test",
              "Name": "test",
              "Repository": "337671252064.dkr.ecr.eu-west-3.amazonaws.com/central-service:latest"
            }
          },
          "sensitive_attributes": [],
          "private": "bnVsbA==",
          "dependencies": [
            "aws_service_discovery_http_namespace.this",
            "data.aws_availability_zones.available",
            "module.alb.aws_lb_target_group.this",
            "module.alb.aws_security_group.this",
            "module.ecs.module.service.data.aws_iam_policy_document.task_exec",
            "module.vpc.aws_subnet.public",
            "module.vpc.aws_vpc.this",
            "module.vpc.aws_vpc_ipv4_cidr_block_association.this"
          ]
        }
      ]
    },
    {
      "module": "module.ecs.module.service[\"streamlit_1\"]",
      "mode": "managed",
      "type": "aws_iam_role",
      "name": "task_exec",
      "provider": "provider[\"registry.terraform.io/hashicorp/aws\"]",
      "instances": [
        {
          "index_key": 0,
          "schema_version": 0,
          "attributes": {
            "arn": "arn:aws:iam::337671252064:role/streamlit_1-2024021412450098740000000d",
            "assume_role_policy": "{\"Statement\":[{\"Action\":\"sts:AssumeRole\",\"Effect\":\"Allow\",\"Principal\":{\"Service\":\"ecs-tasks.amazonaws.com\"},\"Sid\":\"ECSTaskExecutionAssumeRole\"}],\"Version\":\"2012-10-17\"}",
            "create_date": "2024-02-14T12:45:01Z",
            "description": "Task execution role for streamlit_1",
            "force_detach_policies": true,
            "id": "streamlit_1-2024021412450098740000000d",
            "inline_policy": [],
            "managed_policy_arns": [],
            "max_session_duration": 3600,
            "name": "streamlit_1-2024021412450098740000000d",
            "name_prefix": "streamlit_1-",
            "path": "/",
            "permissions_boundary": "",
            "tags": {
              "Example": "test",
              "Name": "test",
              "Repository": "337671252064.dkr.ecr.eu-west-3.amazonaws.com/central-service:latest"
            },
            "tags_all": {
              "Example": "test",
              "Name": "test",
              "Repository": "337671252064.dkr.ecr.eu-west-3.amazonaws.com/central-service:latest"
            },
            "unique_id": "AROAU5HWGNBQARDHVFAVG"
          },
          "sensitive_attributes": [],
          "private": "bnVsbA==",
          "dependencies": [
            "aws_service_discovery_http_namespace.this",
            "data.aws_availability_zones.available",
            "module.alb.aws_lb_target_group.this",
            "module.alb.aws_security_group.this",
            "module.ecs.module.service.data.aws_iam_policy_document.task_exec_assume",
            "module.vpc.aws_subnet.public",
            "module.vpc.aws_vpc.this",
            "module.vpc.aws_vpc_ipv4_cidr_block_association.this"
          ],
          "create_before_destroy": true
        }
      ]
    },
    {
      "module": "module.ecs.module.service[\"streamlit_1\"]",
      "mode": "managed",
      "type": "aws_iam_role",
      "name": "tasks",
      "provider": "provider[\"registry.terraform.io/hashicorp/aws\"]",
      "instances": [
        {
          "index_key": 0,
          "schema_version": 0,
          "attributes": {
            "arn": "arn:aws:iam::337671252064:role/streamlit_1-2024021412450099930000000e",
            "assume_role_policy": "{\"Statement\":[{\"Action\":\"sts:AssumeRole\",\"Condition\":{\"ArnLike\":{\"aws:SourceArn\":\"arn:aws:ecs:eu-west-3:337671252064:*\"},\"StringEquals\":{\"aws:SourceAccount\":\"337671252064\"}},\"Effect\":\"Allow\",\"Principal\":{\"Service\":\"ecs-tasks.amazonaws.com\"},\"Sid\":\"ECSTasksAssumeRole\"}],\"Version\":\"2012-10-17\"}",
            "create_date": "2024-02-14T12:45:01Z",
            "description": "",
            "force_detach_policies": true,
            "id": "streamlit_1-2024021412450099930000000e",
            "inline_policy": [],
            "managed_policy_arns": [],
            "max_session_duration": 3600,
            "name": "streamlit_1-2024021412450099930000000e",
            "name_prefix": "streamlit_1-",
            "path": "/",
            "permissions_boundary": "",
            "tags": {
              "Example": "test",
              "Name": "test",
              "Repository": "337671252064.dkr.ecr.eu-west-3.amazonaws.com/central-service:latest"
            },
            "tags_all": {
              "Example": "test",
              "Name": "test",
              "Repository": "337671252064.dkr.ecr.eu-west-3.amazonaws.com/central-service:latest"
            },
            "unique_id": "AROAU5HWGNBQGOKPR2LN2"
          },
          "sensitive_attributes": [],
          "private": "bnVsbA==",
          "dependencies": [
            "aws_service_discovery_http_namespace.this",
            "data.aws_availability_zones.available",
            "module.alb.aws_lb_target_group.this",
            "module.alb.aws_security_group.this",
            "module.ecs.module.service.data.aws_caller_identity.current",
            "module.ecs.module.service.data.aws_iam_policy_document.tasks_assume",
            "module.ecs.module.service.data.aws_partition.current",
            "module.ecs.module.service.data.aws_region.current",
            "module.vpc.aws_subnet.public",
            "module.vpc.aws_vpc.this",
            "module.vpc.aws_vpc_ipv4_cidr_block_association.this"
          ],
          "create_before_destroy": true
        }
      ]
    },
    {
      "module": "module.ecs.module.service[\"streamlit_1\"]",
      "mode": "managed",
      "type": "aws_iam_role_policy_attachment",
      "name": "task_exec",
      "provider": "provider[\"registry.terraform.io/hashicorp/aws\"]",
      "instances": [
        {
          "index_key": 0,
          "schema_version": 0,
          "attributes": {
            "id": "streamlit_1-2024021412450098740000000d-20240214124503390800000018",
            "policy_arn": "arn:aws:iam::337671252064:policy/streamlit_1-20240214124502114200000014",
            "role": "streamlit_1-2024021412450098740000000d"
          },
          "sensitive_attributes": [],
          "private": "bnVsbA==",
          "dependencies": [
            "aws_service_discovery_http_namespace.this",
            "data.aws_availability_zones.available",
            "module.alb.aws_lb_target_group.this",
            "module.alb.aws_security_group.this",
            "module.ecs.module.service.aws_iam_policy.task_exec",
            "module.ecs.module.service.aws_iam_role.task_exec",
            "module.ecs.module.service.data.aws_iam_policy_document.task_exec",
            "module.ecs.module.service.data.aws_iam_policy_document.task_exec_assume",
            "module.vpc.aws_subnet.public",
            "module.vpc.aws_vpc.this",
            "module.vpc.aws_vpc_ipv4_cidr_block_association.this"
          ]
        }
      ]
    },
    {
      "module": "module.ecs.module.service[\"streamlit_1\"]",
      "mode": "managed",
      "type": "aws_security_group",
      "name": "this",
      "provider": "provider[\"registry.terraform.io/hashicorp/aws\"]",
      "instances": [
        {
          "index_key": 0,
          "schema_version": 1,
          "attributes": {
            "arn": "arn:aws:ec2:eu-west-3:337671252064:security-group/sg-052fdd2c46a2015ec",
            "description": "Managed by Terraform",
            "egress": [],
            "id": "sg-052fdd2c46a2015ec",
            "ingress": [],
            "name": "streamlit_1-2024021412450196610000000f",
            "name_prefix": "streamlit_1-",
            "owner_id": "337671252064",
            "revoke_rules_on_delete": false,
            "tags": {
              "Example": "test",
              "Name": "test",
              "Repository": "337671252064.dkr.ecr.eu-west-3.amazonaws.com/central-service:latest"
            },
            "tags_all": {
              "Example": "test",
              "Name": "test",
              "Repository": "337671252064.dkr.ecr.eu-west-3.amazonaws.com/central-service:latest"
            },
            "timeouts": null,
            "vpc_id": "vpc-0010d4896602f5ae9"
          },
          "sensitive_attributes": [],
          "private": "eyJlMmJmYjczMC1lY2FhLTExZTYtOGY4OC0zNDM2M2JjN2M0YzAiOnsiY3JlYXRlIjo2MDAwMDAwMDAwMDAsImRlbGV0ZSI6OTAwMDAwMDAwMDAwfSwic2NoZW1hX3ZlcnNpb24iOiIxIn0=",
          "dependencies": [
            "aws_service_discovery_http_namespace.this",
            "data.aws_availability_zones.available",
            "module.alb.aws_lb_target_group.this",
            "module.alb.aws_security_group.this",
            "module.ecs.module.service.data.aws_subnet.this",
            "module.vpc.aws_subnet.public",
            "module.vpc.aws_vpc.this",
            "module.vpc.aws_vpc_ipv4_cidr_block_association.this"
          ],
          "create_before_destroy": true
        }
      ]
    },
    {
      "module": "module.ecs.module.service[\"streamlit_1\"]",
      "mode": "managed",
      "type": "aws_security_group_rule",
      "name": "this",
      "provider": "provider[\"registry.terraform.io/hashicorp/aws\"]",
      "instances": [
        {
          "index_key": "alb_ingress_3000",
          "schema_version": 2,
          "attributes": {
            "cidr_blocks": null,
            "description": "Service port",
            "from_port": 3001,
            "id": "sgrule-2697519362",
            "ipv6_cidr_blocks": null,
            "prefix_list_ids": null,
            "protocol": "tcp",
            "security_group_id": "sg-052fdd2c46a2015ec",
            "security_group_rule_id": "sgr-0fe7e2cc3e847c69b",
            "self": false,
            "source_security_group_id": "sg-0c8e5f9d6148bd3fd",
            "timeouts": null,
            "to_port": 3001,
            "type": "ingress"
          },
          "sensitive_attributes": [],
          "private": "eyJlMmJmYjczMC1lY2FhLTExZTYtOGY4OC0zNDM2M2JjN2M0YzAiOnsiY3JlYXRlIjozMDAwMDAwMDAwMDB9LCJzY2hlbWFfdmVyc2lvbiI6IjIifQ==",
          "dependencies": [
            "aws_service_discovery_http_namespace.this",
            "data.aws_availability_zones.available",
            "module.alb.aws_lb_target_group.this",
            "module.alb.aws_security_group.this",
            "module.ecs.module.service.aws_security_group.this",
            "module.ecs.module.service.data.aws_subnet.this",
            "module.vpc.aws_subnet.public",
            "module.vpc.aws_vpc.this",
            "module.vpc.aws_vpc_ipv4_cidr_block_association.this"
          ]
        },
        {
          "index_key": "egress_all",
          "schema_version": 2,
          "attributes": {
            "cidr_blocks": [
              "0.0.0.0/0"
            ],
            "description": null,
            "from_port": 0,
            "id": "sgrule-1854132690",
            "ipv6_cidr_blocks": null,
            "prefix_list_ids": null,
            "protocol": "-1",
            "security_group_id": "sg-052fdd2c46a2015ec",
            "security_group_rule_id": "sgr-0b489939134d85eec",
            "self": false,
            "source_security_group_id": null,
            "timeouts": null,
            "to_port": 0,
            "type": "egress"
          },
          "sensitive_attributes": [],
          "private": "eyJlMmJmYjczMC1lY2FhLTExZTYtOGY4OC0zNDM2M2JjN2M0YzAiOnsiY3JlYXRlIjozMDAwMDAwMDAwMDB9LCJzY2hlbWFfdmVyc2lvbiI6IjIifQ==",
          "dependencies": [
            "aws_service_discovery_http_namespace.this",
            "data.aws_availability_zones.available",
            "module.alb.aws_lb_target_group.this",
            "module.alb.aws_security_group.this",
            "module.ecs.module.service.aws_security_group.this",
            "module.ecs.module.service.data.aws_subnet.this",
            "module.vpc.aws_subnet.public",
            "module.vpc.aws_vpc.this",
            "module.vpc.aws_vpc_ipv4_cidr_block_association.this"
          ]
        }
      ]
    },
    {
      "module": "module.ecs.module.service[\"streamlit_1\"].module.container_definition[\"streamlit_1\"]",
      "mode": "data",
      "type": "aws_region",
      "name": "current",
      "provider": "provider[\"registry.terraform.io/hashicorp/aws\"]",
      "instances": [
        {
          "schema_version": 0,
          "attributes": {
            "description": "Europe (Paris)",
            "endpoint": "ec2.eu-west-3.amazonaws.com",
            "id": "eu-west-3",
            "name": "eu-west-3"
          },
          "sensitive_attributes": []
        }
      ]
    },
    {
      "module": "module.ecs.module.service[\"streamlit_1\"].module.container_definition[\"streamlit_1\"]",
      "mode": "managed",
      "type": "aws_cloudwatch_log_group",
      "name": "this",
      "provider": "provider[\"registry.terraform.io/hashicorp/aws\"]",
      "instances": [
        {
          "index_key": 0,
          "schema_version": 0,
          "attributes": {
            "arn": "arn:aws:logs:eu-west-3:337671252064:log-group:/aws/ecs/streamlit_1/streamlit_1",
            "id": "/aws/ecs/streamlit_1/streamlit_1",
            "kms_key_id": "",
            "log_group_class": "STANDARD",
            "name": "/aws/ecs/streamlit_1/streamlit_1",
            "name_prefix": "",
            "retention_in_days": 14,
            "skip_destroy": false,
            "tags": {
              "Example": "test",
              "Name": "test",
              "Repository": "337671252064.dkr.ecr.eu-west-3.amazonaws.com/central-service:latest"
            },
            "tags_all": {
              "Example": "test",
              "Name": "test",
              "Repository": "337671252064.dkr.ecr.eu-west-3.amazonaws.com/central-service:latest"
            }
          },
          "sensitive_attributes": [],
          "private": "bnVsbA==",
          "dependencies": [
            "aws_service_discovery_http_namespace.this",
            "data.aws_availability_zones.available",
            "module.alb.aws_lb_target_group.this",
            "module.alb.aws_security_group.this",
            "module.vpc.aws_subnet.public",
            "module.vpc.aws_vpc.this",
            "module.vpc.aws_vpc_ipv4_cidr_block_association.this"
          ],
          "create_before_destroy": true
        }
      ]
    },
    {
      "module": "module.ecs.module.service[\"streamlit_2\"]",
      "mode": "data",
      "type": "aws_caller_identity",
      "name": "current",
      "provider": "provider[\"registry.terraform.io/hashicorp/aws\"]",
      "instances": [
        {
          "schema_version": 0,
          "attributes": {
            "account_id": "337671252064",
            "arn": "arn:aws:iam::337671252064:user/upwork-deployment",
            "id": "337671252064",
            "user_id": "AIDAU5HWGNBQFKXTOANSO"
          },
          "sensitive_attributes": []
        }
      ]
    },
    {
      "module": "module.ecs.module.service[\"streamlit_2\"]",
      "mode": "data",
      "type": "aws_ecs_task_definition",
      "name": "this",
      "provider": "provider[\"registry.terraform.io/hashicorp/aws\"]",
      "instances": [
        {
          "index_key": 0,
          "schema_version": 0,
          "attributes": {
            "arn": "arn:aws:ecs:eu-west-3:337671252064:task-definition/streamlit_2:5",
            "arn_without_revision": "arn:aws:ecs:eu-west-3:337671252064:task-definition/streamlit_2",
            "execution_role_arn": "arn:aws:iam::337671252064:role/streamlit_2-20240214124500738700000008",
            "family": "streamlit_2",
            "id": "arn:aws:ecs:eu-west-3:337671252064:task-definition/streamlit_2:5",
            "network_mode": "awsvpc",
            "revision": 5,
            "status": "ACTIVE",
            "task_definition": "streamlit_2",
            "task_role_arn": "arn:aws:iam::337671252064:role/streamlit_2-2024021412450098700000000c"
          },
          "sensitive_attributes": []
        }
      ]
    },
    {
      "module": "module.ecs.module.service[\"streamlit_2\"]",
      "mode": "data",
      "type": "aws_iam_policy_document",
      "name": "task_exec",
      "provider": "provider[\"registry.terraform.io/hashicorp/aws\"]",
      "instances": [
        {
          "index_key": 0,
          "schema_version": 0,
          "attributes": {
            "id": "1415633931",
            "json": "{\n  \"Version\": \"2012-10-17\",\n  \"Statement\": [\n    {\n      \"Sid\": \"Logs\",\n      \"Effect\": \"Allow\",\n      \"Action\": [\n        \"logs:PutLogEvents\",\n        \"logs:CreateLogStream\"\n      ],\n      \"Resource\": \"*\"\n    },\n    {\n      \"Sid\": \"ECR\",\n      \"Effect\": \"Allow\",\n      \"Action\": [\n        \"ecr:GetDownloadUrlForLayer\",\n        \"ecr:GetAuthorizationToken\",\n        \"ecr:BatchGetImage\",\n        \"ecr:BatchCheckLayerAvailability\"\n      ],\n      \"Resource\": \"*\"\n    },\n    {\n      \"Sid\": \"GetSSMParams\",\n      \"Effect\": \"Allow\",\n      \"Action\": \"ssm:GetParameters\",\n      \"Resource\": \"arn:aws:ssm:*:*:parameter/*\"\n    },\n    {\n      \"Sid\": \"GetSecrets\",\n      \"Effect\": \"Allow\",\n      \"Action\": \"secretsmanager:GetSecretValue\",\n      \"Resource\": \"arn:aws:secretsmanager:*:*:secret:*\"\n    }\n  ]\n}",
            "override_policy_documents": null,
            "policy_id": null,
            "source_policy_documents": null,
            "statement": [
              {
                "actions": [
                  "logs:CreateLogStream",
                  "logs:PutLogEvents"
                ],
                "condition": [],
                "effect": "Allow",
                "not_actions": [],
                "not_principals": [],
                "not_resources": [],
                "principals": [],
                "resources": [
                  "*"
                ],
                "sid": "Logs"
              },
              {
                "actions": [
                  "ecr:BatchCheckLayerAvailability",
                  "ecr:BatchGetImage",
                  "ecr:GetAuthorizationToken",
                  "ecr:GetDownloadUrlForLayer"
                ],
                "condition": [],
                "effect": "Allow",
                "not_actions": [],
                "not_principals": [],
                "not_resources": [],
                "principals": [],
                "resources": [
                  "*"
                ],
                "sid": "ECR"
              },
              {
                "actions": [
                  "ssm:GetParameters"
                ],
                "condition": [],
                "effect": "Allow",
                "not_actions": [],
                "not_principals": [],
                "not_resources": [],
                "principals": [],
                "resources": [
                  "arn:aws:ssm:*:*:parameter/*"
                ],
                "sid": "GetSSMParams"
              },
              {
                "actions": [
                  "secretsmanager:GetSecretValue"
                ],
                "condition": [],
                "effect": "Allow",
                "not_actions": [],
                "not_principals": [],
                "not_resources": [],
                "principals": [],
                "resources": [
                  "arn:aws:secretsmanager:*:*:secret:*"
                ],
                "sid": "GetSecrets"
              }
            ],
            "version": "2012-10-17"
          },
          "sensitive_attributes": []
        }
      ]
    },
    {
      "module": "module.ecs.module.service[\"streamlit_2\"]",
      "mode": "data",
      "type": "aws_iam_policy_document",
      "name": "task_exec_assume",
      "provider": "provider[\"registry.terraform.io/hashicorp/aws\"]",
      "instances": [
        {
          "index_key": 0,
          "schema_version": 0,
          "attributes": {
            "id": "2291109037",
            "json": "{\n  \"Version\": \"2012-10-17\",\n  \"Statement\": [\n    {\n      \"Sid\": \"ECSTaskExecutionAssumeRole\",\n      \"Effect\": \"Allow\",\n      \"Action\": \"sts:AssumeRole\",\n      \"Principal\": {\n        \"Service\": \"ecs-tasks.amazonaws.com\"\n      }\n    }\n  ]\n}",
            "override_policy_documents": null,
            "policy_id": null,
            "source_policy_documents": null,
            "statement": [
              {
                "actions": [
                  "sts:AssumeRole"
                ],
                "condition": [],
                "effect": "Allow",
                "not_actions": [],
                "not_principals": [],
                "not_resources": [],
                "principals": [
                  {
                    "identifiers": [
                      "ecs-tasks.amazonaws.com"
                    ],
                    "type": "Service"
                  }
                ],
                "resources": [],
                "sid": "ECSTaskExecutionAssumeRole"
              }
            ],
            "version": "2012-10-17"
          },
          "sensitive_attributes": []
        }
      ]
    },
    {
      "module": "module.ecs.module.service[\"streamlit_2\"]",
      "mode": "data",
      "type": "aws_iam_policy_document",
      "name": "tasks_assume",
      "provider": "provider[\"registry.terraform.io/hashicorp/aws\"]",
      "instances": [
        {
          "index_key": 0,
          "schema_version": 0,
          "attributes": {
            "id": "2820240347",
            "json": "{\n  \"Version\": \"2012-10-17\",\n  \"Statement\": [\n    {\n      \"Sid\": \"ECSTasksAssumeRole\",\n      \"Effect\": \"Allow\",\n      \"Action\": \"sts:AssumeRole\",\n      \"Principal\": {\n        \"Service\": \"ecs-tasks.amazonaws.com\"\n      },\n      \"Condition\": {\n        \"ArnLike\": {\n          \"aws:SourceArn\": \"arn:aws:ecs:eu-west-3:337671252064:*\"\n        },\n        \"StringEquals\": {\n          \"aws:SourceAccount\": \"337671252064\"\n        }\n      }\n    }\n  ]\n}",
            "override_policy_documents": null,
            "policy_id": null,
            "source_policy_documents": null,
            "statement": [
              {
                "actions": [
                  "sts:AssumeRole"
                ],
                "condition": [
                  {
                    "test": "ArnLike",
                    "values": [
                      "arn:aws:ecs:eu-west-3:337671252064:*"
                    ],
                    "variable": "aws:SourceArn"
                  },
                  {
                    "test": "StringEquals",
                    "values": [
                      "337671252064"
                    ],
                    "variable": "aws:SourceAccount"
                  }
                ],
                "effect": "Allow",
                "not_actions": [],
                "not_principals": [],
                "not_resources": [],
                "principals": [
                  {
                    "identifiers": [
                      "ecs-tasks.amazonaws.com"
                    ],
                    "type": "Service"
                  }
                ],
                "resources": [],
                "sid": "ECSTasksAssumeRole"
              }
            ],
            "version": "2012-10-17"
          },
          "sensitive_attributes": []
        }
      ]
    },
    {
      "module": "module.ecs.module.service[\"streamlit_2\"]",
      "mode": "data",
      "type": "aws_partition",
      "name": "current",
      "provider": "provider[\"registry.terraform.io/hashicorp/aws\"]",
      "instances": [
        {
          "schema_version": 0,
          "attributes": {
            "dns_suffix": "amazonaws.com",
            "id": "aws",
            "partition": "aws",
            "reverse_dns_prefix": "com.amazonaws"
          },
          "sensitive_attributes": []
        }
      ]
    },
    {
      "module": "module.ecs.module.service[\"streamlit_2\"]",
      "mode": "data",
      "type": "aws_region",
      "name": "current",
      "provider": "provider[\"registry.terraform.io/hashicorp/aws\"]",
      "instances": [
        {
          "schema_version": 0,
          "attributes": {
            "description": "Europe (Paris)",
            "endpoint": "ec2.eu-west-3.amazonaws.com",
            "id": "eu-west-3",
            "name": "eu-west-3"
          },
          "sensitive_attributes": []
        }
      ]
    },
    {
      "module": "module.ecs.module.service[\"streamlit_2\"]",
      "mode": "data",
      "type": "aws_subnet",
      "name": "this",
      "provider": "provider[\"registry.terraform.io/hashicorp/aws\"]",
      "instances": [
        {
          "index_key": 0,
          "schema_version": 0,
          "attributes": {
            "arn": "arn:aws:ec2:eu-west-3:337671252064:subnet/subnet-04fa3044522cea927",
            "assign_ipv6_address_on_creation": false,
            "availability_zone": "eu-west-3a",
            "availability_zone_id": "euw3-az1",
            "available_ip_address_count": 250,
            "cidr_block": "10.0.48.0/24",
            "customer_owned_ipv4_pool": "",
            "default_for_az": false,
            "enable_dns64": false,
            "enable_lni_at_device_index": 0,
            "enable_resource_name_dns_a_record_on_launch": false,
            "enable_resource_name_dns_aaaa_record_on_launch": false,
            "filter": null,
            "id": "subnet-04fa3044522cea927",
            "ipv6_cidr_block": "",
            "ipv6_cidr_block_association_id": "",
            "ipv6_native": false,
            "map_customer_owned_ip_on_launch": false,
            "map_public_ip_on_launch": false,
            "outpost_arn": "",
            "owner_id": "337671252064",
            "private_dns_hostname_type_on_launch": "ip-name",
            "state": "available",
            "tags": {
              "Example": "test",
              "Name": "test",
              "Repository": "337671252064.dkr.ecr.eu-west-3.amazonaws.com/central-service:latest"
            },
            "timeouts": null,
            "vpc_id": "vpc-0010d4896602f5ae9"
          },
          "sensitive_attributes": []
        }
      ]
    },
    {
      "module": "module.ecs.module.service[\"streamlit_2\"]",
      "mode": "managed",
      "type": "aws_appautoscaling_policy",
      "name": "this",
      "provider": "provider[\"registry.terraform.io/hashicorp/aws\"]",
      "instances": [
        {
          "index_key": "cpu",
          "schema_version": 0,
          "attributes": {
            "alarm_arns": [
              "arn:aws:cloudwatch:eu-west-3:337671252064:alarm:TargetTracking-service/test/streamlit_2-AlarmHigh-bde25f62-6bfa-4289-a2eb-19896c2d4ce2",
              "arn:aws:cloudwatch:eu-west-3:337671252064:alarm:TargetTracking-service/test/streamlit_2-AlarmLow-5a043761-9233-47a4-b28e-fb5e5ad6a5d8"
            ],
            "arn": "arn:aws:autoscaling:eu-west-3:337671252064:scalingPolicy:fc3aaba5-9408-417b-9037-14e4e71411d4:resource/ecs/service/test/streamlit_2:policyName/cpu",
            "id": "cpu",
            "name": "cpu",
            "policy_type": "TargetTrackingScaling",
            "resource_id": "service/test/streamlit_2",
            "scalable_dimension": "ecs:service:DesiredCount",
            "service_namespace": "ecs",
            "step_scaling_policy_configuration": [],
            "target_tracking_scaling_policy_configuration": [
              {
                "customized_metric_specification": [],
                "disable_scale_in": false,
                "predefined_metric_specification": [
                  {
                    "predefined_metric_type": "ECSServiceAverageCPUUtilization",
                    "resource_label": ""
                  }
                ],
                "scale_in_cooldown": 300,
                "scale_out_cooldown": 60,
                "target_value": 75
              }
            ]
          },
          "sensitive_attributes": [],
          "private": "bnVsbA==",
          "dependencies": [
            "aws_service_discovery_http_namespace.this",
            "data.aws_availability_zones.available",
            "module.alb.aws_lb_target_group.this",
            "module.alb.aws_security_group.this",
            "module.ecs.module.cluster.aws_cloudwatch_log_group.this",
            "module.ecs.module.cluster.aws_ecs_cluster.this",
            "module.ecs.module.service.aws_appautoscaling_target.this",
            "module.ecs.module.service.aws_ecs_service.ignore_task_definition",
            "module.ecs.module.service.aws_ecs_service.this",
            "module.ecs.module.service.aws_ecs_task_definition.this",
            "module.ecs.module.service.aws_iam_policy.service",
            "module.ecs.module.service.aws_iam_role.service",
            "module.ecs.module.service.aws_iam_role.task_exec",
            "module.ecs.module.service.aws_iam_role.tasks",
            "module.ecs.module.service.aws_iam_role_policy_attachment.service",
            "module.ecs.module.service.aws_security_group.this",
            "module.ecs.module.service.data.aws_caller_identity.current",
            "module.ecs.module.service.data.aws_ecs_task_definition.this",
            "module.ecs.module.service.data.aws_iam_policy_document.service",
            "module.ecs.module.service.data.aws_iam_policy_document.service_assume",
            "module.ecs.module.service.data.aws_iam_policy_document.task_exec_assume",
            "module.ecs.module.service.data.aws_iam_policy_document.tasks_assume",
            "module.ecs.module.service.data.aws_partition.current",
            "module.ecs.module.service.data.aws_region.current",
            "module.ecs.module.service.data.aws_subnet.this",
            "module.ecs.module.service.module.container_definition.aws_cloudwatch_log_group.this",
            "module.ecs.module.service.module.container_definition.data.aws_region.current",
            "module.vpc.aws_subnet.public",
            "module.vpc.aws_vpc.this",
            "module.vpc.aws_vpc_ipv4_cidr_block_association.this"
          ]
        },
        {
          "index_key": "memory",
          "schema_version": 0,
          "attributes": {
            "alarm_arns": [
              "arn:aws:cloudwatch:eu-west-3:337671252064:alarm:TargetTracking-service/test/streamlit_2-AlarmHigh-3d11a491-b304-497d-b30b-36e7157463a5",
              "arn:aws:cloudwatch:eu-west-3:337671252064:alarm:TargetTracking-service/test/streamlit_2-AlarmLow-b29a6853-050d-4b2c-b0ec-c92d60c178a1"
            ],
            "arn": "arn:aws:autoscaling:eu-west-3:337671252064:scalingPolicy:fc3aaba5-9408-417b-9037-14e4e71411d4:resource/ecs/service/test/streamlit_2:policyName/memory",
            "id": "memory",
            "name": "memory",
            "policy_type": "TargetTrackingScaling",
            "resource_id": "service/test/streamlit_2",
            "scalable_dimension": "ecs:service:DesiredCount",
            "service_namespace": "ecs",
            "step_scaling_policy_configuration": [],
            "target_tracking_scaling_policy_configuration": [
              {
                "customized_metric_specification": [],
                "disable_scale_in": false,
                "predefined_metric_specification": [
                  {
                    "predefined_metric_type": "ECSServiceAverageMemoryUtilization",
                    "resource_label": ""
                  }
                ],
                "scale_in_cooldown": 300,
                "scale_out_cooldown": 60,
                "target_value": 75
              }
            ]
          },
          "sensitive_attributes": [],
          "private": "bnVsbA==",
          "dependencies": [
            "aws_service_discovery_http_namespace.this",
            "data.aws_availability_zones.available",
            "module.alb.aws_lb_target_group.this",
            "module.alb.aws_security_group.this",
            "module.ecs.module.cluster.aws_cloudwatch_log_group.this",
            "module.ecs.module.cluster.aws_ecs_cluster.this",
            "module.ecs.module.service.aws_appautoscaling_target.this",
            "module.ecs.module.service.aws_ecs_service.ignore_task_definition",
            "module.ecs.module.service.aws_ecs_service.this",
            "module.ecs.module.service.aws_ecs_task_definition.this",
            "module.ecs.module.service.aws_iam_policy.service",
            "module.ecs.module.service.aws_iam_role.service",
            "module.ecs.module.service.aws_iam_role.task_exec",
            "module.ecs.module.service.aws_iam_role.tasks",
            "module.ecs.module.service.aws_iam_role_policy_attachment.service",
            "module.ecs.module.service.aws_security_group.this",
            "module.ecs.module.service.data.aws_caller_identity.current",
            "module.ecs.module.service.data.aws_ecs_task_definition.this",
            "module.ecs.module.service.data.aws_iam_policy_document.service",
            "module.ecs.module.service.data.aws_iam_policy_document.service_assume",
            "module.ecs.module.service.data.aws_iam_policy_document.task_exec_assume",
            "module.ecs.module.service.data.aws_iam_policy_document.tasks_assume",
            "module.ecs.module.service.data.aws_partition.current",
            "module.ecs.module.service.data.aws_region.current",
            "module.ecs.module.service.data.aws_subnet.this",
            "module.ecs.module.service.module.container_definition.aws_cloudwatch_log_group.this",
            "module.ecs.module.service.module.container_definition.data.aws_region.current",
            "module.vpc.aws_subnet.public",
            "module.vpc.aws_vpc.this",
            "module.vpc.aws_vpc_ipv4_cidr_block_association.this"
          ]
        }
      ]
    },
    {
      "module": "module.ecs.module.service[\"streamlit_2\"]",
      "mode": "managed",
      "type": "aws_appautoscaling_target",
      "name": "this",
      "provider": "provider[\"registry.terraform.io/hashicorp/aws\"]",
      "instances": [
        {
          "index_key": 0,
          "schema_version": 0,
          "attributes": {
            "arn": "arn:aws:application-autoscaling:eu-west-3:337671252064:scalable-target/0ec5fc3aaba59408417b903714e4e71411d4",
            "id": "service/test/streamlit_2",
            "max_capacity": 10,
            "min_capacity": 1,
            "resource_id": "service/test/streamlit_2",
            "role_arn": "arn:aws:iam::337671252064:role/aws-service-role/ecs.application-autoscaling.amazonaws.com/AWSServiceRoleForApplicationAutoScaling_ECSService",
            "scalable_dimension": "ecs:service:DesiredCount",
            "service_namespace": "ecs",
            "tags": {
              "Example": "test",
              "Name": "test",
              "Repository": "337671252064.dkr.ecr.eu-west-3.amazonaws.com/central-service:latest"
            },
            "tags_all": {
              "Example": "test",
              "Name": "test",
              "Repository": "337671252064.dkr.ecr.eu-west-3.amazonaws.com/central-service:latest"
            }
          },
          "sensitive_attributes": [],
          "private": "bnVsbA==",
          "dependencies": [
            "aws_service_discovery_http_namespace.this",
            "data.aws_availability_zones.available",
            "module.alb.aws_lb_target_group.this",
            "module.alb.aws_security_group.this",
            "module.ecs.module.cluster.aws_cloudwatch_log_group.this",
            "module.ecs.module.cluster.aws_ecs_cluster.this",
            "module.ecs.module.service.aws_ecs_service.ignore_task_definition",
            "module.ecs.module.service.aws_ecs_service.this",
            "module.ecs.module.service.aws_ecs_task_definition.this",
            "module.ecs.module.service.aws_iam_policy.service",
            "module.ecs.module.service.aws_iam_role.service",
            "module.ecs.module.service.aws_iam_role.task_exec",
            "module.ecs.module.service.aws_iam_role.tasks",
            "module.ecs.module.service.aws_iam_role_policy_attachment.service",
            "module.ecs.module.service.aws_security_group.this",
            "module.ecs.module.service.data.aws_caller_identity.current",
            "module.ecs.module.service.data.aws_ecs_task_definition.this",
            "module.ecs.module.service.data.aws_iam_policy_document.service",
            "module.ecs.module.service.data.aws_iam_policy_document.service_assume",
            "module.ecs.module.service.data.aws_iam_policy_document.task_exec_assume",
            "module.ecs.module.service.data.aws_iam_policy_document.tasks_assume",
            "module.ecs.module.service.data.aws_partition.current",
            "module.ecs.module.service.data.aws_region.current",
            "module.ecs.module.service.data.aws_subnet.this",
            "module.ecs.module.service.module.container_definition.aws_cloudwatch_log_group.this",
            "module.ecs.module.service.module.container_definition.data.aws_region.current",
            "module.vpc.aws_subnet.public",
            "module.vpc.aws_vpc.this",
            "module.vpc.aws_vpc_ipv4_cidr_block_association.this"
          ]
        }
      ]
    },
    {
      "module": "module.ecs.module.service[\"streamlit_2\"]",
      "mode": "managed",
      "type": "aws_ecs_service",
      "name": "this",
      "provider": "provider[\"registry.terraform.io/hashicorp/aws\"]",
      "instances": [
        {
          "index_key": 0,
          "schema_version": 0,
          "attributes": {
            "alarms": [],
            "capacity_provider_strategy": [],
            "cluster": "arn:aws:ecs:eu-west-3:337671252064:cluster/test",
            "deployment_circuit_breaker": [
              {
                "enable": false,
                "rollback": false
              }
            ],
            "deployment_controller": [
              {
                "type": "ECS"
              }
            ],
            "deployment_maximum_percent": 200,
            "deployment_minimum_healthy_percent": 66,
            "desired_count": 1,
            "enable_ecs_managed_tags": true,
            "enable_execute_command": false,
            "force_new_deployment": true,
            "health_check_grace_period_seconds": 0,
            "iam_role": "/aws-service-role/ecs.amazonaws.com/AWSServiceRoleForECS",
            "id": "arn:aws:ecs:eu-west-3:337671252064:service/test/streamlit_2",
            "launch_type": "FARGATE",
            "load_balancer": [],
            "name": "streamlit_2",
            "network_configuration": [
              {
                "assign_public_ip": true,
                "security_groups": [
                  "sg-0f2011d143eaad0f1"
                ],
                "subnets": [
                  "subnet-04fa3044522cea927",
                  "subnet-09edf0c272b115ce6",
                  "subnet-0a513f6a38ffc9213"
                ]
              }
            ],
            "ordered_placement_strategy": [],
            "placement_constraints": [],
            "platform_version": "LATEST",
            "propagate_tags": "NONE",
            "scheduling_strategy": "REPLICA",
            "service_connect_configuration": [
              {
                "enabled": true,
                "log_configuration": [],
                "namespace": "arn:aws:servicediscovery:eu-west-3:337671252064:namespace/ns-ilsb6gsewgahzdp4",
                "service": [
                  {
                    "client_alias": [
                      {
                        "dns_name": "streamlit_2",
                        "port": 3001
                      }
                    ],
                    "discovery_name": "streamlit_2",
                    "ingress_port_override": 0,
                    "port_name": "streamlit_2"
                  }
                ]
              }
            ],
            "service_registries": [],
            "tags": {
              "Example": "test",
              "Name": "test",
              "Repository": "337671252064.dkr.ecr.eu-west-3.amazonaws.com/central-service:latest"
            },
            "tags_all": {
              "Example": "test",
              "Name": "test",
              "Repository": "337671252064.dkr.ecr.eu-west-3.amazonaws.com/central-service:latest"
            },
            "task_definition": "streamlit_2:5",
            "timeouts": {
              "create": null,
              "delete": null,
              "update": null
            },
            "triggers": {},
            "wait_for_steady_state": false
          },
          "sensitive_attributes": [],
          "private": "eyJlMmJmYjczMC1lY2FhLTExZTYtOGY4OC0zNDM2M2JjN2M0YzAiOnsiY3JlYXRlIjoxMjAwMDAwMDAwMDAwLCJkZWxldGUiOjEyMDAwMDAwMDAwMDAsInVwZGF0ZSI6MTIwMDAwMDAwMDAwMH19",
          "dependencies": [
            "aws_service_discovery_http_namespace.this",
            "data.aws_availability_zones.available",
            "module.alb.aws_lb_target_group.this",
            "module.alb.aws_security_group.this",
            "module.ecs.module.cluster.aws_cloudwatch_log_group.this",
            "module.ecs.module.cluster.aws_ecs_cluster.this",
            "module.ecs.module.service.aws_ecs_task_definition.this",
            "module.ecs.module.service.aws_iam_policy.service",
            "module.ecs.module.service.aws_iam_role.service",
            "module.ecs.module.service.aws_iam_role.task_exec",
            "module.ecs.module.service.aws_iam_role.tasks",
            "module.ecs.module.service.aws_iam_role_policy_attachment.service",
            "module.ecs.module.service.aws_security_group.this",
            "module.ecs.module.service.data.aws_caller_identity.current",
            "module.ecs.module.service.data.aws_ecs_task_definition.this",
            "module.ecs.module.service.data.aws_iam_policy_document.service",
            "module.ecs.module.service.data.aws_iam_policy_document.service_assume",
            "module.ecs.module.service.data.aws_iam_policy_document.task_exec_assume",
            "module.ecs.module.service.data.aws_iam_policy_document.tasks_assume",
            "module.ecs.module.service.data.aws_partition.current",
            "module.ecs.module.service.data.aws_region.current",
            "module.ecs.module.service.data.aws_subnet.this",
            "module.ecs.module.service.module.container_definition.aws_cloudwatch_log_group.this",
            "module.ecs.module.service.module.container_definition.data.aws_region.current",
            "module.vpc.aws_subnet.public",
            "module.vpc.aws_vpc.this",
            "module.vpc.aws_vpc_ipv4_cidr_block_association.this"
          ]
        }
      ]
    },
    {
      "module": "module.ecs.module.service[\"streamlit_2\"]",
      "mode": "managed",
      "type": "aws_ecs_task_definition",
      "name": "this",
      "provider": "provider[\"registry.terraform.io/hashicorp/aws\"]",
      "instances": [
        {
          "index_key": 0,
          "schema_version": 1,
          "attributes": {
            "arn": "arn:aws:ecs:eu-west-3:337671252064:task-definition/streamlit_2:5",
            "arn_without_revision": "arn:aws:ecs:eu-west-3:337671252064:task-definition/streamlit_2",
            "container_definitions": "[{\"cpu\":512,\"environment\":[],\"essential\":true,\"image\":\"337671252064.dkr.ecr.eu-west-3.amazonaws.com/streamlit_2:latest\",\"interactive\":false,\"linuxParameters\":{\"initProcessEnabled\":false},\"logConfiguration\":{\"logDriver\":\"awslogs\",\"options\":{\"awslogs-group\":\"/aws/ecs/streamlit_2/streamlit_2\",\"awslogs-region\":\"eu-west-3\",\"awslogs-stream-prefix\":\"ecs\"}},\"memory\":1024,\"memoryReservation\":100,\"mountPoints\":[],\"name\":\"streamlit_2\",\"portMappings\":[{\"containerPort\":3001,\"hostPort\":3001,\"name\":\"streamlit_2\",\"protocol\":\"tcp\"}],\"privileged\":false,\"pseudoTerminal\":false,\"readonlyRootFilesystem\":false,\"startTimeout\":30,\"stopTimeout\":120,\"user\":\"0\",\"volumesFrom\":[]}]",
            "cpu": "1024",
            "ephemeral_storage": [],
            "execution_role_arn": "arn:aws:iam::337671252064:role/streamlit_2-20240214124500738700000008",
            "family": "streamlit_2",
            "id": "streamlit_2",
            "inference_accelerator": [],
            "ipc_mode": "",
            "memory": "4096",
            "network_mode": "awsvpc",
            "pid_mode": "",
            "placement_constraints": [],
            "proxy_configuration": [],
            "requires_compatibilities": [
              "FARGATE"
            ],
            "revision": 5,
            "runtime_platform": [
              {
                "cpu_architecture": "X86_64",
                "operating_system_family": "LINUX"
              }
            ],
            "skip_destroy": false,
            "tags": {
              "Example": "test",
              "Name": "test",
              "Repository": "337671252064.dkr.ecr.eu-west-3.amazonaws.com/central-service:latest"
            },
            "tags_all": {
              "Example": "test",
              "Name": "test",
              "Repository": "337671252064.dkr.ecr.eu-west-3.amazonaws.com/central-service:latest"
            },
            "task_role_arn": "arn:aws:iam::337671252064:role/streamlit_2-2024021412450098700000000c",
            "volume": []
          },
          "sensitive_attributes": [],
          "private": "eyJzY2hlbWFfdmVyc2lvbiI6IjEifQ==",
          "dependencies": [
            "aws_service_discovery_http_namespace.this",
            "data.aws_availability_zones.available",
            "module.alb.aws_lb_target_group.this",
            "module.alb.aws_security_group.this",
            "module.ecs.module.service.aws_iam_role.task_exec",
            "module.ecs.module.service.aws_iam_role.tasks",
            "module.ecs.module.service.data.aws_caller_identity.current",
            "module.ecs.module.service.data.aws_iam_policy_document.task_exec_assume",
            "module.ecs.module.service.data.aws_iam_policy_document.tasks_assume",
            "module.ecs.module.service.data.aws_partition.current",
            "module.ecs.module.service.data.aws_region.current",
            "module.ecs.module.service.module.container_definition.aws_cloudwatch_log_group.this",
            "module.ecs.module.service.module.container_definition.data.aws_region.current",
            "module.vpc.aws_subnet.public",
            "module.vpc.aws_vpc.this",
            "module.vpc.aws_vpc_ipv4_cidr_block_association.this"
          ],
          "create_before_destroy": true
        }
      ]
    },
    {
      "module": "module.ecs.module.service[\"streamlit_2\"]",
      "mode": "managed",
      "type": "aws_iam_policy",
      "name": "task_exec",
      "provider": "provider[\"registry.terraform.io/hashicorp/aws\"]",
      "instances": [
        {
          "index_key": 0,
          "schema_version": 0,
          "attributes": {
            "arn": "arn:aws:iam::337671252064:policy/streamlit_2-20240214124502150500000016",
            "description": "Task execution role IAM policy",
            "id": "arn:aws:iam::337671252064:policy/streamlit_2-20240214124502150500000016",
            "name": "streamlit_2-20240214124502150500000016",
            "name_prefix": "streamlit_2-",
            "path": "/",
            "policy": "{\"Statement\":[{\"Action\":[\"logs:PutLogEvents\",\"logs:CreateLogStream\"],\"Effect\":\"Allow\",\"Resource\":\"*\",\"Sid\":\"Logs\"},{\"Action\":[\"ecr:GetDownloadUrlForLayer\",\"ecr:GetAuthorizationToken\",\"ecr:BatchGetImage\",\"ecr:BatchCheckLayerAvailability\"],\"Effect\":\"Allow\",\"Resource\":\"*\",\"Sid\":\"ECR\"},{\"Action\":\"ssm:GetParameters\",\"Effect\":\"Allow\",\"Resource\":\"arn:aws:ssm:*:*:parameter/*\",\"Sid\":\"GetSSMParams\"},{\"Action\":\"secretsmanager:GetSecretValue\",\"Effect\":\"Allow\",\"Resource\":\"arn:aws:secretsmanager:*:*:secret:*\",\"Sid\":\"GetSecrets\"}],\"Version\":\"2012-10-17\"}",
            "policy_id": "ANPAU5HWGNBQE4FOPW4BF",
            "tags": {
              "Example": "test",
              "Name": "test",
              "Repository": "337671252064.dkr.ecr.eu-west-3.amazonaws.com/central-service:latest"
            },
            "tags_all": {
              "Example": "test",
              "Name": "test",
              "Repository": "337671252064.dkr.ecr.eu-west-3.amazonaws.com/central-service:latest"
            }
          },
          "sensitive_attributes": [],
          "private": "bnVsbA==",
          "dependencies": [
            "aws_service_discovery_http_namespace.this",
            "data.aws_availability_zones.available",
            "module.alb.aws_lb_target_group.this",
            "module.alb.aws_security_group.this",
            "module.ecs.module.service.data.aws_iam_policy_document.task_exec",
            "module.vpc.aws_subnet.public",
            "module.vpc.aws_vpc.this",
            "module.vpc.aws_vpc_ipv4_cidr_block_association.this"
          ]
        }
      ]
    },
    {
      "module": "module.ecs.module.service[\"streamlit_2\"]",
      "mode": "managed",
      "type": "aws_iam_role",
      "name": "task_exec",
      "provider": "provider[\"registry.terraform.io/hashicorp/aws\"]",
      "instances": [
        {
          "index_key": 0,
          "schema_version": 0,
          "attributes": {
            "arn": "arn:aws:iam::337671252064:role/streamlit_2-20240214124500738700000008",
            "assume_role_policy": "{\"Statement\":[{\"Action\":\"sts:AssumeRole\",\"Effect\":\"Allow\",\"Principal\":{\"Service\":\"ecs-tasks.amazonaws.com\"},\"Sid\":\"ECSTaskExecutionAssumeRole\"}],\"Version\":\"2012-10-17\"}",
            "create_date": "2024-02-14T12:45:01Z",
            "description": "Task execution role for streamlit_2",
            "force_detach_policies": true,
            "id": "streamlit_2-20240214124500738700000008",
            "inline_policy": [],
            "managed_policy_arns": [],
            "max_session_duration": 3600,
            "name": "streamlit_2-20240214124500738700000008",
            "name_prefix": "streamlit_2-",
            "path": "/",
            "permissions_boundary": "",
            "tags": {
              "Example": "test",
              "Name": "test",
              "Repository": "337671252064.dkr.ecr.eu-west-3.amazonaws.com/central-service:latest"
            },
            "tags_all": {
              "Example": "test",
              "Name": "test",
              "Repository": "337671252064.dkr.ecr.eu-west-3.amazonaws.com/central-service:latest"
            },
            "unique_id": "AROAU5HWGNBQMTH32INBW"
          },
          "sensitive_attributes": [],
          "private": "bnVsbA==",
          "dependencies": [
            "aws_service_discovery_http_namespace.this",
            "data.aws_availability_zones.available",
            "module.alb.aws_lb_target_group.this",
            "module.alb.aws_security_group.this",
            "module.ecs.module.service.data.aws_iam_policy_document.task_exec_assume",
            "module.vpc.aws_subnet.public",
            "module.vpc.aws_vpc.this",
            "module.vpc.aws_vpc_ipv4_cidr_block_association.this"
          ],
          "create_before_destroy": true
        }
      ]
    },
    {
      "module": "module.ecs.module.service[\"streamlit_2\"]",
      "mode": "managed",
      "type": "aws_iam_role",
      "name": "tasks",
      "provider": "provider[\"registry.terraform.io/hashicorp/aws\"]",
      "instances": [
        {
          "index_key": 0,
          "schema_version": 0,
          "attributes": {
            "arn": "arn:aws:iam::337671252064:role/streamlit_2-2024021412450098700000000c",
            "assume_role_policy": "{\"Statement\":[{\"Action\":\"sts:AssumeRole\",\"Condition\":{\"ArnLike\":{\"aws:SourceArn\":\"arn:aws:ecs:eu-west-3:337671252064:*\"},\"StringEquals\":{\"aws:SourceAccount\":\"337671252064\"}},\"Effect\":\"Allow\",\"Principal\":{\"Service\":\"ecs-tasks.amazonaws.com\"},\"Sid\":\"ECSTasksAssumeRole\"}],\"Version\":\"2012-10-17\"}",
            "create_date": "2024-02-14T12:45:01Z",
            "description": "",
            "force_detach_policies": true,
            "id": "streamlit_2-2024021412450098700000000c",
            "inline_policy": [],
            "managed_policy_arns": [],
            "max_session_duration": 3600,
            "name": "streamlit_2-2024021412450098700000000c",
            "name_prefix": "streamlit_2-",
            "path": "/",
            "permissions_boundary": "",
            "tags": {
              "Example": "test",
              "Name": "test",
              "Repository": "337671252064.dkr.ecr.eu-west-3.amazonaws.com/central-service:latest"
            },
            "tags_all": {
              "Example": "test",
              "Name": "test",
              "Repository": "337671252064.dkr.ecr.eu-west-3.amazonaws.com/central-service:latest"
            },
            "unique_id": "AROAU5HWGNBQKFMXQTGIV"
          },
          "sensitive_attributes": [],
          "private": "bnVsbA==",
          "dependencies": [
            "aws_service_discovery_http_namespace.this",
            "data.aws_availability_zones.available",
            "module.alb.aws_lb_target_group.this",
            "module.alb.aws_security_group.this",
            "module.ecs.module.service.data.aws_caller_identity.current",
            "module.ecs.module.service.data.aws_iam_policy_document.tasks_assume",
            "module.ecs.module.service.data.aws_partition.current",
            "module.ecs.module.service.data.aws_region.current",
            "module.vpc.aws_subnet.public",
            "module.vpc.aws_vpc.this",
            "module.vpc.aws_vpc_ipv4_cidr_block_association.this"
          ],
          "create_before_destroy": true
        }
      ]
    },
    {
      "module": "module.ecs.module.service[\"streamlit_2\"]",
      "mode": "managed",
      "type": "aws_iam_role_policy_attachment",
      "name": "task_exec",
      "provider": "provider[\"registry.terraform.io/hashicorp/aws\"]",
      "instances": [
        {
          "index_key": 0,
          "schema_version": 0,
          "attributes": {
            "id": "streamlit_2-20240214124500738700000008-20240214124503435800000019",
            "policy_arn": "arn:aws:iam::337671252064:policy/streamlit_2-20240214124502150500000016",
            "role": "streamlit_2-20240214124500738700000008"
          },
          "sensitive_attributes": [],
          "private": "bnVsbA==",
          "dependencies": [
            "aws_service_discovery_http_namespace.this",
            "data.aws_availability_zones.available",
            "module.alb.aws_lb_target_group.this",
            "module.alb.aws_security_group.this",
            "module.ecs.module.service.aws_iam_policy.task_exec",
            "module.ecs.module.service.aws_iam_role.task_exec",
            "module.ecs.module.service.data.aws_iam_policy_document.task_exec",
            "module.ecs.module.service.data.aws_iam_policy_document.task_exec_assume",
            "module.vpc.aws_subnet.public",
            "module.vpc.aws_vpc.this",
            "module.vpc.aws_vpc_ipv4_cidr_block_association.this"
          ]
        }
      ]
    },
    {
      "module": "module.ecs.module.service[\"streamlit_2\"]",
      "mode": "managed",
      "type": "aws_security_group",
      "name": "this",
      "provider": "provider[\"registry.terraform.io/hashicorp/aws\"]",
      "instances": [
        {
          "index_key": 0,
          "schema_version": 1,
          "attributes": {
            "arn": "arn:aws:ec2:eu-west-3:337671252064:security-group/sg-0f2011d143eaad0f1",
            "description": "Managed by Terraform",
            "egress": [],
            "id": "sg-0f2011d143eaad0f1",
            "ingress": [],
            "name": "streamlit_2-20240214124502004800000012",
            "name_prefix": "streamlit_2-",
            "owner_id": "337671252064",
            "revoke_rules_on_delete": false,
            "tags": {
              "Example": "test",
              "Name": "test",
              "Repository": "337671252064.dkr.ecr.eu-west-3.amazonaws.com/central-service:latest"
            },
            "tags_all": {
              "Example": "test",
              "Name": "test",
              "Repository": "337671252064.dkr.ecr.eu-west-3.amazonaws.com/central-service:latest"
            },
            "timeouts": null,
            "vpc_id": "vpc-0010d4896602f5ae9"
          },
          "sensitive_attributes": [],
          "private": "eyJlMmJmYjczMC1lY2FhLTExZTYtOGY4OC0zNDM2M2JjN2M0YzAiOnsiY3JlYXRlIjo2MDAwMDAwMDAwMDAsImRlbGV0ZSI6OTAwMDAwMDAwMDAwfSwic2NoZW1hX3ZlcnNpb24iOiIxIn0=",
          "dependencies": [
            "aws_service_discovery_http_namespace.this",
            "data.aws_availability_zones.available",
            "module.alb.aws_lb_target_group.this",
            "module.alb.aws_security_group.this",
            "module.ecs.module.service.data.aws_subnet.this",
            "module.vpc.aws_subnet.public",
            "module.vpc.aws_vpc.this",
            "module.vpc.aws_vpc_ipv4_cidr_block_association.this"
          ],
          "create_before_destroy": true
        }
      ]
    },
    {
      "module": "module.ecs.module.service[\"streamlit_2\"]",
      "mode": "managed",
      "type": "aws_security_group_rule",
      "name": "this",
      "provider": "provider[\"registry.terraform.io/hashicorp/aws\"]",
      "instances": [
        {
          "index_key": "alb_ingress_3000",
          "schema_version": 2,
          "attributes": {
            "cidr_blocks": null,
            "description": "Service port",
            "from_port": 3001,
            "id": "sgrule-1863469556",
            "ipv6_cidr_blocks": null,
            "prefix_list_ids": null,
            "protocol": "tcp",
            "security_group_id": "sg-0f2011d143eaad0f1",
            "security_group_rule_id": "sgr-0973591e5471b2999",
            "self": false,
            "source_security_group_id": "sg-0c8e5f9d6148bd3fd",
            "timeouts": null,
            "to_port": 3001,
            "type": "ingress"
          },
          "sensitive_attributes": [],
          "private": "eyJlMmJmYjczMC1lY2FhLTExZTYtOGY4OC0zNDM2M2JjN2M0YzAiOnsiY3JlYXRlIjozMDAwMDAwMDAwMDB9LCJzY2hlbWFfdmVyc2lvbiI6IjIifQ==",
          "dependencies": [
            "aws_service_discovery_http_namespace.this",
            "data.aws_availability_zones.available",
            "module.alb.aws_lb_target_group.this",
            "module.alb.aws_security_group.this",
            "module.ecs.module.service.aws_security_group.this",
            "module.ecs.module.service.data.aws_subnet.this",
            "module.vpc.aws_subnet.public",
            "module.vpc.aws_vpc.this",
            "module.vpc.aws_vpc_ipv4_cidr_block_association.this"
          ]
        },
        {
          "index_key": "egress_all",
          "schema_version": 2,
          "attributes": {
            "cidr_blocks": [
              "0.0.0.0/0"
            ],
            "description": null,
            "from_port": 0,
            "id": "sgrule-3315731716",
            "ipv6_cidr_blocks": null,
            "prefix_list_ids": null,
            "protocol": "-1",
            "security_group_id": "sg-0f2011d143eaad0f1",
            "security_group_rule_id": "sgr-0c92e7aac6170408a",
            "self": false,
            "source_security_group_id": null,
            "timeouts": null,
            "to_port": 0,
            "type": "egress"
          },
          "sensitive_attributes": [],
          "private": "eyJlMmJmYjczMC1lY2FhLTExZTYtOGY4OC0zNDM2M2JjN2M0YzAiOnsiY3JlYXRlIjozMDAwMDAwMDAwMDB9LCJzY2hlbWFfdmVyc2lvbiI6IjIifQ==",
          "dependencies": [
            "aws_service_discovery_http_namespace.this",
            "data.aws_availability_zones.available",
            "module.alb.aws_lb_target_group.this",
            "module.alb.aws_security_group.this",
            "module.ecs.module.service.aws_security_group.this",
            "module.ecs.module.service.data.aws_subnet.this",
            "module.vpc.aws_subnet.public",
            "module.vpc.aws_vpc.this",
            "module.vpc.aws_vpc_ipv4_cidr_block_association.this"
          ]
        }
      ]
    },
    {
      "module": "module.ecs.module.service[\"streamlit_2\"].module.container_definition[\"streamlit_2\"]",
      "mode": "data",
      "type": "aws_region",
      "name": "current",
      "provider": "provider[\"registry.terraform.io/hashicorp/aws\"]",
      "instances": [
        {
          "schema_version": 0,
          "attributes": {
            "description": "Europe (Paris)",
            "endpoint": "ec2.eu-west-3.amazonaws.com",
            "id": "eu-west-3",
            "name": "eu-west-3"
          },
          "sensitive_attributes": []
        }
      ]
    },
    {
      "module": "module.ecs.module.service[\"streamlit_2\"].module.container_definition[\"streamlit_2\"]",
      "mode": "managed",
      "type": "aws_cloudwatch_log_group",
      "name": "this",
      "provider": "provider[\"registry.terraform.io/hashicorp/aws\"]",
      "instances": [
        {
          "index_key": 0,
          "schema_version": 0,
          "attributes": {
            "arn": "arn:aws:logs:eu-west-3:337671252064:log-group:/aws/ecs/streamlit_2/streamlit_2",
            "id": "/aws/ecs/streamlit_2/streamlit_2",
            "kms_key_id": "",
            "log_group_class": "STANDARD",
            "name": "/aws/ecs/streamlit_2/streamlit_2",
            "name_prefix": "",
            "retention_in_days": 14,
            "skip_destroy": false,
            "tags": {
              "Example": "test",
              "Name": "test",
              "Repository": "337671252064.dkr.ecr.eu-west-3.amazonaws.com/central-service:latest"
            },
            "tags_all": {
              "Example": "test",
              "Name": "test",
              "Repository": "337671252064.dkr.ecr.eu-west-3.amazonaws.com/central-service:latest"
            }
          },
          "sensitive_attributes": [],
          "private": "bnVsbA==",
          "dependencies": [
            "aws_service_discovery_http_namespace.this",
            "data.aws_availability_zones.available",
            "module.alb.aws_lb_target_group.this",
            "module.alb.aws_security_group.this",
            "module.vpc.aws_subnet.public",
            "module.vpc.aws_vpc.this",
            "module.vpc.aws_vpc_ipv4_cidr_block_association.this"
          ],
          "create_before_destroy": true
        }
      ]
    },
    {
      "module": "module.vpc",
      "mode": "managed",
      "type": "aws_default_network_acl",
      "name": "this",
      "provider": "provider[\"registry.terraform.io/hashicorp/aws\"]",
      "instances": [
        {
          "index_key": 0,
          "schema_version": 0,
          "attributes": {
            "arn": "arn:aws:ec2:eu-west-3:337671252064:network-acl/acl-0683b43b3476c9df7",
            "default_network_acl_id": "acl-0683b43b3476c9df7",
            "egress": [
              {
                "action": "allow",
                "cidr_block": "",
                "from_port": 0,
                "icmp_code": null,
                "icmp_type": null,
                "ipv6_cidr_block": "::/0",
                "protocol": "-1",
                "rule_no": 101,
                "to_port": 0
              },
              {
                "action": "allow",
                "cidr_block": "0.0.0.0/0",
                "from_port": 0,
                "icmp_code": null,
                "icmp_type": null,
                "ipv6_cidr_block": "",
                "protocol": "-1",
                "rule_no": 100,
                "to_port": 0
              }
            ],
            "id": "acl-0683b43b3476c9df7",
            "ingress": [
              {
                "action": "allow",
                "cidr_block": "",
                "from_port": 0,
                "icmp_code": null,
                "icmp_type": null,
                "ipv6_cidr_block": "::/0",
                "protocol": "-1",
                "rule_no": 101,
                "to_port": 0
              },
              {
                "action": "allow",
                "cidr_block": "0.0.0.0/0",
                "from_port": 0,
                "icmp_code": null,
                "icmp_type": null,
                "ipv6_cidr_block": "",
                "protocol": "-1",
                "rule_no": 100,
                "to_port": 0
              }
            ],
            "owner_id": "337671252064",
            "subnet_ids": [
              "subnet-04fa3044522cea927",
              "subnet-08a35edea2a868ad4",
              "subnet-08d5a06e69adc276b",
              "subnet-09edf0c272b115ce6",
              "subnet-0a513f6a38ffc9213",
              "subnet-0f1ef9995d12404a9"
            ],
            "tags": {
              "Example": "test",
              "Name": "test",
              "Repository": "337671252064.dkr.ecr.eu-west-3.amazonaws.com/central-service:latest"
            },
            "tags_all": {
              "Example": "test",
              "Name": "test",
              "Repository": "337671252064.dkr.ecr.eu-west-3.amazonaws.com/central-service:latest"
            },
            "vpc_id": "vpc-0010d4896602f5ae9"
          },
          "sensitive_attributes": [],
          "private": "bnVsbA==",
          "dependencies": [
            "module.vpc.aws_vpc.this"
          ]
        }
      ]
    },
    {
      "module": "module.vpc",
      "mode": "managed",
      "type": "aws_default_route_table",
      "name": "default",
      "provider": "provider[\"registry.terraform.io/hashicorp/aws\"]",
      "instances": [
        {
          "index_key": 0,
          "schema_version": 0,
          "attributes": {
            "arn": "arn:aws:ec2:eu-west-3:337671252064:route-table/rtb-0c5389df6c94e75d0",
            "default_route_table_id": "rtb-0c5389df6c94e75d0",
            "id": "rtb-0c5389df6c94e75d0",
            "owner_id": "337671252064",
            "propagating_vgws": null,
            "route": [],
            "tags": {
              "Example": "test",
              "Name": "test",
              "Repository": "337671252064.dkr.ecr.eu-west-3.amazonaws.com/central-service:latest"
            },
            "tags_all": {
              "Example": "test",
              "Name": "test",
              "Repository": "337671252064.dkr.ecr.eu-west-3.amazonaws.com/central-service:latest"
            },
            "timeouts": {
              "create": "5m",
              "update": "5m"
            },
            "vpc_id": "vpc-0010d4896602f5ae9"
          },
          "sensitive_attributes": [],
          "private": "eyJlMmJmYjczMC1lY2FhLTExZTYtOGY4OC0zNDM2M2JjN2M0YzAiOnsiY3JlYXRlIjozMDAwMDAwMDAwMDAsInVwZGF0ZSI6MzAwMDAwMDAwMDAwfX0=",
          "dependencies": [
            "module.vpc.aws_vpc.this"
          ]
        }
      ]
    },
    {
      "module": "module.vpc",
      "mode": "managed",
      "type": "aws_default_security_group",
      "name": "this",
      "provider": "provider[\"registry.terraform.io/hashicorp/aws\"]",
      "instances": [
        {
          "index_key": 0,
          "schema_version": 1,
          "attributes": {
            "arn": "arn:aws:ec2:eu-west-3:337671252064:security-group/sg-06de52c905320bd83",
            "description": "default VPC security group",
            "egress": [],
            "id": "sg-06de52c905320bd83",
            "ingress": [],
            "name": "default",
            "name_prefix": "",
            "owner_id": "337671252064",
            "revoke_rules_on_delete": false,
            "tags": {
              "Example": "test",
              "Name": "test",
              "Repository": "337671252064.dkr.ecr.eu-west-3.amazonaws.com/central-service:latest"
            },
            "tags_all": {
              "Example": "test",
              "Name": "test",
              "Repository": "337671252064.dkr.ecr.eu-west-3.amazonaws.com/central-service:latest"
            },
            "vpc_id": "vpc-0010d4896602f5ae9"
          },
          "sensitive_attributes": [],
          "private": "eyJzY2hlbWFfdmVyc2lvbiI6IjEifQ==",
          "dependencies": [
            "module.vpc.aws_vpc.this"
          ]
        }
      ]
    },
    {
      "module": "module.vpc",
      "mode": "managed",
      "type": "aws_eip",
      "name": "nat",
      "provider": "provider[\"registry.terraform.io/hashicorp/aws\"]",
      "instances": [
        {
          "index_key": 0,
          "schema_version": 0,
          "attributes": {
            "address": null,
            "allocation_id": "eipalloc-0d303ddcac3bd0471",
            "associate_with_private_ip": null,
            "association_id": "",
            "carrier_ip": "",
            "customer_owned_ip": "",
            "customer_owned_ipv4_pool": "",
            "domain": "vpc",
            "id": "eipalloc-0d303ddcac3bd0471",
            "instance": "",
            "network_border_group": "eu-west-3",
            "network_interface": "",
            "private_dns": null,
            "private_ip": "",
            "public_dns": "ec2-15-237-229-10.eu-west-3.compute.amazonaws.com",
            "public_ip": "15.237.229.10",
            "public_ipv4_pool": "amazon",
            "tags": {
              "Example": "test",
              "Name": "test",
              "Repository": "337671252064.dkr.ecr.eu-west-3.amazonaws.com/central-service:latest"
            },
            "tags_all": {
              "Example": "test",
              "Name": "test",
              "Repository": "337671252064.dkr.ecr.eu-west-3.amazonaws.com/central-service:latest"
            },
            "timeouts": null,
            "vpc": true
          },
          "sensitive_attributes": [],
          "private": "eyJlMmJmYjczMC1lY2FhLTExZTYtOGY4OC0zNDM2M2JjN2M0YzAiOnsiZGVsZXRlIjoxODAwMDAwMDAwMDAsInJlYWQiOjkwMDAwMDAwMDAwMCwidXBkYXRlIjozMDAwMDAwMDAwMDB9fQ==",
          "dependencies": [
            "data.aws_availability_zones.available",
            "module.vpc.aws_internet_gateway.this",
            "module.vpc.aws_vpc.this",
            "module.vpc.aws_vpc_ipv4_cidr_block_association.this"
          ]
        }
      ]
    },
    {
      "module": "module.vpc",
      "mode": "managed",
      "type": "aws_internet_gateway",
      "name": "this",
      "provider": "provider[\"registry.terraform.io/hashicorp/aws\"]",
      "instances": [
        {
          "index_key": 0,
          "schema_version": 0,
          "attributes": {
            "arn": "arn:aws:ec2:eu-west-3:337671252064:internet-gateway/igw-01b905c1995b340b6",
            "id": "igw-01b905c1995b340b6",
            "owner_id": "337671252064",
            "tags": {
              "Example": "test",
              "Name": "test",
              "Repository": "337671252064.dkr.ecr.eu-west-3.amazonaws.com/central-service:latest"
            },
            "tags_all": {
              "Example": "test",
              "Name": "test",
              "Repository": "337671252064.dkr.ecr.eu-west-3.amazonaws.com/central-service:latest"
            },
            "timeouts": null,
            "vpc_id": "vpc-0010d4896602f5ae9"
          },
          "sensitive_attributes": [],
          "private": "eyJlMmJmYjczMC1lY2FhLTExZTYtOGY4OC0zNDM2M2JjN2M0YzAiOnsiY3JlYXRlIjoxMjAwMDAwMDAwMDAwLCJkZWxldGUiOjEyMDAwMDAwMDAwMDAsInVwZGF0ZSI6MTIwMDAwMDAwMDAwMH19",
          "dependencies": [
            "data.aws_availability_zones.available",
            "module.vpc.aws_vpc.this",
            "module.vpc.aws_vpc_ipv4_cidr_block_association.this"
          ]
        }
      ]
    },
    {
      "module": "module.vpc",
      "mode": "managed",
      "type": "aws_nat_gateway",
      "name": "this",
      "provider": "provider[\"registry.terraform.io/hashicorp/aws\"]",
      "instances": [
        {
          "index_key": 0,
          "schema_version": 0,
          "attributes": {
            "allocation_id": "eipalloc-0d303ddcac3bd0471",
            "association_id": "eipassoc-0b026073826cea593",
            "connectivity_type": "public",
            "id": "nat-0ce6b1fedc26fc052",
            "network_interface_id": "eni-00ca1710f293bf1d9",
            "private_ip": "10.0.48.51",
            "public_ip": "15.237.229.10",
            "secondary_allocation_ids": null,
            "secondary_private_ip_address_count": 0,
            "secondary_private_ip_addresses": [],
            "subnet_id": "subnet-04fa3044522cea927",
            "tags": {
              "Example": "test",
              "Name": "test",
              "Repository": "337671252064.dkr.ecr.eu-west-3.amazonaws.com/central-service:latest"
            },
            "tags_all": {
              "Example": "test",
              "Name": "test",
              "Repository": "337671252064.dkr.ecr.eu-west-3.amazonaws.com/central-service:latest"
            },
            "timeouts": null
          },
          "sensitive_attributes": [],
          "private": "eyJlMmJmYjczMC1lY2FhLTExZTYtOGY4OC0zNDM2M2JjN2M0YzAiOnsiY3JlYXRlIjo2MDAwMDAwMDAwMDAsImRlbGV0ZSI6MTgwMDAwMDAwMDAwMCwidXBkYXRlIjo2MDAwMDAwMDAwMDB9fQ==",
          "dependencies": [
            "data.aws_availability_zones.available",
            "module.vpc.aws_eip.nat",
            "module.vpc.aws_internet_gateway.this",
            "module.vpc.aws_subnet.public",
            "module.vpc.aws_vpc.this",
            "module.vpc.aws_vpc_ipv4_cidr_block_association.this"
          ]
        }
      ]
    },
    {
      "module": "module.vpc",
      "mode": "managed",
      "type": "aws_route",
      "name": "private_nat_gateway",
      "provider": "provider[\"registry.terraform.io/hashicorp/aws\"]",
      "instances": [
        {
          "index_key": 0,
          "schema_version": 0,
          "attributes": {
            "carrier_gateway_id": "",
            "core_network_arn": "",
            "destination_cidr_block": "0.0.0.0/0",
            "destination_ipv6_cidr_block": "",
            "destination_prefix_list_id": "",
            "egress_only_gateway_id": "",
            "gateway_id": "",
            "id": "r-rtb-033fce15749fa8cb11080289494",
            "instance_id": "",
            "instance_owner_id": "",
            "local_gateway_id": "",
            "nat_gateway_id": "nat-0ce6b1fedc26fc052",
            "network_interface_id": "",
            "origin": "CreateRoute",
            "route_table_id": "rtb-033fce15749fa8cb1",
            "state": "active",
            "timeouts": {
              "create": "5m",
              "delete": null,
              "update": null
            },
            "transit_gateway_id": "",
            "vpc_endpoint_id": "",
            "vpc_peering_connection_id": ""
          },
          "sensitive_attributes": [],
          "private": "eyJlMmJmYjczMC1lY2FhLTExZTYtOGY4OC0zNDM2M2JjN2M0YzAiOnsiY3JlYXRlIjozMDAwMDAwMDAwMDAsImRlbGV0ZSI6MzAwMDAwMDAwMDAwLCJ1cGRhdGUiOjEyMDAwMDAwMDAwMH19",
          "dependencies": [
            "data.aws_availability_zones.available",
            "module.vpc.aws_eip.nat",
            "module.vpc.aws_internet_gateway.this",
            "module.vpc.aws_nat_gateway.this",
            "module.vpc.aws_route_table.private",
            "module.vpc.aws_subnet.public",
            "module.vpc.aws_vpc.this",
            "module.vpc.aws_vpc_ipv4_cidr_block_association.this"
          ]
        }
      ]
    },
    {
      "module": "module.vpc",
      "mode": "managed",
      "type": "aws_route",
      "name": "public_internet_gateway",
      "provider": "provider[\"registry.terraform.io/hashicorp/aws\"]",
      "instances": [
        {
          "index_key": 0,
          "schema_version": 0,
          "attributes": {
            "carrier_gateway_id": "",
            "core_network_arn": "",
            "destination_cidr_block": "0.0.0.0/0",
            "destination_ipv6_cidr_block": "",
            "destination_prefix_list_id": "",
            "egress_only_gateway_id": "",
            "gateway_id": "igw-01b905c1995b340b6",
            "id": "r-rtb-0f8b9aa5b5a7520d81080289494",
            "instance_id": "",
            "instance_owner_id": "",
            "local_gateway_id": "",
            "nat_gateway_id": "",
            "network_interface_id": "",
            "origin": "CreateRoute",
            "route_table_id": "rtb-0f8b9aa5b5a7520d8",
            "state": "active",
            "timeouts": {
              "create": "5m",
              "delete": null,
              "update": null
            },
            "transit_gateway_id": "",
            "vpc_endpoint_id": "",
            "vpc_peering_connection_id": ""
          },
          "sensitive_attributes": [],
          "private": "eyJlMmJmYjczMC1lY2FhLTExZTYtOGY4OC0zNDM2M2JjN2M0YzAiOnsiY3JlYXRlIjozMDAwMDAwMDAwMDAsImRlbGV0ZSI6MzAwMDAwMDAwMDAwLCJ1cGRhdGUiOjEyMDAwMDAwMDAwMH19",
          "dependencies": [
            "data.aws_availability_zones.available",
            "module.vpc.aws_internet_gateway.this",
            "module.vpc.aws_route_table.public",
            "module.vpc.aws_vpc.this",
            "module.vpc.aws_vpc_ipv4_cidr_block_association.this"
          ]
        }
      ]
    },
    {
      "module": "module.vpc",
      "mode": "managed",
      "type": "aws_route_table",
      "name": "private",
      "provider": "provider[\"registry.terraform.io/hashicorp/aws\"]",
      "instances": [
        {
          "index_key": 0,
          "schema_version": 0,
          "attributes": {
            "arn": "arn:aws:ec2:eu-west-3:337671252064:route-table/rtb-033fce15749fa8cb1",
            "id": "rtb-033fce15749fa8cb1",
            "owner_id": "337671252064",
            "propagating_vgws": [],
            "route": [],
            "tags": {
              "Example": "test",
              "Name": "test",
              "Repository": "337671252064.dkr.ecr.eu-west-3.amazonaws.com/central-service:latest"
            },
            "tags_all": {
              "Example": "test",
              "Name": "test",
              "Repository": "337671252064.dkr.ecr.eu-west-3.amazonaws.com/central-service:latest"
            },
            "timeouts": null,
            "vpc_id": "vpc-0010d4896602f5ae9"
          },
          "sensitive_attributes": [],
          "private": "eyJlMmJmYjczMC1lY2FhLTExZTYtOGY4OC0zNDM2M2JjN2M0YzAiOnsiY3JlYXRlIjozMDAwMDAwMDAwMDAsImRlbGV0ZSI6MzAwMDAwMDAwMDAwLCJ1cGRhdGUiOjEyMDAwMDAwMDAwMH19",
          "dependencies": [
            "data.aws_availability_zones.available",
            "module.vpc.aws_vpc.this",
            "module.vpc.aws_vpc_ipv4_cidr_block_association.this"
          ]
        }
      ]
    },
    {
      "module": "module.vpc",
      "mode": "managed",
      "type": "aws_route_table",
      "name": "public",
      "provider": "provider[\"registry.terraform.io/hashicorp/aws\"]",
      "instances": [
        {
          "index_key": 0,
          "schema_version": 0,
          "attributes": {
            "arn": "arn:aws:ec2:eu-west-3:337671252064:route-table/rtb-0f8b9aa5b5a7520d8",
            "id": "rtb-0f8b9aa5b5a7520d8",
            "owner_id": "337671252064",
            "propagating_vgws": [],
            "route": [],
            "tags": {
              "Example": "test",
              "Name": "test",
              "Repository": "337671252064.dkr.ecr.eu-west-3.amazonaws.com/central-service:latest"
            },
            "tags_all": {
              "Example": "test",
              "Name": "test",
              "Repository": "337671252064.dkr.ecr.eu-west-3.amazonaws.com/central-service:latest"
            },
            "timeouts": null,
            "vpc_id": "vpc-0010d4896602f5ae9"
          },
          "sensitive_attributes": [],
          "private": "eyJlMmJmYjczMC1lY2FhLTExZTYtOGY4OC0zNDM2M2JjN2M0YzAiOnsiY3JlYXRlIjozMDAwMDAwMDAwMDAsImRlbGV0ZSI6MzAwMDAwMDAwMDAwLCJ1cGRhdGUiOjEyMDAwMDAwMDAwMH19",
          "dependencies": [
            "data.aws_availability_zones.available",
            "module.vpc.aws_vpc.this",
            "module.vpc.aws_vpc_ipv4_cidr_block_association.this"
          ]
        }
      ]
    },
    {
      "module": "module.vpc",
      "mode": "managed",
      "type": "aws_route_table_association",
      "name": "private",
      "provider": "provider[\"registry.terraform.io/hashicorp/aws\"]",
      "instances": [
        {
          "index_key": 0,
          "schema_version": 0,
          "attributes": {
            "gateway_id": "",
            "id": "rtbassoc-0827d7f43bcec4855",
            "route_table_id": "rtb-033fce15749fa8cb1",
            "subnet_id": "subnet-08d5a06e69adc276b",
            "timeouts": null
          },
          "sensitive_attributes": [],
          "private": "eyJlMmJmYjczMC1lY2FhLTExZTYtOGY4OC0zNDM2M2JjN2M0YzAiOnsiY3JlYXRlIjozMDAwMDAwMDAwMDAsImRlbGV0ZSI6MzAwMDAwMDAwMDAwLCJ1cGRhdGUiOjEyMDAwMDAwMDAwMH19",
          "dependencies": [
            "data.aws_availability_zones.available",
            "module.vpc.aws_route_table.private",
            "module.vpc.aws_subnet.private",
            "module.vpc.aws_vpc.this",
            "module.vpc.aws_vpc_ipv4_cidr_block_association.this"
          ]
        },
        {
          "index_key": 1,
          "schema_version": 0,
          "attributes": {
            "gateway_id": "",
            "id": "rtbassoc-0dbbb1b86b36981c7",
            "route_table_id": "rtb-033fce15749fa8cb1",
            "subnet_id": "subnet-0f1ef9995d12404a9",
            "timeouts": null
          },
          "sensitive_attributes": [],
          "private": "eyJlMmJmYjczMC1lY2FhLTExZTYtOGY4OC0zNDM2M2JjN2M0YzAiOnsiY3JlYXRlIjozMDAwMDAwMDAwMDAsImRlbGV0ZSI6MzAwMDAwMDAwMDAwLCJ1cGRhdGUiOjEyMDAwMDAwMDAwMH19",
          "dependencies": [
            "data.aws_availability_zones.available",
            "module.vpc.aws_route_table.private",
            "module.vpc.aws_subnet.private",
            "module.vpc.aws_vpc.this",
            "module.vpc.aws_vpc_ipv4_cidr_block_association.this"
          ]
        },
        {
          "index_key": 2,
          "schema_version": 0,
          "attributes": {
            "gateway_id": "",
            "id": "rtbassoc-0b0b8524719d7b60e",
            "route_table_id": "rtb-033fce15749fa8cb1",
            "subnet_id": "subnet-08a35edea2a868ad4",
            "timeouts": null
          },
          "sensitive_attributes": [],
          "private": "eyJlMmJmYjczMC1lY2FhLTExZTYtOGY4OC0zNDM2M2JjN2M0YzAiOnsiY3JlYXRlIjozMDAwMDAwMDAwMDAsImRlbGV0ZSI6MzAwMDAwMDAwMDAwLCJ1cGRhdGUiOjEyMDAwMDAwMDAwMH19",
          "dependencies": [
            "data.aws_availability_zones.available",
            "module.vpc.aws_route_table.private",
            "module.vpc.aws_subnet.private",
            "module.vpc.aws_vpc.this",
            "module.vpc.aws_vpc_ipv4_cidr_block_association.this"
          ]
        }
      ]
    },
    {
      "module": "module.vpc",
      "mode": "managed",
      "type": "aws_route_table_association",
      "name": "public",
      "provider": "provider[\"registry.terraform.io/hashicorp/aws\"]",
      "instances": [
        {
          "index_key": 0,
          "schema_version": 0,
          "attributes": {
            "gateway_id": "",
            "id": "rtbassoc-094cdc8f229aefdb1",
            "route_table_id": "rtb-0f8b9aa5b5a7520d8",
            "subnet_id": "subnet-04fa3044522cea927",
            "timeouts": null
          },
          "sensitive_attributes": [],
          "private": "eyJlMmJmYjczMC1lY2FhLTExZTYtOGY4OC0zNDM2M2JjN2M0YzAiOnsiY3JlYXRlIjozMDAwMDAwMDAwMDAsImRlbGV0ZSI6MzAwMDAwMDAwMDAwLCJ1cGRhdGUiOjEyMDAwMDAwMDAwMH19",
          "dependencies": [
            "data.aws_availability_zones.available",
            "module.vpc.aws_route_table.public",
            "module.vpc.aws_subnet.public",
            "module.vpc.aws_vpc.this",
            "module.vpc.aws_vpc_ipv4_cidr_block_association.this"
          ]
        },
        {
          "index_key": 1,
          "schema_version": 0,
          "attributes": {
            "gateway_id": "",
            "id": "rtbassoc-03032a2ff0df252e3",
            "route_table_id": "rtb-0f8b9aa5b5a7520d8",
            "subnet_id": "subnet-09edf0c272b115ce6",
            "timeouts": null
          },
          "sensitive_attributes": [],
          "private": "eyJlMmJmYjczMC1lY2FhLTExZTYtOGY4OC0zNDM2M2JjN2M0YzAiOnsiY3JlYXRlIjozMDAwMDAwMDAwMDAsImRlbGV0ZSI6MzAwMDAwMDAwMDAwLCJ1cGRhdGUiOjEyMDAwMDAwMDAwMH19",
          "dependencies": [
            "data.aws_availability_zones.available",
            "module.vpc.aws_route_table.public",
            "module.vpc.aws_subnet.public",
            "module.vpc.aws_vpc.this",
            "module.vpc.aws_vpc_ipv4_cidr_block_association.this"
          ]
        },
        {
          "index_key": 2,
          "schema_version": 0,
          "attributes": {
            "gateway_id": "",
            "id": "rtbassoc-0009bcb4d5ba191de",
            "route_table_id": "rtb-0f8b9aa5b5a7520d8",
            "subnet_id": "subnet-0a513f6a38ffc9213",
            "timeouts": null
          },
          "sensitive_attributes": [],
          "private": "eyJlMmJmYjczMC1lY2FhLTExZTYtOGY4OC0zNDM2M2JjN2M0YzAiOnsiY3JlYXRlIjozMDAwMDAwMDAwMDAsImRlbGV0ZSI6MzAwMDAwMDAwMDAwLCJ1cGRhdGUiOjEyMDAwMDAwMDAwMH19",
          "dependencies": [
            "data.aws_availability_zones.available",
            "module.vpc.aws_route_table.public",
            "module.vpc.aws_subnet.public",
            "module.vpc.aws_vpc.this",
            "module.vpc.aws_vpc_ipv4_cidr_block_association.this"
          ]
        }
      ]
    },
    {
      "module": "module.vpc",
      "mode": "managed",
      "type": "aws_subnet",
      "name": "private",
      "provider": "provider[\"registry.terraform.io/hashicorp/aws\"]",
      "instances": [
        {
          "index_key": 0,
          "schema_version": 1,
          "attributes": {
            "arn": "arn:aws:ec2:eu-west-3:337671252064:subnet/subnet-08d5a06e69adc276b",
            "assign_ipv6_address_on_creation": false,
            "availability_zone": "eu-west-3a",
            "availability_zone_id": "euw3-az1",
            "cidr_block": "10.0.0.0/20",
            "customer_owned_ipv4_pool": "",
            "enable_dns64": false,
            "enable_lni_at_device_index": 0,
            "enable_resource_name_dns_a_record_on_launch": false,
            "enable_resource_name_dns_aaaa_record_on_launch": false,
            "id": "subnet-08d5a06e69adc276b",
            "ipv6_cidr_block": "",
            "ipv6_cidr_block_association_id": "",
            "ipv6_native": false,
            "map_customer_owned_ip_on_launch": false,
            "map_public_ip_on_launch": false,
            "outpost_arn": "",
            "owner_id": "337671252064",
            "private_dns_hostname_type_on_launch": "ip-name",
            "tags": {
              "Example": "test",
              "Name": "test",
              "Repository": "337671252064.dkr.ecr.eu-west-3.amazonaws.com/central-service:latest"
            },
            "tags_all": {
              "Example": "test",
              "Name": "test",
              "Repository": "337671252064.dkr.ecr.eu-west-3.amazonaws.com/central-service:latest"
            },
            "timeouts": null,
            "vpc_id": "vpc-0010d4896602f5ae9"
          },
          "sensitive_attributes": [],
          "private": "eyJlMmJmYjczMC1lY2FhLTExZTYtOGY4OC0zNDM2M2JjN2M0YzAiOnsiY3JlYXRlIjo2MDAwMDAwMDAwMDAsImRlbGV0ZSI6MTIwMDAwMDAwMDAwMH0sInNjaGVtYV92ZXJzaW9uIjoiMSJ9",
          "dependencies": [
            "data.aws_availability_zones.available",
            "module.vpc.aws_vpc.this",
            "module.vpc.aws_vpc_ipv4_cidr_block_association.this"
          ]
        },
        {
          "index_key": 1,
          "schema_version": 1,
          "attributes": {
            "arn": "arn:aws:ec2:eu-west-3:337671252064:subnet/subnet-0f1ef9995d12404a9",
            "assign_ipv6_address_on_creation": false,
            "availability_zone": "eu-west-3b",
            "availability_zone_id": "euw3-az2",
            "cidr_block": "10.0.16.0/20",
            "customer_owned_ipv4_pool": "",
            "enable_dns64": false,
            "enable_lni_at_device_index": 0,
            "enable_resource_name_dns_a_record_on_launch": false,
            "enable_resource_name_dns_aaaa_record_on_launch": false,
            "id": "subnet-0f1ef9995d12404a9",
            "ipv6_cidr_block": "",
            "ipv6_cidr_block_association_id": "",
            "ipv6_native": false,
            "map_customer_owned_ip_on_launch": false,
            "map_public_ip_on_launch": false,
            "outpost_arn": "",
            "owner_id": "337671252064",
            "private_dns_hostname_type_on_launch": "ip-name",
            "tags": {
              "Example": "test",
              "Name": "test",
              "Repository": "337671252064.dkr.ecr.eu-west-3.amazonaws.com/central-service:latest"
            },
            "tags_all": {
              "Example": "test",
              "Name": "test",
              "Repository": "337671252064.dkr.ecr.eu-west-3.amazonaws.com/central-service:latest"
            },
            "timeouts": null,
            "vpc_id": "vpc-0010d4896602f5ae9"
          },
          "sensitive_attributes": [],
          "private": "eyJlMmJmYjczMC1lY2FhLTExZTYtOGY4OC0zNDM2M2JjN2M0YzAiOnsiY3JlYXRlIjo2MDAwMDAwMDAwMDAsImRlbGV0ZSI6MTIwMDAwMDAwMDAwMH0sInNjaGVtYV92ZXJzaW9uIjoiMSJ9",
          "dependencies": [
            "data.aws_availability_zones.available",
            "module.vpc.aws_vpc.this",
            "module.vpc.aws_vpc_ipv4_cidr_block_association.this"
          ]
        },
        {
          "index_key": 2,
          "schema_version": 1,
          "attributes": {
            "arn": "arn:aws:ec2:eu-west-3:337671252064:subnet/subnet-08a35edea2a868ad4",
            "assign_ipv6_address_on_creation": false,
            "availability_zone": "eu-west-3c",
            "availability_zone_id": "euw3-az3",
            "cidr_block": "10.0.32.0/20",
            "customer_owned_ipv4_pool": "",
            "enable_dns64": false,
            "enable_lni_at_device_index": 0,
            "enable_resource_name_dns_a_record_on_launch": false,
            "enable_resource_name_dns_aaaa_record_on_launch": false,
            "id": "subnet-08a35edea2a868ad4",
            "ipv6_cidr_block": "",
            "ipv6_cidr_block_association_id": "",
            "ipv6_native": false,
            "map_customer_owned_ip_on_launch": false,
            "map_public_ip_on_launch": false,
            "outpost_arn": "",
            "owner_id": "337671252064",
            "private_dns_hostname_type_on_launch": "ip-name",
            "tags": {
              "Example": "test",
              "Name": "test",
              "Repository": "337671252064.dkr.ecr.eu-west-3.amazonaws.com/central-service:latest"
            },
            "tags_all": {
              "Example": "test",
              "Name": "test",
              "Repository": "337671252064.dkr.ecr.eu-west-3.amazonaws.com/central-service:latest"
            },
            "timeouts": null,
            "vpc_id": "vpc-0010d4896602f5ae9"
          },
          "sensitive_attributes": [],
          "private": "eyJlMmJmYjczMC1lY2FhLTExZTYtOGY4OC0zNDM2M2JjN2M0YzAiOnsiY3JlYXRlIjo2MDAwMDAwMDAwMDAsImRlbGV0ZSI6MTIwMDAwMDAwMDAwMH0sInNjaGVtYV92ZXJzaW9uIjoiMSJ9",
          "dependencies": [
            "data.aws_availability_zones.available",
            "module.vpc.aws_vpc.this",
            "module.vpc.aws_vpc_ipv4_cidr_block_association.this"
          ]
        }
      ]
    },
    {
      "module": "module.vpc",
      "mode": "managed",
      "type": "aws_subnet",
      "name": "public",
      "provider": "provider[\"registry.terraform.io/hashicorp/aws\"]",
      "instances": [
        {
          "index_key": 0,
          "schema_version": 1,
          "attributes": {
            "arn": "arn:aws:ec2:eu-west-3:337671252064:subnet/subnet-04fa3044522cea927",
            "assign_ipv6_address_on_creation": false,
            "availability_zone": "eu-west-3a",
            "availability_zone_id": "euw3-az1",
            "cidr_block": "10.0.48.0/24",
            "customer_owned_ipv4_pool": "",
            "enable_dns64": false,
            "enable_lni_at_device_index": 0,
            "enable_resource_name_dns_a_record_on_launch": false,
            "enable_resource_name_dns_aaaa_record_on_launch": false,
            "id": "subnet-04fa3044522cea927",
            "ipv6_cidr_block": "",
            "ipv6_cidr_block_association_id": "",
            "ipv6_native": false,
            "map_customer_owned_ip_on_launch": false,
            "map_public_ip_on_launch": false,
            "outpost_arn": "",
            "owner_id": "337671252064",
            "private_dns_hostname_type_on_launch": "ip-name",
            "tags": {
              "Example": "test",
              "Name": "test",
              "Repository": "337671252064.dkr.ecr.eu-west-3.amazonaws.com/central-service:latest"
            },
            "tags_all": {
              "Example": "test",
              "Name": "test",
              "Repository": "337671252064.dkr.ecr.eu-west-3.amazonaws.com/central-service:latest"
            },
            "timeouts": null,
            "vpc_id": "vpc-0010d4896602f5ae9"
          },
          "sensitive_attributes": [],
          "private": "eyJlMmJmYjczMC1lY2FhLTExZTYtOGY4OC0zNDM2M2JjN2M0YzAiOnsiY3JlYXRlIjo2MDAwMDAwMDAwMDAsImRlbGV0ZSI6MTIwMDAwMDAwMDAwMH0sInNjaGVtYV92ZXJzaW9uIjoiMSJ9",
          "dependencies": [
            "data.aws_availability_zones.available",
            "module.vpc.aws_vpc.this",
            "module.vpc.aws_vpc_ipv4_cidr_block_association.this"
          ],
          "create_before_destroy": true
        },
        {
          "index_key": 1,
          "schema_version": 1,
          "attributes": {
            "arn": "arn:aws:ec2:eu-west-3:337671252064:subnet/subnet-09edf0c272b115ce6",
            "assign_ipv6_address_on_creation": false,
            "availability_zone": "eu-west-3b",
            "availability_zone_id": "euw3-az2",
            "cidr_block": "10.0.49.0/24",
            "customer_owned_ipv4_pool": "",
            "enable_dns64": false,
            "enable_lni_at_device_index": 0,
            "enable_resource_name_dns_a_record_on_launch": false,
            "enable_resource_name_dns_aaaa_record_on_launch": false,
            "id": "subnet-09edf0c272b115ce6",
            "ipv6_cidr_block": "",
            "ipv6_cidr_block_association_id": "",
            "ipv6_native": false,
            "map_customer_owned_ip_on_launch": false,
            "map_public_ip_on_launch": false,
            "outpost_arn": "",
            "owner_id": "337671252064",
            "private_dns_hostname_type_on_launch": "ip-name",
            "tags": {
              "Example": "test",
              "Name": "test",
              "Repository": "337671252064.dkr.ecr.eu-west-3.amazonaws.com/central-service:latest"
            },
            "tags_all": {
              "Example": "test",
              "Name": "test",
              "Repository": "337671252064.dkr.ecr.eu-west-3.amazonaws.com/central-service:latest"
            },
            "timeouts": null,
            "vpc_id": "vpc-0010d4896602f5ae9"
          },
          "sensitive_attributes": [],
          "private": "eyJlMmJmYjczMC1lY2FhLTExZTYtOGY4OC0zNDM2M2JjN2M0YzAiOnsiY3JlYXRlIjo2MDAwMDAwMDAwMDAsImRlbGV0ZSI6MTIwMDAwMDAwMDAwMH0sInNjaGVtYV92ZXJzaW9uIjoiMSJ9",
          "dependencies": [
            "data.aws_availability_zones.available",
            "module.vpc.aws_vpc.this",
            "module.vpc.aws_vpc_ipv4_cidr_block_association.this"
          ],
          "create_before_destroy": true
        },
        {
          "index_key": 2,
          "schema_version": 1,
          "attributes": {
            "arn": "arn:aws:ec2:eu-west-3:337671252064:subnet/subnet-0a513f6a38ffc9213",
            "assign_ipv6_address_on_creation": false,
            "availability_zone": "eu-west-3c",
            "availability_zone_id": "euw3-az3",
            "cidr_block": "10.0.50.0/24",
            "customer_owned_ipv4_pool": "",
            "enable_dns64": false,
            "enable_lni_at_device_index": 0,
            "enable_resource_name_dns_a_record_on_launch": false,
            "enable_resource_name_dns_aaaa_record_on_launch": false,
            "id": "subnet-0a513f6a38ffc9213",
            "ipv6_cidr_block": "",
            "ipv6_cidr_block_association_id": "",
            "ipv6_native": false,
            "map_customer_owned_ip_on_launch": false,
            "map_public_ip_on_launch": false,
            "outpost_arn": "",
            "owner_id": "337671252064",
            "private_dns_hostname_type_on_launch": "ip-name",
            "tags": {
              "Example": "test",
              "Name": "test",
              "Repository": "337671252064.dkr.ecr.eu-west-3.amazonaws.com/central-service:latest"
            },
            "tags_all": {
              "Example": "test",
              "Name": "test",
              "Repository": "337671252064.dkr.ecr.eu-west-3.amazonaws.com/central-service:latest"
            },
            "timeouts": null,
            "vpc_id": "vpc-0010d4896602f5ae9"
          },
          "sensitive_attributes": [],
          "private": "eyJlMmJmYjczMC1lY2FhLTExZTYtOGY4OC0zNDM2M2JjN2M0YzAiOnsiY3JlYXRlIjo2MDAwMDAwMDAwMDAsImRlbGV0ZSI6MTIwMDAwMDAwMDAwMH0sInNjaGVtYV92ZXJzaW9uIjoiMSJ9",
          "dependencies": [
            "data.aws_availability_zones.available",
            "module.vpc.aws_vpc.this",
            "module.vpc.aws_vpc_ipv4_cidr_block_association.this"
          ],
          "create_before_destroy": true
        }
      ]
    },
    {
      "module": "module.vpc",
      "mode": "managed",
      "type": "aws_vpc",
      "name": "this",
      "provider": "provider[\"registry.terraform.io/hashicorp/aws\"]",
      "instances": [
        {
          "index_key": 0,
          "schema_version": 1,
          "attributes": {
            "arn": "arn:aws:ec2:eu-west-3:337671252064:vpc/vpc-0010d4896602f5ae9",
            "assign_generated_ipv6_cidr_block": false,
            "cidr_block": "10.0.0.0/16",
            "default_network_acl_id": "acl-0683b43b3476c9df7",
            "default_route_table_id": "rtb-0c5389df6c94e75d0",
            "default_security_group_id": "sg-06de52c905320bd83",
            "dhcp_options_id": "dopt-f78a659f",
            "enable_dns_hostnames": true,
            "enable_dns_support": true,
            "enable_network_address_usage_metrics": false,
            "id": "vpc-0010d4896602f5ae9",
            "instance_tenancy": "default",
            "ipv4_ipam_pool_id": null,
            "ipv4_netmask_length": null,
            "ipv6_association_id": "",
            "ipv6_cidr_block": "",
            "ipv6_cidr_block_network_border_group": "",
            "ipv6_ipam_pool_id": "",
            "ipv6_netmask_length": 0,
            "main_route_table_id": "rtb-0c5389df6c94e75d0",
            "owner_id": "337671252064",
            "tags": {
              "Example": "test",
              "Name": "test",
              "Repository": "337671252064.dkr.ecr.eu-west-3.amazonaws.com/central-service:latest"
            },
            "tags_all": {
              "Example": "test",
              "Name": "test",
              "Repository": "337671252064.dkr.ecr.eu-west-3.amazonaws.com/central-service:latest"
            }
          },
          "sensitive_attributes": [],
          "private": "eyJzY2hlbWFfdmVyc2lvbiI6IjEifQ==",
          "create_before_destroy": true
        }
      ]
    }
  ],
  "check_results": null
}
